{
  "version": 4,
  "terraform_version": "1.7.0",
  "serial": 262,
  "lineage": "2a84a8f7-229e-bb88-7060-be7f5dcc39fa",
  "outputs": {
    "access_commands": {
      "value": "# Port-forward Grafana:\r\nkubectl port-forward -n monitoring svc/monitoring-grafana 3000:80\r\n# Open: http://localhost:3000 (admin/prom-operator)\r\n    \r\n# Port-forward Prometheus:\r\nkubectl port-forward -n monitoring svc/monitoring-kube-prometheus-prometheus 9090:9090\r\n# Open: http://localhost:9090\r\n    \r\n# Port-forward Alertmanager:\r\nkubectl port-forward -n monitoring svc/monitoring-kube-prometheus-alertmanager 9093:9093\r\n# Open: http://localhost:9093\r\n\r\n# Port-forward Tempo (Tracing):\r\nkubectl port-forward -n tracing svc/tempo 3100:3100\r\n# Open: http://localhost:3100\r\n# View traces in Grafana -\u003e Explore -\u003e Tempo datasource\r\n    \r\n# Port-forward MongoDB:\r\nkubectl port-forward -n mongodb svc/mongodb-sharded 27017:27017\r\n# Connect: mongosh mongodb://root:\u003cpassword\u003e@localhost:27017\r\n\r\n# Port-forward Kafka UI:\r\nkubectl port-forward -n kafka svc/kafka-ui 8080:8080\r\n# Open: http://localhost:8080\r\n\r\n# Test Kafka connection:\r\nkubectl run kafka-client --rm -ti --image=bitnami/kafka:latest -- bash\r\n# Then: kafka-console-producer.sh --bootstrap-server kafka.kafka.svc.cluster.local:9092 ...\r\n\r\n# Test Redis connection:\r\nkubectl run redis-client --rm -ti --image=bitnami/redis-cluster:latest -- bash\r\n# Then: redis-cli -c -h redis-cluster.redis.svc.cluster.local -a \u003cpassword\u003e\r\n",
      "type": "string"
    },
    "argocd_access_info": {
      "value": "To access ArgoCD:\r\n1. Get the NodePort:\r\n   kubectl get svc -n argocd argocd-server -o jsonpath='{.spec.ports[0].nodePort}'\r\n\r\n2. Get Minikube IP:\r\n   minikube ip\r\n\r\n3. Access ArgoCD at: http://\u003cminikube-ip\u003e:\u003cnode-port\u003e\r\n\r\nOr use port forwarding:\r\n   kubectl port-forward -n argocd svc/argocd-server 8080:80\r\n   Then access at: http://localhost:8080\r\n\r\nLogin credentials:\r\n   Username: admin\r\n   Password: \u003cyour-argocd-admin-password\u003e\r\n\r\nOr via CLI:\r\n   argocd login \u003cargocd-url\u003e\r\n   argocd app list\r\n",
      "type": "string"
    },
    "argocd_namespace": {
      "value": "argocd",
      "type": "string"
    },
    "argocd_service_name": {
      "value": "argocd-server",
      "type": "string"
    },
    "argocd_url": {
      "value": "http://argocd-server.argocd.svc.cluster.local",
      "type": "string"
    },
    "istio": {
      "value": {
        "mesh_config": {
          "injection_label": "istio-injection=enabled",
          "kong_excluded": true,
          "monitoring_namespace": "monitoring",
          "namespace": "dev"
        },
        "mtls_status": {
          "enabled": true,
          "mode": "STRICT"
        },
        "namespace": "istio-system"
      },
      "type": [
        "object",
        {
          "mesh_config": [
            "object",
            {
              "injection_label": "string",
              "kong_excluded": "bool",
              "monitoring_namespace": "string",
              "namespace": "string"
            }
          ],
          "mtls_status": [
            "object",
            {
              "enabled": "bool",
              "mode": "string"
            }
          ],
          "namespace": "string"
        }
      ]
    },
    "jenkins_access_info": {
      "value": "To access Jenkins:\r\n1. Get the NodePort:\r\n   kubectl get svc -n jenkins jenkins-jenkins -o jsonpath='{.spec.ports[0].nodePort}'\r\n\r\n2. Get Minikube IP:\r\n   minikube ip\r\n\r\n3. Access Jenkins at: http://\u003cminikube-ip\u003e:\u003cnode-port\u003e\r\n\r\nOr use port forwarding:\r\n   kubectl port-forward -n jenkins svc/jenkins-jenkins 8080:80\r\n   Then access at: http://localhost:8080\r\n\r\nLogin credentials:\r\n   Username: admin\r\n   Password: \u003cyour-jenkins-password\u003e\r\n",
      "type": "string"
    },
    "jenkins_namespace": {
      "value": "jenkins",
      "type": "string"
    },
    "jenkins_service_name": {
      "value": "jenkins-jenkins",
      "type": "string"
    },
    "jenkins_url": {
      "value": "http://jenkins-jenkins.jenkins.svc.cluster.local",
      "type": "string"
    },
    "kafka": {
      "value": {
        "bootstrap_servers": "kafka.kafka.svc.cluster.local:9092",
        "kafka_ui_url": "http://kafka-ui.kafka.svc.cluster.local:8080",
        "namespace": "kafka",
        "sasl_username": "kafka-user"
      },
      "type": [
        "object",
        {
          "bootstrap_servers": "string",
          "kafka_ui_url": "string",
          "namespace": "string",
          "sasl_username": "string"
        }
      ]
    },
    "kafka_connection": {
      "value": {
        "bootstrap_servers": "kafka.kafka.svc.cluster.local:9092",
        "sasl_mechanism": "SCRAM-SHA-256",
        "sasl_username": "kafka-user",
        "security_protocol": "SASL_PLAINTEXT"
      },
      "type": [
        "object",
        {
          "bootstrap_servers": "string",
          "sasl_mechanism": "string",
          "sasl_username": "string",
          "security_protocol": "string"
        }
      ]
    },
    "logging": {
      "value": {
        "loki_url": "http://logging-loki.logging.svc.cluster.local:3100",
        "namespace": "logging"
      },
      "type": [
        "object",
        {
          "loki_url": "string",
          "namespace": "string"
        }
      ]
    },
    "mongodb_task_service": {
      "value": {
        "namespace": "mongodb-task",
        "service_host": "task-mongodb.mongodb-task.svc.cluster.local",
        "service_port": 27017
      },
      "type": [
        "object",
        {
          "namespace": "string",
          "service_host": "string",
          "service_port": "number"
        }
      ]
    },
    "mongodb_task_service_connection_string": {
      "value": "mongodb://root:MongoDB@Root2024Secure!@task-mongodb.mongodb-task.svc.cluster.local:27017/?authSource=admin",
      "type": "string",
      "sensitive": true
    },
    "mongodb_user_service": {
      "value": {
        "namespace": "mongodb-user",
        "service_host": "user-mongodb.mongodb-user.svc.cluster.local",
        "service_port": 27017
      },
      "type": [
        "object",
        {
          "namespace": "string",
          "service_host": "string",
          "service_port": "number"
        }
      ]
    },
    "mongodb_user_service_connection_string": {
      "value": "mongodb://root:MongoDB@Root2024Secure!@user-mongodb.mongodb-user.svc.cluster.local:27017/?authSource=admin",
      "type": "string",
      "sensitive": true
    },
    "monitoring": {
      "value": {
        "alertmanager_url": "http://monitoring-kube-prometheus-alertmanager.monitoring.svc.cluster.local:9093",
        "grafana_url": "http://monitoring-grafana.monitoring.svc.cluster.local:80",
        "namespace": "monitoring",
        "prometheus_url": "http://monitoring-kube-prometheus-prometheus.monitoring.svc.cluster.local:9090"
      },
      "type": [
        "object",
        {
          "alertmanager_url": "string",
          "grafana_url": "string",
          "namespace": "string",
          "prometheus_url": "string"
        }
      ]
    },
    "redis": {
      "value": {
        "connection_string": "redis-cluster-master.redis.svc.cluster.local:6379",
        "namespace": "redis",
        "nodes": 6,
        "replicas": 1
      },
      "type": [
        "object",
        {
          "connection_string": "string",
          "namespace": "string",
          "nodes": "number",
          "replicas": "number"
        }
      ]
    },
    "redis_connection": {
      "value": {
        "host": "redis-cluster-master.redis.svc.cluster.local",
        "nodes": 6,
        "port": 6379,
        "replicas": 1
      },
      "type": [
        "object",
        {
          "host": "string",
          "nodes": "number",
          "port": "number",
          "replicas": "number"
        }
      ]
    },
    "tracing": {
      "value": {
        "kong_plugin_name": "global-opentelemetry-tracing",
        "namespace": "tracing",
        "otel_collector_grpc_endpoint": "http://otel-collector.tracing.svc.cluster.local:4317",
        "otel_collector_http_endpoint": "http://otel-collector.tracing.svc.cluster.local:4318",
        "tempo_endpoint": "tempo.tracing.svc.cluster.local",
        "tempo_query_url": "http://tempo.tracing.svc.cluster.local:3100"
      },
      "type": [
        "object",
        {
          "kong_plugin_name": "string",
          "namespace": "string",
          "otel_collector_grpc_endpoint": "string",
          "otel_collector_http_endpoint": "string",
          "tempo_endpoint": "string",
          "tempo_query_url": "string"
        }
      ]
    },
    "tracing_service_env_vars": {
      "value": {
        "OTEL_EXPORTER_OTLP_ENDPOINT": "http://otel-collector.tracing.svc.cluster.local:4317",
        "OTEL_TRACES_SAMPLER": "always_on",
        "OTEL_TRACES_SAMPLER_ARG": "1"
      },
      "type": [
        "map",
        "string"
      ]
    }
  },
  "resources": [
    {
      "module": "module.istio[0]",
      "mode": "managed",
      "type": "helm_release",
      "name": "istio_base",
      "provider": "provider[\"registry.terraform.io/hashicorp/helm\"]",
      "instances": [
        {
          "index_key": 0,
          "schema_version": 1,
          "attributes": {
            "atomic": false,
            "chart": "base",
            "cleanup_on_fail": false,
            "create_namespace": false,
            "dependency_update": false,
            "description": null,
            "devel": null,
            "disable_crd_hooks": false,
            "disable_openapi_validation": false,
            "disable_webhooks": false,
            "force_update": false,
            "id": "istio-base",
            "keyring": null,
            "lint": false,
            "manifest": null,
            "max_history": 0,
            "metadata": [
              {
                "app_version": "1.22.0",
                "chart": "base",
                "first_deployed": 1767539240,
                "last_deployed": 1767539240,
                "name": "istio-base",
                "namespace": "istio-system",
                "notes": "Istio base successfully installed!\n\nTo learn more about the release, try:\n  $ helm status istio-base -n istio-system\n  $ helm get all istio-base -n istio-system\n",
                "revision": 1,
                "values": "{}",
                "version": "1.22.0"
              }
            ],
            "name": "istio-base",
            "namespace": "istio-system",
            "pass_credentials": false,
            "postrender": [],
            "recreate_pods": false,
            "render_subchart_notes": true,
            "replace": false,
            "repository": "https://istio-release.storage.googleapis.com/charts",
            "repository_ca_file": null,
            "repository_cert_file": null,
            "repository_key_file": null,
            "repository_password": null,
            "repository_username": null,
            "reset_values": false,
            "reuse_values": false,
            "set": [],
            "set_list": [],
            "set_sensitive": [],
            "skip_crds": false,
            "status": "deployed",
            "timeout": 300,
            "upgrade_install": null,
            "values": null,
            "verify": false,
            "version": "1.22.0",
            "wait": true,
            "wait_for_jobs": false
          },
          "sensitive_attributes": [],
          "private": "eyJzY2hlbWFfdmVyc2lvbiI6IjEifQ==",
          "dependencies": [
            "module.istio.kubernetes_namespace.istio_system",
            "module.monitoring.data.kubernetes_service.alertmanager",
            "module.monitoring.data.kubernetes_service.grafana",
            "module.monitoring.data.kubernetes_service.prometheus",
            "module.monitoring.helm_release.kube_prometheus_stack",
            "module.monitoring.kubernetes_namespace.monitoring"
          ]
        }
      ]
    },
    {
      "module": "module.istio[0]",
      "mode": "managed",
      "type": "helm_release",
      "name": "istiod",
      "provider": "provider[\"registry.terraform.io/hashicorp/helm\"]",
      "instances": [
        {
          "index_key": 0,
          "schema_version": 1,
          "attributes": {
            "atomic": false,
            "chart": "istiod",
            "cleanup_on_fail": false,
            "create_namespace": false,
            "dependency_update": false,
            "description": null,
            "devel": null,
            "disable_crd_hooks": false,
            "disable_openapi_validation": false,
            "disable_webhooks": false,
            "force_update": false,
            "id": "istiod",
            "keyring": null,
            "lint": false,
            "manifest": null,
            "max_history": 0,
            "metadata": [
              {
                "app_version": "1.22.0",
                "chart": "istiod",
                "first_deployed": 1767539332,
                "last_deployed": 1767539332,
                "name": "istiod",
                "namespace": "istio-system",
                "notes": "\"istiod\" successfully installed!\n\nTo learn more about the release, try:\n  $ helm status istiod -n istio-system\n  $ helm get all istiod -n istio-system\n\nNext steps:\n  * Deploy a Gateway: https://istio.io/latest/docs/setup/additional-setup/gateway/\n  * Try out our tasks to get started on common configurations:\n    * https://istio.io/latest/docs/tasks/traffic-management\n    * https://istio.io/latest/docs/tasks/security/\n    * https://istio.io/latest/docs/tasks/policy-enforcement/\n  * Review the list of actively supported releases, CVE publications and our hardening guide:\n    * https://istio.io/latest/docs/releases/supported-releases/\n    * https://istio.io/latest/news/security/\n    * https://istio.io/latest/docs/ops/best-practices/security/\n\nFor further documentation see https://istio.io website\n",
                "revision": 1,
                "values": "{\"global\":{\"proxy\":{\"componentLogLevel\":\"misc:error\",\"logLevel\":\"warning\",\"resources\":{\"limits\":{\"cpu\":\"100m\",\"memory\":\"128Mi\"},\"requests\":{\"cpu\":\"10m\",\"memory\":\"40Mi\"}},\"tracer\":\"zipkin\"},\"proxy_init\":{\"resources\":{\"limits\":{\"cpu\":\"100m\",\"memory\":\"50Mi\"},\"requests\":{\"cpu\":\"10m\",\"memory\":\"10Mi\"}}}},\"meshConfig\":{\"accessLogFile\":\"/dev/stdout\",\"accessLogFormat\":\"[%START_TIME%] \\\"%REQ(:METHOD)% %REQ(X-ENVOY-ORIGINAL-PATH?:PATH)% %PROTOCOL%\\\" %RESPONSE_CODE% %RESPONSE_FLAGS% %BYTES_RECEIVED% %BYTES_SENT% %DURATION% %RESP(X-ENVOY-UPSTREAM-SERVICE-TIME)% \\\"%REQ(X-FORWARDED-FOR)%\\\" \\\"%REQ(USER-AGENT)%\\\" \\\"%REQ(X-REQUEST-ID)%\\\" \\\"%REQ(:AUTHORITY)%\\\" \\\"%UPSTREAM_HOST%\\\"\\n\",\"defaultConfig\":{\"holdApplicationUntilProxyStarts\":true,\"tracing\":{\"sampling\":100,\"zipkin\":{\"address\":\"zipkin.istio-system:9411\"}}},\"enableAutoMtls\":true,\"protocolDetectionTimeout\":\"100ms\"},\"pilot\":{\"autoscaleEnabled\":true,\"autoscaleMax\":3,\"autoscaleMin\":1,\"replicaCount\":1,\"resources\":{\"limits\":{\"cpu\":\"300m\",\"memory\":\"384Mi\"},\"requests\":{\"cpu\":\"100m\",\"memory\":\"128Mi\"}},\"traceSampling\":100},\"telemetry\":{\"enabled\":true,\"v2\":{\"enabled\":true,\"prometheus\":{\"enabled\":true}}}}",
                "version": "1.22.0"
              }
            ],
            "name": "istiod",
            "namespace": "istio-system",
            "pass_credentials": false,
            "postrender": [],
            "recreate_pods": false,
            "render_subchart_notes": true,
            "replace": false,
            "repository": "https://istio-release.storage.googleapis.com/charts",
            "repository_ca_file": null,
            "repository_cert_file": null,
            "repository_key_file": null,
            "repository_password": null,
            "repository_username": null,
            "reset_values": false,
            "reuse_values": false,
            "set": [],
            "set_list": [],
            "set_sensitive": [],
            "skip_crds": false,
            "status": "deployed",
            "timeout": 600,
            "upgrade_install": null,
            "values": [
              "# =============================================================================\r\n# Istiod Helm Values Template\r\n# =============================================================================\r\n# This file is rendered by Terraform templatefile() function\r\n# =============================================================================\r\n\r\n# -----------------------------------------------------------------------------\r\n# Pilot (Istiod) Configuration\r\n# -----------------------------------------------------------------------------\r\npilot:\r\n  # Resources\r\n  resources:\r\n    requests:\r\n      cpu: \"100m\"\r\n      memory: \"128Mi\"\r\n    limits:\r\n      cpu: \"300m\"\r\n      memory: \"384Mi\"\r\n  \r\n  # Autoscaling\r\n  autoscaleEnabled: true\r\n  autoscaleMin: 1\r\n  autoscaleMax: 3\r\n  \r\n  # Enable status port for readiness\r\n  replicaCount: 1\r\n  \r\n  # Tracing\r\n  traceSampling: 100\r\n\r\n# -----------------------------------------------------------------------------\r\n# Global Mesh Configuration\r\n# -----------------------------------------------------------------------------\r\nglobal:\r\n  # Proxy (Envoy sidecar) defaults\r\n  proxy:\r\n    resources:\r\n      requests:\r\n        cpu: \"10m\"\r\n        memory: \"40Mi\"\r\n      limits:\r\n        cpu: \"100m\"\r\n        memory: \"128Mi\"\r\n    \r\n    # Logging\r\n    logLevel: warning\r\n    componentLogLevel: \"misc:error\"\r\n    \r\n    # Tracing\r\n    tracer: \"zipkin\"\r\n  \r\n  # Proxy init container\r\n  proxy_init:\r\n    resources:\r\n      limits:\r\n        cpu: 100m\r\n        memory: 50Mi\r\n      requests:\r\n        cpu: 10m\r\n        memory: 10Mi\r\n\r\n# -----------------------------------------------------------------------------\r\n# Mesh Configuration\r\n# -----------------------------------------------------------------------------\r\nmeshConfig:\r\n  # Access logging\r\n  accessLogFile: \"/dev/stdout\"\r\n  accessLogFormat: |\r\n    [%START_TIME%] \"%REQ(:METHOD)% %REQ(X-ENVOY-ORIGINAL-PATH?:PATH)% %PROTOCOL%\" %RESPONSE_CODE% %RESPONSE_FLAGS% %BYTES_RECEIVED% %BYTES_SENT% %DURATION% %RESP(X-ENVOY-UPSTREAM-SERVICE-TIME)% \"%REQ(X-FORWARDED-FOR)%\" \"%REQ(USER-AGENT)%\" \"%REQ(X-REQUEST-ID)%\" \"%REQ(:AUTHORITY)%\" \"%UPSTREAM_HOST%\"\r\n  \r\n  # Default config for sidecars\r\n  defaultConfig:\r\n    # Tracing\r\n    tracing:\r\n      sampling: 100\r\n      zipkin:\r\n        address: zipkin.istio-system:9411\r\n    \r\n    # Hold application start until proxy is ready\r\n    holdApplicationUntilProxyStarts: true\r\n  \r\n  # Enable auto mTLS\r\n  enableAutoMtls: true\r\n  \r\n  # Protocol detection timeout\r\n  protocolDetectionTimeout: 100ms\r\n\r\n# -----------------------------------------------------------------------------\r\n# Telemetry Configuration\r\n# -----------------------------------------------------------------------------\r\ntelemetry:\r\n  enabled: true\r\n  v2:\r\n    enabled: true\r\n    prometheus:\r\n      enabled: true\r\n"
            ],
            "verify": false,
            "version": "1.22.0",
            "wait": true,
            "wait_for_jobs": false
          },
          "sensitive_attributes": [],
          "private": "eyJzY2hlbWFfdmVyc2lvbiI6IjEifQ==",
          "dependencies": [
            "module.istio.helm_release.istio_base",
            "module.istio.kubernetes_namespace.istio_system",
            "module.monitoring.data.kubernetes_service.alertmanager",
            "module.monitoring.data.kubernetes_service.grafana",
            "module.monitoring.data.kubernetes_service.prometheus",
            "module.monitoring.helm_release.kube_prometheus_stack",
            "module.monitoring.kubernetes_namespace.monitoring"
          ]
        }
      ]
    },
    {
      "module": "module.istio[0]",
      "mode": "managed",
      "type": "kubectl_manifest",
      "name": "authorization_policy",
      "provider": "provider[\"registry.terraform.io/gavinbunney/kubectl\"]",
      "instances": [
        {
          "index_key": 0,
          "schema_version": 1,
          "attributes": {
            "api_version": "security.istio.io/v1beta1",
            "apply_only": false,
            "force_conflicts": false,
            "force_new": false,
            "id": "/apis/security.istio.io/v1beta1/namespaces/dev/authorizationpolicys/allow-mesh",
            "ignore_fields": null,
            "kind": "AuthorizationPolicy",
            "live_manifest_incluster": "c6c91310f5a70aebeb4ed323a5bb6bb35287c58a1b14cb36cd7bdc3d76b62ec1",
            "live_uid": "c0566652-45f8-4c4d-b420-d1070179b2f0",
            "name": "allow-mesh",
            "namespace": "dev",
            "override_namespace": null,
            "sensitive_fields": null,
            "server_side_apply": false,
            "timeouts": null,
            "uid": "c0566652-45f8-4c4d-b420-d1070179b2f0",
            "validate_schema": true,
            "wait": null,
            "wait_for_rollout": true,
            "yaml_body": "apiVersion: security.istio.io/v1beta1\r\nkind: AuthorizationPolicy\r\nmetadata:\r\n  name: allow-mesh\r\n  namespace: dev\r\nspec:\r\n  action: ALLOW\r\n  rules:\r\n    # Allow traffic from within the mesh\r\n    - from:\r\n        - source:\r\n            principals: [\"cluster.local/ns/dev/sa/*\"]\r\n    # Allow traffic from Kong gateway\r\n    - from:\r\n        - source:\r\n            namespaces: [\"kong\"]\r\n    # Allow traffic from Istio ingress gateway\r\n    - from:\r\n        - source:\r\n            namespaces: [\"istio-system\"]\r\n",
            "yaml_body_parsed": "apiVersion: security.istio.io/v1beta1\nkind: AuthorizationPolicy\nmetadata:\n  name: allow-mesh\n  namespace: dev\nspec:\n  action: ALLOW\n  rules:\n  - from:\n    - source:\n        principals:\n        - cluster.local/ns/dev/sa/*\n  - from:\n    - source:\n        namespaces:\n        - kong\n  - from:\n    - source:\n        namespaces:\n        - istio-system\n",
            "yaml_incluster": "c6c91310f5a70aebeb4ed323a5bb6bb35287c58a1b14cb36cd7bdc3d76b62ec1"
          },
          "sensitive_attributes": [],
          "private": "eyJlMmJmYjczMC1lY2FhLTExZTYtOGY4OC0zNDM2M2JjN2M0YzAiOnsiY3JlYXRlIjo2MDAwMDAwMDAwMDB9LCJzY2hlbWFfdmVyc2lvbiI6IjEifQ==",
          "dependencies": [
            "module.istio.helm_release.istio_base",
            "module.istio.helm_release.istiod",
            "module.istio.kubernetes_namespace.istio_system",
            "module.monitoring.data.kubernetes_service.alertmanager",
            "module.monitoring.data.kubernetes_service.grafana",
            "module.monitoring.data.kubernetes_service.prometheus",
            "module.monitoring.helm_release.kube_prometheus_stack",
            "module.monitoring.kubernetes_namespace.monitoring"
          ]
        }
      ]
    },
    {
      "module": "module.istio[0]",
      "mode": "managed",
      "type": "kubectl_manifest",
      "name": "destination_rules",
      "provider": "provider[\"registry.terraform.io/gavinbunney/kubectl\"]",
      "instances": [
        {
          "index_key": "task-service",
          "schema_version": 1,
          "attributes": {
            "api_version": "networking.istio.io/v1beta1",
            "apply_only": false,
            "force_conflicts": false,
            "force_new": false,
            "id": "/apis/networking.istio.io/v1beta1/namespaces/dev/destinationrules/task-service",
            "ignore_fields": null,
            "kind": "DestinationRule",
            "live_manifest_incluster": "576488b560fa04eb2cd9ede24cb9a951516d36c752da658942a8346a1a46d939",
            "live_uid": "9657b3fd-d9b2-4ba8-bf2c-0212fa93101d",
            "name": "task-service",
            "namespace": "dev",
            "override_namespace": null,
            "sensitive_fields": null,
            "server_side_apply": false,
            "timeouts": null,
            "uid": "9657b3fd-d9b2-4ba8-bf2c-0212fa93101d",
            "validate_schema": true,
            "wait": null,
            "wait_for_rollout": true,
            "yaml_body": "apiVersion: networking.istio.io/v1beta1\r\nkind: DestinationRule\r\nmetadata:\r\n  name: task-service\r\n  namespace: dev\r\nspec:\r\n  host: task-service.dev.svc.cluster.local\r\n  trafficPolicy:\r\n    # mTLS\r\n    tls:\r\n      mode: ISTIO_MUTUAL\r\n    \r\n    # Connection Pool\r\n    connectionPool:\r\n      tcp:\r\n        maxConnections: 100\r\n        connectTimeout: 10s\r\n      http:\r\n        h2UpgradePolicy: UPGRADE\r\n        http1MaxPendingRequests: 100\r\n        http2MaxRequests: 1000\r\n        maxRequestsPerConnection: 10\r\n        maxRetries: 3\r\n    \r\n    # Circuit Breaker (Outlier Detection)\r\n    outlierDetection:\r\n      consecutive5xxErrors: 5\r\n      interval: 30s\r\n      baseEjectionTime: 30s\r\n      maxEjectionPercent: 100\r\n  \r\n  # Subsets for versioned deployments\r\n  subsets:\r\n    - name: v1\r\n      labels:\r\n        version: v1\r\n",
            "yaml_body_parsed": "apiVersion: networking.istio.io/v1beta1\nkind: DestinationRule\nmetadata:\n  name: task-service\n  namespace: dev\nspec:\n  host: task-service.dev.svc.cluster.local\n  subsets:\n  - labels:\n      version: v1\n    name: v1\n  trafficPolicy:\n    connectionPool:\n      http:\n        h2UpgradePolicy: UPGRADE\n        http1MaxPendingRequests: 100\n        http2MaxRequests: 1000\n        maxRequestsPerConnection: 10\n        maxRetries: 3\n      tcp:\n        connectTimeout: 10s\n        maxConnections: 100\n    outlierDetection:\n      baseEjectionTime: 30s\n      consecutive5xxErrors: 5\n      interval: 30s\n      maxEjectionPercent: 100\n    tls:\n      mode: ISTIO_MUTUAL\n",
            "yaml_incluster": "576488b560fa04eb2cd9ede24cb9a951516d36c752da658942a8346a1a46d939"
          },
          "sensitive_attributes": [],
          "private": "eyJlMmJmYjczMC1lY2FhLTExZTYtOGY4OC0zNDM2M2JjN2M0YzAiOnsiY3JlYXRlIjo2MDAwMDAwMDAwMDB9LCJzY2hlbWFfdmVyc2lvbiI6IjEifQ==",
          "dependencies": [
            "module.istio.helm_release.istio_base",
            "module.istio.helm_release.istiod",
            "module.istio.kubernetes_namespace.istio_system",
            "module.monitoring.data.kubernetes_service.alertmanager",
            "module.monitoring.data.kubernetes_service.grafana",
            "module.monitoring.data.kubernetes_service.prometheus",
            "module.monitoring.helm_release.kube_prometheus_stack",
            "module.monitoring.kubernetes_namespace.monitoring"
          ]
        },
        {
          "index_key": "user-service",
          "schema_version": 1,
          "attributes": {
            "api_version": "networking.istio.io/v1beta1",
            "apply_only": false,
            "force_conflicts": false,
            "force_new": false,
            "id": "/apis/networking.istio.io/v1beta1/namespaces/dev/destinationrules/user-service",
            "ignore_fields": null,
            "kind": "DestinationRule",
            "live_manifest_incluster": "64dfd0d851b3bd7f3660d2709e0b324deb31f8378e343eee3cd44cc4c791245e",
            "live_uid": "404380e5-884b-4aef-9d2e-f730dcd07fcd",
            "name": "user-service",
            "namespace": "dev",
            "override_namespace": null,
            "sensitive_fields": null,
            "server_side_apply": false,
            "timeouts": null,
            "uid": "404380e5-884b-4aef-9d2e-f730dcd07fcd",
            "validate_schema": true,
            "wait": null,
            "wait_for_rollout": true,
            "yaml_body": "apiVersion: networking.istio.io/v1beta1\r\nkind: DestinationRule\r\nmetadata:\r\n  name: user-service\r\n  namespace: dev\r\nspec:\r\n  host: user-service.dev.svc.cluster.local\r\n  trafficPolicy:\r\n    # mTLS\r\n    tls:\r\n      mode: ISTIO_MUTUAL\r\n    \r\n    # Connection Pool\r\n    connectionPool:\r\n      tcp:\r\n        maxConnections: 100\r\n        connectTimeout: 10s\r\n      http:\r\n        h2UpgradePolicy: UPGRADE\r\n        http1MaxPendingRequests: 100\r\n        http2MaxRequests: 1000\r\n        maxRequestsPerConnection: 10\r\n        maxRetries: 3\r\n    \r\n    # Circuit Breaker (Outlier Detection)\r\n    outlierDetection:\r\n      consecutive5xxErrors: 5\r\n      interval: 30s\r\n      baseEjectionTime: 30s\r\n      maxEjectionPercent: 100\r\n  \r\n  # Subsets for versioned deployments\r\n  subsets:\r\n    - name: v1\r\n      labels:\r\n        version: v1\r\n",
            "yaml_body_parsed": "apiVersion: networking.istio.io/v1beta1\nkind: DestinationRule\nmetadata:\n  name: user-service\n  namespace: dev\nspec:\n  host: user-service.dev.svc.cluster.local\n  subsets:\n  - labels:\n      version: v1\n    name: v1\n  trafficPolicy:\n    connectionPool:\n      http:\n        h2UpgradePolicy: UPGRADE\n        http1MaxPendingRequests: 100\n        http2MaxRequests: 1000\n        maxRequestsPerConnection: 10\n        maxRetries: 3\n      tcp:\n        connectTimeout: 10s\n        maxConnections: 100\n    outlierDetection:\n      baseEjectionTime: 30s\n      consecutive5xxErrors: 5\n      interval: 30s\n      maxEjectionPercent: 100\n    tls:\n      mode: ISTIO_MUTUAL\n",
            "yaml_incluster": "64dfd0d851b3bd7f3660d2709e0b324deb31f8378e343eee3cd44cc4c791245e"
          },
          "sensitive_attributes": [],
          "private": "eyJlMmJmYjczMC1lY2FhLTExZTYtOGY4OC0zNDM2M2JjN2M0YzAiOnsiY3JlYXRlIjo2MDAwMDAwMDAwMDB9LCJzY2hlbWFfdmVyc2lvbiI6IjEifQ==",
          "dependencies": [
            "module.istio.helm_release.istio_base",
            "module.istio.helm_release.istiod",
            "module.istio.kubernetes_namespace.istio_system",
            "module.monitoring.data.kubernetes_service.alertmanager",
            "module.monitoring.data.kubernetes_service.grafana",
            "module.monitoring.data.kubernetes_service.prometheus",
            "module.monitoring.helm_release.kube_prometheus_stack",
            "module.monitoring.kubernetes_namespace.monitoring"
          ]
        }
      ]
    },
    {
      "module": "module.istio[0]",
      "mode": "managed",
      "type": "kubectl_manifest",
      "name": "envoy_podmonitor",
      "provider": "provider[\"registry.terraform.io/gavinbunney/kubectl\"]",
      "instances": [
        {
          "index_key": 0,
          "schema_version": 1,
          "attributes": {
            "api_version": "monitoring.coreos.com/v1",
            "apply_only": false,
            "force_conflicts": false,
            "force_new": false,
            "id": "/apis/monitoring.coreos.com/v1/namespaces/monitoring/podmonitors/envoy-stats",
            "ignore_fields": null,
            "kind": "PodMonitor",
            "live_manifest_incluster": "29b13ced559036e784251cb2c66d688beb5fcc5f47049a3e2650619e2481cde3",
            "live_uid": "599967df-bfe3-4074-8509-9d4f4d667062",
            "name": "envoy-stats",
            "namespace": "monitoring",
            "override_namespace": null,
            "sensitive_fields": null,
            "server_side_apply": false,
            "timeouts": null,
            "uid": "599967df-bfe3-4074-8509-9d4f4d667062",
            "validate_schema": true,
            "wait": null,
            "wait_for_rollout": true,
            "yaml_body": "apiVersion: monitoring.coreos.com/v1\r\nkind: PodMonitor\r\nmetadata:\r\n  name: envoy-stats\r\n  namespace: monitoring\r\n  labels:\r\n    release: monitoring\r\nspec:\r\n  namespaceSelector:\r\n    matchNames:\r\n      - dev\r\n  selector:\r\n    matchExpressions:\r\n      - key: security.istio.io/tlsMode\r\n        operator: Exists\r\n  podMetricsEndpoints:\r\n    - port: http-envoy-prom\r\n      path: /stats/prometheus\r\n      interval: 15s\r\n      relabelings:\r\n        - action: keep\r\n          sourceLabels: [__meta_kubernetes_pod_container_name]\r\n          regex: \"istio-proxy\"\r\n        - action: replace\r\n          sourceLabels: [__meta_kubernetes_namespace]\r\n          targetLabel: namespace\r\n        - action: replace\r\n          sourceLabels: [__meta_kubernetes_pod_name]\r\n          targetLabel: pod\r\n        - action: replace\r\n          sourceLabels: [__meta_kubernetes_pod_label_app]\r\n          targetLabel: app\r\n",
            "yaml_body_parsed": "apiVersion: monitoring.coreos.com/v1\nkind: PodMonitor\nmetadata:\n  labels:\n    release: monitoring\n  name: envoy-stats\n  namespace: monitoring\nspec:\n  namespaceSelector:\n    matchNames:\n    - dev\n  podMetricsEndpoints:\n  - interval: 15s\n    path: /stats/prometheus\n    port: http-envoy-prom\n    relabelings:\n    - action: keep\n      regex: istio-proxy\n      sourceLabels:\n      - __meta_kubernetes_pod_container_name\n    - action: replace\n      sourceLabels:\n      - __meta_kubernetes_namespace\n      targetLabel: namespace\n    - action: replace\n      sourceLabels:\n      - __meta_kubernetes_pod_name\n      targetLabel: pod\n    - action: replace\n      sourceLabels:\n      - __meta_kubernetes_pod_label_app\n      targetLabel: app\n  selector:\n    matchExpressions:\n    - key: security.istio.io/tlsMode\n      operator: Exists\n",
            "yaml_incluster": "29b13ced559036e784251cb2c66d688beb5fcc5f47049a3e2650619e2481cde3"
          },
          "sensitive_attributes": [],
          "private": "eyJlMmJmYjczMC1lY2FhLTExZTYtOGY4OC0zNDM2M2JjN2M0YzAiOnsiY3JlYXRlIjo2MDAwMDAwMDAwMDB9LCJzY2hlbWFfdmVyc2lvbiI6IjEifQ==",
          "dependencies": [
            "module.istio.helm_release.istio_base",
            "module.istio.helm_release.istiod",
            "module.istio.kubernetes_namespace.istio_system",
            "module.monitoring.data.kubernetes_service.alertmanager",
            "module.monitoring.data.kubernetes_service.grafana",
            "module.monitoring.data.kubernetes_service.prometheus",
            "module.monitoring.helm_release.kube_prometheus_stack",
            "module.monitoring.kubernetes_namespace.monitoring"
          ]
        }
      ]
    },
    {
      "module": "module.istio[0]",
      "mode": "managed",
      "type": "kubectl_manifest",
      "name": "istiod_servicemonitor",
      "provider": "provider[\"registry.terraform.io/gavinbunney/kubectl\"]",
      "instances": [
        {
          "index_key": 0,
          "schema_version": 1,
          "attributes": {
            "api_version": "monitoring.coreos.com/v1",
            "apply_only": false,
            "force_conflicts": false,
            "force_new": false,
            "id": "/apis/monitoring.coreos.com/v1/namespaces/monitoring/servicemonitors/istiod",
            "ignore_fields": null,
            "kind": "ServiceMonitor",
            "live_manifest_incluster": "55ea868b8eb70c37cb34e26a3a1f25373ee884be50abfa482baef1228b163474",
            "live_uid": "0399dea3-34c6-4c3f-9238-85fda7d9ea8c",
            "name": "istiod",
            "namespace": "monitoring",
            "override_namespace": null,
            "sensitive_fields": null,
            "server_side_apply": false,
            "timeouts": null,
            "uid": "0399dea3-34c6-4c3f-9238-85fda7d9ea8c",
            "validate_schema": true,
            "wait": null,
            "wait_for_rollout": true,
            "yaml_body": "apiVersion: monitoring.coreos.com/v1\r\nkind: ServiceMonitor\r\nmetadata:\r\n  name: istiod\r\n  namespace: monitoring\r\n  labels:\r\n    release: monitoring\r\nspec:\r\n  namespaceSelector:\r\n    matchNames:\r\n      - istio-system\r\n  selector:\r\n    matchLabels:\r\n      app: istiod\r\n  endpoints:\r\n    - port: http-monitoring\r\n      interval: 15s\r\n      path: /metrics\r\n",
            "yaml_body_parsed": "apiVersion: monitoring.coreos.com/v1\nkind: ServiceMonitor\nmetadata:\n  labels:\n    release: monitoring\n  name: istiod\n  namespace: monitoring\nspec:\n  endpoints:\n  - interval: 15s\n    path: /metrics\n    port: http-monitoring\n  namespaceSelector:\n    matchNames:\n    - istio-system\n  selector:\n    matchLabels:\n      app: istiod\n",
            "yaml_incluster": "55ea868b8eb70c37cb34e26a3a1f25373ee884be50abfa482baef1228b163474"
          },
          "sensitive_attributes": [],
          "private": "eyJlMmJmYjczMC1lY2FhLTExZTYtOGY4OC0zNDM2M2JjN2M0YzAiOnsiY3JlYXRlIjo2MDAwMDAwMDAwMDB9LCJzY2hlbWFfdmVyc2lvbiI6IjEifQ==",
          "dependencies": [
            "module.istio.helm_release.istio_base",
            "module.istio.helm_release.istiod",
            "module.istio.kubernetes_namespace.istio_system",
            "module.monitoring.data.kubernetes_service.alertmanager",
            "module.monitoring.data.kubernetes_service.grafana",
            "module.monitoring.data.kubernetes_service.prometheus",
            "module.monitoring.helm_release.kube_prometheus_stack",
            "module.monitoring.kubernetes_namespace.monitoring"
          ]
        }
      ]
    },
    {
      "module": "module.istio[0]",
      "mode": "managed",
      "type": "kubectl_manifest",
      "name": "peer_authentication",
      "provider": "provider[\"registry.terraform.io/gavinbunney/kubectl\"]",
      "instances": [
        {
          "index_key": 0,
          "schema_version": 1,
          "attributes": {
            "api_version": "security.istio.io/v1beta1",
            "apply_only": false,
            "force_conflicts": false,
            "force_new": false,
            "id": "/apis/security.istio.io/v1beta1/namespaces/dev/peerauthentications/default",
            "ignore_fields": null,
            "kind": "PeerAuthentication",
            "live_manifest_incluster": "347319f7c908f43d6c8fd30fb4bcccea0ddca809c71537ecf301ddcf80238b96",
            "live_uid": "2197cca3-d3c1-4f5c-9a44-e2b233518814",
            "name": "default",
            "namespace": "dev",
            "override_namespace": null,
            "sensitive_fields": null,
            "server_side_apply": false,
            "timeouts": null,
            "uid": "2197cca3-d3c1-4f5c-9a44-e2b233518814",
            "validate_schema": true,
            "wait": null,
            "wait_for_rollout": true,
            "yaml_body": "apiVersion: security.istio.io/v1beta1\r\nkind: PeerAuthentication\r\nmetadata:\r\n  name: default\r\n  namespace: dev\r\nspec:\r\n  mtls:\r\n    mode: STRICT\r\n",
            "yaml_body_parsed": "apiVersion: security.istio.io/v1beta1\nkind: PeerAuthentication\nmetadata:\n  name: default\n  namespace: dev\nspec:\n  mtls:\n    mode: STRICT\n",
            "yaml_incluster": "347319f7c908f43d6c8fd30fb4bcccea0ddca809c71537ecf301ddcf80238b96"
          },
          "sensitive_attributes": [],
          "private": "eyJlMmJmYjczMC1lY2FhLTExZTYtOGY4OC0zNDM2M2JjN2M0YzAiOnsiY3JlYXRlIjo2MDAwMDAwMDAwMDB9LCJzY2hlbWFfdmVyc2lvbiI6IjEifQ==",
          "dependencies": [
            "module.istio.helm_release.istio_base",
            "module.istio.helm_release.istiod",
            "module.istio.kubernetes_namespace.istio_system",
            "module.monitoring.data.kubernetes_service.alertmanager",
            "module.monitoring.data.kubernetes_service.grafana",
            "module.monitoring.data.kubernetes_service.prometheus",
            "module.monitoring.helm_release.kube_prometheus_stack",
            "module.monitoring.kubernetes_namespace.monitoring"
          ]
        }
      ]
    },
    {
      "module": "module.istio[0]",
      "mode": "managed",
      "type": "kubectl_manifest",
      "name": "peer_authentication_mesh",
      "provider": "provider[\"registry.terraform.io/gavinbunney/kubectl\"]",
      "instances": [
        {
          "index_key": 0,
          "schema_version": 1,
          "attributes": {
            "api_version": "security.istio.io/v1beta1",
            "apply_only": false,
            "force_conflicts": false,
            "force_new": false,
            "id": "/apis/security.istio.io/v1beta1/namespaces/istio-system/peerauthentications/default",
            "ignore_fields": null,
            "kind": "PeerAuthentication",
            "live_manifest_incluster": "db55ee8bd8f29c6d0f455189119039780fa55c2831631a1bc98489652f6200c5",
            "live_uid": "090d001b-a16d-48be-b1f1-aa3d26effe25",
            "name": "default",
            "namespace": "istio-system",
            "override_namespace": null,
            "sensitive_fields": null,
            "server_side_apply": false,
            "timeouts": null,
            "uid": "090d001b-a16d-48be-b1f1-aa3d26effe25",
            "validate_schema": true,
            "wait": null,
            "wait_for_rollout": true,
            "yaml_body": "apiVersion: security.istio.io/v1beta1\r\nkind: PeerAuthentication\r\nmetadata:\r\n  name: default\r\n  namespace: istio-system\r\nspec:\r\n  mtls:\r\n    mode: STRICT\r\n",
            "yaml_body_parsed": "apiVersion: security.istio.io/v1beta1\nkind: PeerAuthentication\nmetadata:\n  name: default\n  namespace: istio-system\nspec:\n  mtls:\n    mode: STRICT\n",
            "yaml_incluster": "db55ee8bd8f29c6d0f455189119039780fa55c2831631a1bc98489652f6200c5"
          },
          "sensitive_attributes": [],
          "private": "eyJlMmJmYjczMC1lY2FhLTExZTYtOGY4OC0zNDM2M2JjN2M0YzAiOnsiY3JlYXRlIjo2MDAwMDAwMDAwMDB9LCJzY2hlbWFfdmVyc2lvbiI6IjEifQ==",
          "dependencies": [
            "module.istio.helm_release.istio_base",
            "module.istio.helm_release.istiod",
            "module.istio.kubernetes_namespace.istio_system",
            "module.monitoring.data.kubernetes_service.alertmanager",
            "module.monitoring.data.kubernetes_service.grafana",
            "module.monitoring.data.kubernetes_service.prometheus",
            "module.monitoring.helm_release.kube_prometheus_stack",
            "module.monitoring.kubernetes_namespace.monitoring"
          ]
        }
      ]
    },
    {
      "module": "module.istio[0]",
      "mode": "managed",
      "type": "kubectl_manifest",
      "name": "virtual_services",
      "provider": "provider[\"registry.terraform.io/gavinbunney/kubectl\"]",
      "instances": [
        {
          "index_key": "task-service",
          "schema_version": 1,
          "attributes": {
            "api_version": "networking.istio.io/v1beta1",
            "apply_only": false,
            "force_conflicts": false,
            "force_new": false,
            "id": "/apis/networking.istio.io/v1beta1/namespaces/dev/virtualservices/task-service",
            "ignore_fields": null,
            "kind": "VirtualService",
            "live_manifest_incluster": "a60932bd7df647fee7e7d56bec4198daf244d00f57d1b01c361fb08c7a15fd1a",
            "live_uid": "dd91f1bf-69c3-4812-9215-e23008786aa9",
            "name": "task-service",
            "namespace": "dev",
            "override_namespace": null,
            "sensitive_fields": null,
            "server_side_apply": false,
            "timeouts": null,
            "uid": "dd91f1bf-69c3-4812-9215-e23008786aa9",
            "validate_schema": true,
            "wait": null,
            "wait_for_rollout": true,
            "yaml_body": "apiVersion: networking.istio.io/v1beta1\r\nkind: VirtualService\r\nmetadata:\r\n  name: task-service\r\n  namespace: dev\r\nspec:\r\n  hosts:\r\n    - task-service.dev.svc.cluster.local\r\n  \r\n  # HTTP Routes\r\n  http:\r\n    - name: \"task-service-http\"\r\n      match:\r\n        - port: 8080\r\n      timeout: 10s\r\n      retries:\r\n        attempts: 3\r\n        perTryTimeout: 3s\r\n        retryOn: gateway-error,connect-failure,refused-stream,unavailable,cancelled,retriable-4xx\r\n      route:\r\n        - destination:\r\n            host: task-service.dev.svc.cluster.local\r\n            subset: v1\r\n            port:\r\n              number: 8080\r\n          weight: 100\r\n  \r\n  # gRPC Routes\r\n    - name: \"task-service-grpc\"\r\n      match:\r\n        - port: 9090\r\n      timeout: 10s\r\n      retries:\r\n        attempts: 3\r\n        perTryTimeout: 3s\r\n        retryOn: gateway-error,connect-failure,refused-stream,unavailable,cancelled,retriable-4xx\r\n      route:\r\n        - destination:\r\n            host: task-service.dev.svc.cluster.local\r\n            subset: v1\r\n            port:\r\n              number: 9090\r\n          weight: 100\r\n",
            "yaml_body_parsed": "apiVersion: networking.istio.io/v1beta1\nkind: VirtualService\nmetadata:\n  name: task-service\n  namespace: dev\nspec:\n  hosts:\n  - task-service.dev.svc.cluster.local\n  http:\n  - match:\n    - port: 8080\n    name: task-service-http\n    retries:\n      attempts: 3\n      perTryTimeout: 3s\n      retryOn: gateway-error,connect-failure,refused-stream,unavailable,cancelled,retriable-4xx\n    route:\n    - destination:\n        host: task-service.dev.svc.cluster.local\n        port:\n          number: 8080\n        subset: v1\n      weight: 100\n    timeout: 10s\n  - match:\n    - port: 9090\n    name: task-service-grpc\n    retries:\n      attempts: 3\n      perTryTimeout: 3s\n      retryOn: gateway-error,connect-failure,refused-stream,unavailable,cancelled,retriable-4xx\n    route:\n    - destination:\n        host: task-service.dev.svc.cluster.local\n        port:\n          number: 9090\n        subset: v1\n      weight: 100\n    timeout: 10s\n",
            "yaml_incluster": "a60932bd7df647fee7e7d56bec4198daf244d00f57d1b01c361fb08c7a15fd1a"
          },
          "sensitive_attributes": [],
          "private": "eyJlMmJmYjczMC1lY2FhLTExZTYtOGY4OC0zNDM2M2JjN2M0YzAiOnsiY3JlYXRlIjo2MDAwMDAwMDAwMDB9LCJzY2hlbWFfdmVyc2lvbiI6IjEifQ==",
          "dependencies": [
            "module.istio.helm_release.istio_base",
            "module.istio.helm_release.istiod",
            "module.istio.kubectl_manifest.destination_rules",
            "module.istio.kubernetes_namespace.istio_system",
            "module.monitoring.data.kubernetes_service.alertmanager",
            "module.monitoring.data.kubernetes_service.grafana",
            "module.monitoring.data.kubernetes_service.prometheus",
            "module.monitoring.helm_release.kube_prometheus_stack",
            "module.monitoring.kubernetes_namespace.monitoring"
          ]
        },
        {
          "index_key": "user-service",
          "schema_version": 1,
          "attributes": {
            "api_version": "networking.istio.io/v1beta1",
            "apply_only": false,
            "force_conflicts": false,
            "force_new": false,
            "id": "/apis/networking.istio.io/v1beta1/namespaces/dev/virtualservices/user-service",
            "ignore_fields": null,
            "kind": "VirtualService",
            "live_manifest_incluster": "984d7faac3a3feea40a0f4d75b09eecbe89bb3acc5e554366c1604f90a5bbbd0",
            "live_uid": "4406dbc8-73be-425a-a26c-f907b97fe494",
            "name": "user-service",
            "namespace": "dev",
            "override_namespace": null,
            "sensitive_fields": null,
            "server_side_apply": false,
            "timeouts": null,
            "uid": "4406dbc8-73be-425a-a26c-f907b97fe494",
            "validate_schema": true,
            "wait": null,
            "wait_for_rollout": true,
            "yaml_body": "apiVersion: networking.istio.io/v1beta1\r\nkind: VirtualService\r\nmetadata:\r\n  name: user-service\r\n  namespace: dev\r\nspec:\r\n  hosts:\r\n    - user-service.dev.svc.cluster.local\r\n  \r\n  # HTTP Routes\r\n  http:\r\n    - name: \"user-service-http\"\r\n      match:\r\n        - port: 3000\r\n      timeout: 10s\r\n      retries:\r\n        attempts: 3\r\n        perTryTimeout: 3s\r\n        retryOn: gateway-error,connect-failure,refused-stream,unavailable,cancelled,retriable-4xx\r\n      route:\r\n        - destination:\r\n            host: user-service.dev.svc.cluster.local\r\n            subset: v1\r\n            port:\r\n              number: 3000\r\n          weight: 100\r\n  \r\n  # gRPC Routes\r\n    - name: \"user-service-grpc\"\r\n      match:\r\n        - port: 9090\r\n      timeout: 10s\r\n      retries:\r\n        attempts: 3\r\n        perTryTimeout: 3s\r\n        retryOn: gateway-error,connect-failure,refused-stream,unavailable,cancelled,retriable-4xx\r\n      route:\r\n        - destination:\r\n            host: user-service.dev.svc.cluster.local\r\n            subset: v1\r\n            port:\r\n              number: 9090\r\n          weight: 100\r\n",
            "yaml_body_parsed": "apiVersion: networking.istio.io/v1beta1\nkind: VirtualService\nmetadata:\n  name: user-service\n  namespace: dev\nspec:\n  hosts:\n  - user-service.dev.svc.cluster.local\n  http:\n  - match:\n    - port: 3000\n    name: user-service-http\n    retries:\n      attempts: 3\n      perTryTimeout: 3s\n      retryOn: gateway-error,connect-failure,refused-stream,unavailable,cancelled,retriable-4xx\n    route:\n    - destination:\n        host: user-service.dev.svc.cluster.local\n        port:\n          number: 3000\n        subset: v1\n      weight: 100\n    timeout: 10s\n  - match:\n    - port: 9090\n    name: user-service-grpc\n    retries:\n      attempts: 3\n      perTryTimeout: 3s\n      retryOn: gateway-error,connect-failure,refused-stream,unavailable,cancelled,retriable-4xx\n    route:\n    - destination:\n        host: user-service.dev.svc.cluster.local\n        port:\n          number: 9090\n        subset: v1\n      weight: 100\n    timeout: 10s\n",
            "yaml_incluster": "984d7faac3a3feea40a0f4d75b09eecbe89bb3acc5e554366c1604f90a5bbbd0"
          },
          "sensitive_attributes": [],
          "private": "eyJlMmJmYjczMC1lY2FhLTExZTYtOGY4OC0zNDM2M2JjN2M0YzAiOnsiY3JlYXRlIjo2MDAwMDAwMDAwMDB9LCJzY2hlbWFfdmVyc2lvbiI6IjEifQ==",
          "dependencies": [
            "module.istio.helm_release.istio_base",
            "module.istio.helm_release.istiod",
            "module.istio.kubectl_manifest.destination_rules",
            "module.istio.kubernetes_namespace.istio_system",
            "module.monitoring.data.kubernetes_service.alertmanager",
            "module.monitoring.data.kubernetes_service.grafana",
            "module.monitoring.data.kubernetes_service.prometheus",
            "module.monitoring.helm_release.kube_prometheus_stack",
            "module.monitoring.kubernetes_namespace.monitoring"
          ]
        }
      ]
    },
    {
      "module": "module.istio[0]",
      "mode": "managed",
      "type": "kubernetes_config_map",
      "name": "istio_mesh_dashboard",
      "provider": "provider[\"registry.terraform.io/hashicorp/kubernetes\"]",
      "instances": [
        {
          "index_key": 0,
          "schema_version": 0,
          "attributes": {
            "binary_data": {},
            "data": {
              "istio-mesh-dashboard.json": "{\r\n  \"annotations\": {\r\n    \"list\": []\r\n  },\r\n  \"editable\": true,\r\n  \"fiscalYearStartMonth\": 0,\r\n  \"graphTooltip\": 0,\r\n  \"id\": null,\r\n  \"links\": [],\r\n  \"liveNow\": false,\r\n  \"panels\": [\r\n    {\r\n      \"datasource\": {\r\n        \"type\": \"prometheus\",\r\n        \"uid\": \"${datasource}\"\r\n      },\r\n      \"fieldConfig\": {\r\n        \"defaults\": {\r\n          \"color\": {\r\n            \"mode\": \"palette-classic\"\r\n          },\r\n          \"custom\": {\r\n            \"axisCenteredZero\": false,\r\n            \"axisColorMode\": \"text\",\r\n            \"axisLabel\": \"\",\r\n            \"axisPlacement\": \"auto\",\r\n            \"barAlignment\": 0,\r\n            \"drawStyle\": \"line\",\r\n            \"fillOpacity\": 10,\r\n            \"gradientMode\": \"none\",\r\n            \"hideFrom\": {\r\n              \"legend\": false,\r\n              \"tooltip\": false,\r\n              \"viz\": false\r\n            },\r\n            \"lineInterpolation\": \"linear\",\r\n            \"lineWidth\": 1,\r\n            \"pointSize\": 5,\r\n            \"scaleDistribution\": {\r\n              \"type\": \"linear\"\r\n            },\r\n            \"showPoints\": \"never\",\r\n            \"spanNulls\": true,\r\n            \"stacking\": {\r\n              \"group\": \"A\",\r\n              \"mode\": \"none\"\r\n            },\r\n            \"thresholdsStyle\": {\r\n              \"mode\": \"off\"\r\n            }\r\n          },\r\n          \"mappings\": [],\r\n          \"thresholds\": {\r\n            \"mode\": \"absolute\",\r\n            \"steps\": [\r\n              {\r\n                \"color\": \"green\",\r\n                \"value\": null\r\n              }\r\n            ]\r\n          },\r\n          \"unit\": \"reqps\"\r\n        },\r\n        \"overrides\": []\r\n      },\r\n      \"gridPos\": {\r\n        \"h\": 8,\r\n        \"w\": 12,\r\n        \"x\": 0,\r\n        \"y\": 0\r\n      },\r\n      \"id\": 1,\r\n      \"options\": {\r\n        \"legend\": {\r\n          \"calcs\": [\"mean\", \"lastNotNull\"],\r\n          \"displayMode\": \"table\",\r\n          \"placement\": \"bottom\",\r\n          \"showLegend\": true\r\n        },\r\n        \"tooltip\": {\r\n          \"mode\": \"multi\",\r\n          \"sort\": \"none\"\r\n        }\r\n      },\r\n      \"pluginVersion\": \"9.5.0\",\r\n      \"targets\": [\r\n        {\r\n          \"datasource\": {\r\n            \"type\": \"prometheus\",\r\n            \"uid\": \"${datasource}\"\r\n          },\r\n          \"editorMode\": \"code\",\r\n          \"expr\": \"sum(rate(istio_requests_total{reporter=\\\"source\\\"}[5m])) by (destination_service_name)\",\r\n          \"legendFormat\": \"{{destination_service_name}}\",\r\n          \"range\": true,\r\n          \"refId\": \"A\"\r\n        }\r\n      ],\r\n      \"title\": \"Request Rate by Service\",\r\n      \"type\": \"timeseries\"\r\n    },\r\n    {\r\n      \"datasource\": {\r\n        \"type\": \"prometheus\",\r\n        \"uid\": \"${datasource}\"\r\n      },\r\n      \"fieldConfig\": {\r\n        \"defaults\": {\r\n          \"color\": {\r\n            \"mode\": \"palette-classic\"\r\n          },\r\n          \"custom\": {\r\n            \"axisCenteredZero\": false,\r\n            \"axisColorMode\": \"text\",\r\n            \"axisLabel\": \"\",\r\n            \"axisPlacement\": \"auto\",\r\n            \"barAlignment\": 0,\r\n            \"drawStyle\": \"line\",\r\n            \"fillOpacity\": 10,\r\n            \"gradientMode\": \"none\",\r\n            \"hideFrom\": {\r\n              \"legend\": false,\r\n              \"tooltip\": false,\r\n              \"viz\": false\r\n            },\r\n            \"lineInterpolation\": \"linear\",\r\n            \"lineWidth\": 1,\r\n            \"pointSize\": 5,\r\n            \"scaleDistribution\": {\r\n              \"type\": \"linear\"\r\n            },\r\n            \"showPoints\": \"never\",\r\n            \"spanNulls\": true,\r\n            \"stacking\": {\r\n              \"group\": \"A\",\r\n              \"mode\": \"none\"\r\n            },\r\n            \"thresholdsStyle\": {\r\n              \"mode\": \"off\"\r\n            }\r\n          },\r\n          \"mappings\": [],\r\n          \"thresholds\": {\r\n            \"mode\": \"absolute\",\r\n            \"steps\": [\r\n              {\r\n                \"color\": \"green\",\r\n                \"value\": null\r\n              }\r\n            ]\r\n          },\r\n          \"unit\": \"percentunit\"\r\n        },\r\n        \"overrides\": []\r\n      },\r\n      \"gridPos\": {\r\n        \"h\": 8,\r\n        \"w\": 12,\r\n        \"x\": 12,\r\n        \"y\": 0\r\n      },\r\n      \"id\": 2,\r\n      \"options\": {\r\n        \"legend\": {\r\n          \"calcs\": [\"mean\", \"lastNotNull\"],\r\n          \"displayMode\": \"table\",\r\n          \"placement\": \"bottom\",\r\n          \"showLegend\": true\r\n        },\r\n        \"tooltip\": {\r\n          \"mode\": \"multi\",\r\n          \"sort\": \"none\"\r\n        }\r\n      },\r\n      \"pluginVersion\": \"9.5.0\",\r\n      \"targets\": [\r\n        {\r\n          \"datasource\": {\r\n            \"type\": \"prometheus\",\r\n            \"uid\": \"${datasource}\"\r\n          },\r\n          \"editorMode\": \"code\",\r\n          \"expr\": \"sum(rate(istio_requests_total{reporter=\\\"source\\\", response_code=~\\\"5.*\\\"}[5m])) by (destination_service_name) / sum(rate(istio_requests_total{reporter=\\\"source\\\"}[5m])) by (destination_service_name)\",\r\n          \"legendFormat\": \"{{destination_service_name}}\",\r\n          \"range\": true,\r\n          \"refId\": \"A\"\r\n        }\r\n      ],\r\n      \"title\": \"Error Rate by Service\",\r\n      \"type\": \"timeseries\"\r\n    },\r\n    {\r\n      \"datasource\": {\r\n        \"type\": \"prometheus\",\r\n        \"uid\": \"${datasource}\"\r\n      },\r\n      \"fieldConfig\": {\r\n        \"defaults\": {\r\n          \"color\": {\r\n            \"mode\": \"palette-classic\"\r\n          },\r\n          \"custom\": {\r\n            \"axisCenteredZero\": false,\r\n            \"axisColorMode\": \"text\",\r\n            \"axisLabel\": \"\",\r\n            \"axisPlacement\": \"auto\",\r\n            \"barAlignment\": 0,\r\n            \"drawStyle\": \"line\",\r\n            \"fillOpacity\": 10,\r\n            \"gradientMode\": \"none\",\r\n            \"hideFrom\": {\r\n              \"legend\": false,\r\n              \"tooltip\": false,\r\n              \"viz\": false\r\n            },\r\n            \"lineInterpolation\": \"linear\",\r\n            \"lineWidth\": 1,\r\n            \"pointSize\": 5,\r\n            \"scaleDistribution\": {\r\n              \"type\": \"linear\"\r\n            },\r\n            \"showPoints\": \"never\",\r\n            \"spanNulls\": true,\r\n            \"stacking\": {\r\n              \"group\": \"A\",\r\n              \"mode\": \"none\"\r\n            },\r\n            \"thresholdsStyle\": {\r\n              \"mode\": \"off\"\r\n            }\r\n          },\r\n          \"mappings\": [],\r\n          \"thresholds\": {\r\n            \"mode\": \"absolute\",\r\n            \"steps\": [\r\n              {\r\n                \"color\": \"green\",\r\n                \"value\": null\r\n              }\r\n            ]\r\n          },\r\n          \"unit\": \"ms\"\r\n        },\r\n        \"overrides\": []\r\n      },\r\n      \"gridPos\": {\r\n        \"h\": 8,\r\n        \"w\": 12,\r\n        \"x\": 0,\r\n        \"y\": 8\r\n      },\r\n      \"id\": 3,\r\n      \"options\": {\r\n        \"legend\": {\r\n          \"calcs\": [\"mean\", \"lastNotNull\"],\r\n          \"displayMode\": \"table\",\r\n          \"placement\": \"bottom\",\r\n          \"showLegend\": true\r\n        },\r\n        \"tooltip\": {\r\n          \"mode\": \"multi\",\r\n          \"sort\": \"none\"\r\n        }\r\n      },\r\n      \"pluginVersion\": \"9.5.0\",\r\n      \"targets\": [\r\n        {\r\n          \"datasource\": {\r\n            \"type\": \"prometheus\",\r\n            \"uid\": \"${datasource}\"\r\n          },\r\n          \"editorMode\": \"code\",\r\n          \"expr\": \"histogram_quantile(0.50, sum(rate(istio_request_duration_milliseconds_bucket{reporter=\\\"source\\\"}[5m])) by (le, destination_service_name))\",\r\n          \"legendFormat\": \"p50 - {{destination_service_name}}\",\r\n          \"range\": true,\r\n          \"refId\": \"A\"\r\n        },\r\n        {\r\n          \"datasource\": {\r\n            \"type\": \"prometheus\",\r\n            \"uid\": \"${datasource}\"\r\n          },\r\n          \"editorMode\": \"code\",\r\n          \"expr\": \"histogram_quantile(0.99, sum(rate(istio_request_duration_milliseconds_bucket{reporter=\\\"source\\\"}[5m])) by (le, destination_service_name))\",\r\n          \"legendFormat\": \"p99 - {{destination_service_name}}\",\r\n          \"range\": true,\r\n          \"refId\": \"B\"\r\n        }\r\n      ],\r\n      \"title\": \"Request Latency (p50/p99)\",\r\n      \"type\": \"timeseries\"\r\n    },\r\n    {\r\n      \"datasource\": {\r\n        \"type\": \"prometheus\",\r\n        \"uid\": \"${datasource}\"\r\n      },\r\n      \"fieldConfig\": {\r\n        \"defaults\": {\r\n          \"color\": {\r\n            \"mode\": \"palette-classic\"\r\n          },\r\n          \"custom\": {\r\n            \"axisCenteredZero\": false,\r\n            \"axisColorMode\": \"text\",\r\n            \"axisLabel\": \"\",\r\n            \"axisPlacement\": \"auto\",\r\n            \"barAlignment\": 0,\r\n            \"drawStyle\": \"line\",\r\n            \"fillOpacity\": 10,\r\n            \"gradientMode\": \"none\",\r\n            \"hideFrom\": {\r\n              \"legend\": false,\r\n              \"tooltip\": false,\r\n              \"viz\": false\r\n            },\r\n            \"lineInterpolation\": \"linear\",\r\n            \"lineWidth\": 1,\r\n            \"pointSize\": 5,\r\n            \"scaleDistribution\": {\r\n              \"type\": \"linear\"\r\n            },\r\n            \"showPoints\": \"never\",\r\n            \"spanNulls\": true,\r\n            \"stacking\": {\r\n              \"group\": \"A\",\r\n              \"mode\": \"none\"\r\n            },\r\n            \"thresholdsStyle\": {\r\n              \"mode\": \"off\"\r\n            }\r\n          },\r\n          \"mappings\": [],\r\n          \"thresholds\": {\r\n            \"mode\": \"absolute\",\r\n            \"steps\": [\r\n              {\r\n                \"color\": \"green\",\r\n                \"value\": null\r\n              }\r\n            ]\r\n          },\r\n          \"unit\": \"short\"\r\n        },\r\n        \"overrides\": []\r\n      },\r\n      \"gridPos\": {\r\n        \"h\": 8,\r\n        \"w\": 12,\r\n        \"x\": 12,\r\n        \"y\": 8\r\n      },\r\n      \"id\": 4,\r\n      \"options\": {\r\n        \"legend\": {\r\n          \"calcs\": [\"mean\", \"lastNotNull\"],\r\n          \"displayMode\": \"table\",\r\n          \"placement\": \"bottom\",\r\n          \"showLegend\": true\r\n        },\r\n        \"tooltip\": {\r\n          \"mode\": \"multi\",\r\n          \"sort\": \"none\"\r\n        }\r\n      },\r\n      \"pluginVersion\": \"9.5.0\",\r\n      \"targets\": [\r\n        {\r\n          \"datasource\": {\r\n            \"type\": \"prometheus\",\r\n            \"uid\": \"${datasource}\"\r\n          },\r\n          \"editorMode\": \"code\",\r\n          \"expr\": \"sum(envoy_cluster_upstream_cx_active) by (cluster_name)\",\r\n          \"legendFormat\": \"{{cluster_name}}\",\r\n          \"range\": true,\r\n          \"refId\": \"A\"\r\n        }\r\n      ],\r\n      \"title\": \"Active Connections\",\r\n      \"type\": \"timeseries\"\r\n    }\r\n  ],\r\n  \"refresh\": \"30s\",\r\n  \"schemaVersion\": 38,\r\n  \"style\": \"dark\",\r\n  \"tags\": [\"istio\", \"mesh\"],\r\n  \"templating\": {\r\n    \"list\": [\r\n      {\r\n        \"current\": {\r\n          \"selected\": false,\r\n          \"text\": \"Prometheus\",\r\n          \"value\": \"Prometheus\"\r\n        },\r\n        \"hide\": 0,\r\n        \"includeAll\": false,\r\n        \"label\": \"Datasource\",\r\n        \"multi\": false,\r\n        \"name\": \"datasource\",\r\n        \"options\": [],\r\n        \"query\": \"prometheus\",\r\n        \"refresh\": 1,\r\n        \"regex\": \"\",\r\n        \"skipUrlSync\": false,\r\n        \"type\": \"datasource\"\r\n      }\r\n    ]\r\n  },\r\n  \"time\": {\r\n    \"from\": \"now-1h\",\r\n    \"to\": \"now\"\r\n  },\r\n  \"timepicker\": {},\r\n  \"timezone\": \"\",\r\n  \"title\": \"Istio Mesh Dashboard\",\r\n  \"uid\": \"istio-mesh\",\r\n  \"version\": 1,\r\n  \"weekStart\": \"\"\r\n}\r\n"
            },
            "id": "monitoring/istio-mesh-dashboard",
            "immutable": false,
            "metadata": [
              {
                "annotations": {},
                "generate_name": "",
                "generation": 0,
                "labels": {
                  "app.kubernetes.io/managed-by": "terraform",
                  "environment": "dev",
                  "grafana_dashboard": "1"
                },
                "name": "istio-mesh-dashboard",
                "namespace": "monitoring",
                "resource_version": "470541",
                "uid": "2818112a-7c49-400f-b2f7-b7d882e4fbd3"
              }
            ]
          },
          "sensitive_attributes": [],
          "private": "bnVsbA==",
          "dependencies": [
            "module.istio.helm_release.istio_base",
            "module.istio.helm_release.istiod",
            "module.istio.kubernetes_namespace.istio_system",
            "module.monitoring.data.kubernetes_service.alertmanager",
            "module.monitoring.data.kubernetes_service.grafana",
            "module.monitoring.data.kubernetes_service.prometheus",
            "module.monitoring.helm_release.kube_prometheus_stack",
            "module.monitoring.kubernetes_namespace.monitoring"
          ]
        }
      ]
    },
    {
      "module": "module.istio[0]",
      "mode": "managed",
      "type": "kubernetes_config_map",
      "name": "istio_service_dashboard",
      "provider": "provider[\"registry.terraform.io/hashicorp/kubernetes\"]",
      "instances": [
        {
          "index_key": 0,
          "schema_version": 0,
          "attributes": {
            "binary_data": {},
            "data": {
              "istio-service-dashboard.json": "{\r\n  \"annotations\": {\r\n    \"list\": []\r\n  },\r\n  \"editable\": true,\r\n  \"fiscalYearStartMonth\": 0,\r\n  \"graphTooltip\": 0,\r\n  \"id\": null,\r\n  \"links\": [],\r\n  \"liveNow\": false,\r\n  \"panels\": [\r\n    {\r\n      \"datasource\": {\r\n        \"type\": \"prometheus\",\r\n        \"uid\": \"${datasource}\"\r\n      },\r\n      \"fieldConfig\": {\r\n        \"defaults\": {\r\n          \"color\": {\r\n            \"mode\": \"palette-classic\"\r\n          },\r\n          \"custom\": {\r\n            \"axisCenteredZero\": false,\r\n            \"axisColorMode\": \"text\",\r\n            \"axisLabel\": \"\",\r\n            \"axisPlacement\": \"auto\",\r\n            \"barAlignment\": 0,\r\n            \"drawStyle\": \"line\",\r\n            \"fillOpacity\": 10,\r\n            \"gradientMode\": \"none\",\r\n            \"hideFrom\": {\r\n              \"legend\": false,\r\n              \"tooltip\": false,\r\n              \"viz\": false\r\n            },\r\n            \"lineInterpolation\": \"linear\",\r\n            \"lineWidth\": 1,\r\n            \"pointSize\": 5,\r\n            \"scaleDistribution\": {\r\n              \"type\": \"linear\"\r\n            },\r\n            \"showPoints\": \"never\",\r\n            \"spanNulls\": true,\r\n            \"stacking\": {\r\n              \"group\": \"A\",\r\n              \"mode\": \"none\"\r\n            },\r\n            \"thresholdsStyle\": {\r\n              \"mode\": \"off\"\r\n            }\r\n          },\r\n          \"mappings\": [],\r\n          \"thresholds\": {\r\n            \"mode\": \"absolute\",\r\n            \"steps\": [\r\n              {\r\n                \"color\": \"green\",\r\n                \"value\": null\r\n              }\r\n            ]\r\n          },\r\n          \"unit\": \"reqps\"\r\n        },\r\n        \"overrides\": []\r\n      },\r\n      \"gridPos\": {\r\n        \"h\": 8,\r\n        \"w\": 8,\r\n        \"x\": 0,\r\n        \"y\": 0\r\n      },\r\n      \"id\": 1,\r\n      \"options\": {\r\n        \"legend\": {\r\n          \"calcs\": [\"mean\", \"lastNotNull\"],\r\n          \"displayMode\": \"table\",\r\n          \"placement\": \"bottom\",\r\n          \"showLegend\": true\r\n        },\r\n        \"tooltip\": {\r\n          \"mode\": \"multi\",\r\n          \"sort\": \"none\"\r\n        }\r\n      },\r\n      \"targets\": [\r\n        {\r\n          \"datasource\": {\r\n            \"type\": \"prometheus\",\r\n            \"uid\": \"${datasource}\"\r\n          },\r\n          \"editorMode\": \"code\",\r\n          \"expr\": \"sum(rate(istio_requests_total{reporter=\\\"destination\\\", destination_service_name=\\\"$service\\\"}[5m])) by (response_code)\",\r\n          \"legendFormat\": \"{{response_code}}\",\r\n          \"range\": true,\r\n          \"refId\": \"A\"\r\n        }\r\n      ],\r\n      \"title\": \"Incoming Request Rate by Response Code\",\r\n      \"type\": \"timeseries\"\r\n    },\r\n    {\r\n      \"datasource\": {\r\n        \"type\": \"prometheus\",\r\n        \"uid\": \"${datasource}\"\r\n      },\r\n      \"fieldConfig\": {\r\n        \"defaults\": {\r\n          \"color\": {\r\n            \"mode\": \"palette-classic\"\r\n          },\r\n          \"custom\": {\r\n            \"axisCenteredZero\": false,\r\n            \"axisColorMode\": \"text\",\r\n            \"axisLabel\": \"\",\r\n            \"axisPlacement\": \"auto\",\r\n            \"barAlignment\": 0,\r\n            \"drawStyle\": \"line\",\r\n            \"fillOpacity\": 10,\r\n            \"gradientMode\": \"none\",\r\n            \"hideFrom\": {\r\n              \"legend\": false,\r\n              \"tooltip\": false,\r\n              \"viz\": false\r\n            },\r\n            \"lineInterpolation\": \"linear\",\r\n            \"lineWidth\": 1,\r\n            \"pointSize\": 5,\r\n            \"scaleDistribution\": {\r\n              \"type\": \"linear\"\r\n            },\r\n            \"showPoints\": \"never\",\r\n            \"spanNulls\": true,\r\n            \"stacking\": {\r\n              \"group\": \"A\",\r\n              \"mode\": \"none\"\r\n            },\r\n            \"thresholdsStyle\": {\r\n              \"mode\": \"off\"\r\n            }\r\n          },\r\n          \"mappings\": [],\r\n          \"thresholds\": {\r\n            \"mode\": \"absolute\",\r\n            \"steps\": [\r\n              {\r\n                \"color\": \"green\",\r\n                \"value\": null\r\n              }\r\n            ]\r\n          },\r\n          \"unit\": \"ms\"\r\n        },\r\n        \"overrides\": []\r\n      },\r\n      \"gridPos\": {\r\n        \"h\": 8,\r\n        \"w\": 8,\r\n        \"x\": 8,\r\n        \"y\": 0\r\n      },\r\n      \"id\": 2,\r\n      \"options\": {\r\n        \"legend\": {\r\n          \"calcs\": [\"mean\", \"lastNotNull\"],\r\n          \"displayMode\": \"table\",\r\n          \"placement\": \"bottom\",\r\n          \"showLegend\": true\r\n        },\r\n        \"tooltip\": {\r\n          \"mode\": \"multi\",\r\n          \"sort\": \"none\"\r\n        }\r\n      },\r\n      \"targets\": [\r\n        {\r\n          \"datasource\": {\r\n            \"type\": \"prometheus\",\r\n            \"uid\": \"${datasource}\"\r\n          },\r\n          \"editorMode\": \"code\",\r\n          \"expr\": \"histogram_quantile(0.50, sum(rate(istio_request_duration_milliseconds_bucket{reporter=\\\"destination\\\", destination_service_name=\\\"$service\\\"}[5m])) by (le))\",\r\n          \"legendFormat\": \"p50\",\r\n          \"range\": true,\r\n          \"refId\": \"A\"\r\n        },\r\n        {\r\n          \"datasource\": {\r\n            \"type\": \"prometheus\",\r\n            \"uid\": \"${datasource}\"\r\n          },\r\n          \"editorMode\": \"code\",\r\n          \"expr\": \"histogram_quantile(0.90, sum(rate(istio_request_duration_milliseconds_bucket{reporter=\\\"destination\\\", destination_service_name=\\\"$service\\\"}[5m])) by (le))\",\r\n          \"legendFormat\": \"p90\",\r\n          \"range\": true,\r\n          \"refId\": \"B\"\r\n        },\r\n        {\r\n          \"datasource\": {\r\n            \"type\": \"prometheus\",\r\n            \"uid\": \"${datasource}\"\r\n          },\r\n          \"editorMode\": \"code\",\r\n          \"expr\": \"histogram_quantile(0.99, sum(rate(istio_request_duration_milliseconds_bucket{reporter=\\\"destination\\\", destination_service_name=\\\"$service\\\"}[5m])) by (le))\",\r\n          \"legendFormat\": \"p99\",\r\n          \"range\": true,\r\n          \"refId\": \"C\"\r\n        }\r\n      ],\r\n      \"title\": \"Request Latency\",\r\n      \"type\": \"timeseries\"\r\n    },\r\n    {\r\n      \"datasource\": {\r\n        \"type\": \"prometheus\",\r\n        \"uid\": \"${datasource}\"\r\n      },\r\n      \"fieldConfig\": {\r\n        \"defaults\": {\r\n          \"color\": {\r\n            \"mode\": \"thresholds\"\r\n          },\r\n          \"mappings\": [],\r\n          \"thresholds\": {\r\n            \"mode\": \"absolute\",\r\n            \"steps\": [\r\n              {\r\n                \"color\": \"green\",\r\n                \"value\": null\r\n              },\r\n              {\r\n                \"color\": \"yellow\",\r\n                \"value\": 0.01\r\n              },\r\n              {\r\n                \"color\": \"red\",\r\n                \"value\": 0.05\r\n              }\r\n            ]\r\n          },\r\n          \"unit\": \"percentunit\"\r\n        },\r\n        \"overrides\": []\r\n      },\r\n      \"gridPos\": {\r\n        \"h\": 8,\r\n        \"w\": 8,\r\n        \"x\": 16,\r\n        \"y\": 0\r\n      },\r\n      \"id\": 3,\r\n      \"options\": {\r\n        \"colorMode\": \"value\",\r\n        \"graphMode\": \"area\",\r\n        \"justifyMode\": \"auto\",\r\n        \"orientation\": \"auto\",\r\n        \"reduceOptions\": {\r\n          \"calcs\": [\"lastNotNull\"],\r\n          \"fields\": \"\",\r\n          \"values\": false\r\n        },\r\n        \"textMode\": \"auto\"\r\n      },\r\n      \"targets\": [\r\n        {\r\n          \"datasource\": {\r\n            \"type\": \"prometheus\",\r\n            \"uid\": \"${datasource}\"\r\n          },\r\n          \"editorMode\": \"code\",\r\n          \"expr\": \"sum(rate(istio_requests_total{reporter=\\\"destination\\\", destination_service_name=\\\"$service\\\", response_code=~\\\"5.*\\\"}[5m])) / sum(rate(istio_requests_total{reporter=\\\"destination\\\", destination_service_name=\\\"$service\\\"}[5m]))\",\r\n          \"legendFormat\": \"Error Rate\",\r\n          \"range\": true,\r\n          \"refId\": \"A\"\r\n        }\r\n      ],\r\n      \"title\": \"Error Rate\",\r\n      \"type\": \"stat\"\r\n    },\r\n    {\r\n      \"datasource\": {\r\n        \"type\": \"prometheus\",\r\n        \"uid\": \"${datasource}\"\r\n      },\r\n      \"fieldConfig\": {\r\n        \"defaults\": {\r\n          \"color\": {\r\n            \"mode\": \"palette-classic\"\r\n          },\r\n          \"custom\": {\r\n            \"axisCenteredZero\": false,\r\n            \"axisColorMode\": \"text\",\r\n            \"axisLabel\": \"\",\r\n            \"axisPlacement\": \"auto\",\r\n            \"barAlignment\": 0,\r\n            \"drawStyle\": \"line\",\r\n            \"fillOpacity\": 10,\r\n            \"gradientMode\": \"none\",\r\n            \"hideFrom\": {\r\n              \"legend\": false,\r\n              \"tooltip\": false,\r\n              \"viz\": false\r\n            },\r\n            \"lineInterpolation\": \"linear\",\r\n            \"lineWidth\": 1,\r\n            \"pointSize\": 5,\r\n            \"scaleDistribution\": {\r\n              \"type\": \"linear\"\r\n            },\r\n            \"showPoints\": \"never\",\r\n            \"spanNulls\": true,\r\n            \"stacking\": {\r\n              \"group\": \"A\",\r\n              \"mode\": \"none\"\r\n            },\r\n            \"thresholdsStyle\": {\r\n              \"mode\": \"off\"\r\n            }\r\n          },\r\n          \"mappings\": [],\r\n          \"thresholds\": {\r\n            \"mode\": \"absolute\",\r\n            \"steps\": [\r\n              {\r\n                \"color\": \"green\",\r\n                \"value\": null\r\n              }\r\n            ]\r\n          },\r\n          \"unit\": \"Bps\"\r\n        },\r\n        \"overrides\": []\r\n      },\r\n      \"gridPos\": {\r\n        \"h\": 8,\r\n        \"w\": 12,\r\n        \"x\": 0,\r\n        \"y\": 8\r\n      },\r\n      \"id\": 4,\r\n      \"options\": {\r\n        \"legend\": {\r\n          \"calcs\": [\"mean\", \"lastNotNull\"],\r\n          \"displayMode\": \"table\",\r\n          \"placement\": \"bottom\",\r\n          \"showLegend\": true\r\n        },\r\n        \"tooltip\": {\r\n          \"mode\": \"multi\",\r\n          \"sort\": \"none\"\r\n        }\r\n      },\r\n      \"targets\": [\r\n        {\r\n          \"datasource\": {\r\n            \"type\": \"prometheus\",\r\n            \"uid\": \"${datasource}\"\r\n          },\r\n          \"editorMode\": \"code\",\r\n          \"expr\": \"sum(rate(istio_tcp_received_bytes_total{reporter=\\\"destination\\\", destination_service_name=\\\"$service\\\"}[5m]))\",\r\n          \"legendFormat\": \"Received\",\r\n          \"range\": true,\r\n          \"refId\": \"A\"\r\n        },\r\n        {\r\n          \"datasource\": {\r\n            \"type\": \"prometheus\",\r\n            \"uid\": \"${datasource}\"\r\n          },\r\n          \"editorMode\": \"code\",\r\n          \"expr\": \"sum(rate(istio_tcp_sent_bytes_total{reporter=\\\"destination\\\", destination_service_name=\\\"$service\\\"}[5m]))\",\r\n          \"legendFormat\": \"Sent\",\r\n          \"range\": true,\r\n          \"refId\": \"B\"\r\n        }\r\n      ],\r\n      \"title\": \"TCP Throughput\",\r\n      \"type\": \"timeseries\"\r\n    },\r\n    {\r\n      \"datasource\": {\r\n        \"type\": \"prometheus\",\r\n        \"uid\": \"${datasource}\"\r\n      },\r\n      \"fieldConfig\": {\r\n        \"defaults\": {\r\n          \"color\": {\r\n            \"mode\": \"palette-classic\"\r\n          },\r\n          \"custom\": {\r\n            \"axisCenteredZero\": false,\r\n            \"axisColorMode\": \"text\",\r\n            \"axisLabel\": \"\",\r\n            \"axisPlacement\": \"auto\",\r\n            \"barAlignment\": 0,\r\n            \"drawStyle\": \"line\",\r\n            \"fillOpacity\": 10,\r\n            \"gradientMode\": \"none\",\r\n            \"hideFrom\": {\r\n              \"legend\": false,\r\n              \"tooltip\": false,\r\n              \"viz\": false\r\n            },\r\n            \"lineInterpolation\": \"linear\",\r\n            \"lineWidth\": 1,\r\n            \"pointSize\": 5,\r\n            \"scaleDistribution\": {\r\n              \"type\": \"linear\"\r\n            },\r\n            \"showPoints\": \"never\",\r\n            \"spanNulls\": true,\r\n            \"stacking\": {\r\n              \"group\": \"A\",\r\n              \"mode\": \"none\"\r\n            },\r\n            \"thresholdsStyle\": {\r\n              \"mode\": \"off\"\r\n            }\r\n          },\r\n          \"mappings\": [],\r\n          \"thresholds\": {\r\n            \"mode\": \"absolute\",\r\n            \"steps\": [\r\n              {\r\n                \"color\": \"green\",\r\n                \"value\": null\r\n              }\r\n            ]\r\n          },\r\n          \"unit\": \"reqps\"\r\n        },\r\n        \"overrides\": []\r\n      },\r\n      \"gridPos\": {\r\n        \"h\": 8,\r\n        \"w\": 12,\r\n        \"x\": 12,\r\n        \"y\": 8\r\n      },\r\n      \"id\": 5,\r\n      \"options\": {\r\n        \"legend\": {\r\n          \"calcs\": [\"mean\", \"lastNotNull\"],\r\n          \"displayMode\": \"table\",\r\n          \"placement\": \"bottom\",\r\n          \"showLegend\": true\r\n        },\r\n        \"tooltip\": {\r\n          \"mode\": \"multi\",\r\n          \"sort\": \"none\"\r\n        }\r\n      },\r\n      \"targets\": [\r\n        {\r\n          \"datasource\": {\r\n            \"type\": \"prometheus\",\r\n            \"uid\": \"${datasource}\"\r\n          },\r\n          \"editorMode\": \"code\",\r\n          \"expr\": \"sum(rate(istio_requests_total{reporter=\\\"source\\\", source_workload_namespace=\\\"$namespace\\\", destination_service_name=\\\"$service\\\"}[5m])) by (source_workload)\",\r\n          \"legendFormat\": \"{{source_workload}}\",\r\n          \"range\": true,\r\n          \"refId\": \"A\"\r\n        }\r\n      ],\r\n      \"title\": \"Incoming Requests by Source\",\r\n      \"type\": \"timeseries\"\r\n    }\r\n  ],\r\n  \"refresh\": \"30s\",\r\n  \"schemaVersion\": 38,\r\n  \"style\": \"dark\",\r\n  \"tags\": [\"istio\", \"service\"],\r\n  \"templating\": {\r\n    \"list\": [\r\n      {\r\n        \"current\": {\r\n          \"selected\": false,\r\n          \"text\": \"Prometheus\",\r\n          \"value\": \"Prometheus\"\r\n        },\r\n        \"hide\": 0,\r\n        \"includeAll\": false,\r\n        \"label\": \"Datasource\",\r\n        \"multi\": false,\r\n        \"name\": \"datasource\",\r\n        \"options\": [],\r\n        \"query\": \"prometheus\",\r\n        \"refresh\": 1,\r\n        \"regex\": \"\",\r\n        \"skipUrlSync\": false,\r\n        \"type\": \"datasource\"\r\n      },\r\n      {\r\n        \"current\": {},\r\n        \"datasource\": {\r\n          \"type\": \"prometheus\",\r\n          \"uid\": \"${datasource}\"\r\n        },\r\n        \"definition\": \"label_values(istio_requests_total, destination_service_namespace)\",\r\n        \"hide\": 0,\r\n        \"includeAll\": false,\r\n        \"label\": \"Namespace\",\r\n        \"multi\": false,\r\n        \"name\": \"namespace\",\r\n        \"options\": [],\r\n        \"query\": {\r\n          \"query\": \"label_values(istio_requests_total, destination_service_namespace)\",\r\n          \"refId\": \"PrometheusVariableQueryEditor-VariableQuery\"\r\n        },\r\n        \"refresh\": 2,\r\n        \"regex\": \"\",\r\n        \"skipUrlSync\": false,\r\n        \"sort\": 1,\r\n        \"type\": \"query\"\r\n      },\r\n      {\r\n        \"current\": {},\r\n        \"datasource\": {\r\n          \"type\": \"prometheus\",\r\n          \"uid\": \"${datasource}\"\r\n        },\r\n        \"definition\": \"label_values(istio_requests_total{destination_service_namespace=\\\"$namespace\\\"}, destination_service_name)\",\r\n        \"hide\": 0,\r\n        \"includeAll\": false,\r\n        \"label\": \"Service\",\r\n        \"multi\": false,\r\n        \"name\": \"service\",\r\n        \"options\": [],\r\n        \"query\": {\r\n          \"query\": \"label_values(istio_requests_total{destination_service_namespace=\\\"$namespace\\\"}, destination_service_name)\",\r\n          \"refId\": \"PrometheusVariableQueryEditor-VariableQuery\"\r\n        },\r\n        \"refresh\": 2,\r\n        \"regex\": \"\",\r\n        \"skipUrlSync\": false,\r\n        \"sort\": 1,\r\n        \"type\": \"query\"\r\n      }\r\n    ]\r\n  },\r\n  \"time\": {\r\n    \"from\": \"now-1h\",\r\n    \"to\": \"now\"\r\n  },\r\n  \"timepicker\": {},\r\n  \"timezone\": \"\",\r\n  \"title\": \"Istio Service Dashboard\",\r\n  \"uid\": \"istio-service\",\r\n  \"version\": 1,\r\n  \"weekStart\": \"\"\r\n}\r\n"
            },
            "id": "monitoring/istio-service-dashboard",
            "immutable": false,
            "metadata": [
              {
                "annotations": {},
                "generate_name": "",
                "generation": 0,
                "labels": {
                  "app.kubernetes.io/managed-by": "terraform",
                  "environment": "dev",
                  "grafana_dashboard": "1"
                },
                "name": "istio-service-dashboard",
                "namespace": "monitoring",
                "resource_version": "470540",
                "uid": "312a1e90-402c-43de-96c1-3c2ad00f4402"
              }
            ]
          },
          "sensitive_attributes": [],
          "private": "bnVsbA==",
          "dependencies": [
            "module.istio.helm_release.istio_base",
            "module.istio.helm_release.istiod",
            "module.istio.kubernetes_namespace.istio_system",
            "module.monitoring.data.kubernetes_service.alertmanager",
            "module.monitoring.data.kubernetes_service.grafana",
            "module.monitoring.data.kubernetes_service.prometheus",
            "module.monitoring.helm_release.kube_prometheus_stack",
            "module.monitoring.kubernetes_namespace.monitoring"
          ]
        }
      ]
    },
    {
      "module": "module.istio[0]",
      "mode": "managed",
      "type": "kubernetes_config_map",
      "name": "jaeger_datasource",
      "provider": "provider[\"registry.terraform.io/hashicorp/kubernetes\"]",
      "instances": [
        {
          "index_key": 0,
          "schema_version": 0,
          "attributes": {
            "binary_data": {},
            "data": {
              "jaeger-datasource.yaml": "\"apiVersion\": 1\n\"datasources\":\n- \"access\": \"proxy\"\n  \"editable\": false\n  \"isDefault\": false\n  \"name\": \"Jaeger\"\n  \"type\": \"jaeger\"\n  \"url\": \"http://tracing.istio-system.svc.cluster.local:80\"\n  \"version\": 1\n"
            },
            "id": "monitoring/jaeger-datasource",
            "immutable": false,
            "metadata": [
              {
                "annotations": {},
                "generate_name": "",
                "generation": 0,
                "labels": {
                  "app.kubernetes.io/managed-by": "terraform",
                  "environment": "dev",
                  "grafana_datasource": "1"
                },
                "name": "jaeger-datasource",
                "namespace": "monitoring",
                "resource_version": "470539",
                "uid": "510e3604-cdcb-43ec-a939-d5d515e98458"
              }
            ]
          },
          "sensitive_attributes": [],
          "private": "bnVsbA==",
          "dependencies": [
            "module.istio.helm_release.istio_base",
            "module.istio.helm_release.istiod",
            "module.istio.kubernetes_namespace.istio_system",
            "module.monitoring.data.kubernetes_service.alertmanager",
            "module.monitoring.data.kubernetes_service.grafana",
            "module.monitoring.data.kubernetes_service.prometheus",
            "module.monitoring.helm_release.kube_prometheus_stack",
            "module.monitoring.kubernetes_namespace.monitoring"
          ]
        }
      ]
    },
    {
      "module": "module.istio[0]",
      "mode": "managed",
      "type": "kubernetes_labels",
      "name": "kong_no_injection",
      "provider": "provider[\"registry.terraform.io/hashicorp/kubernetes\"]",
      "instances": [
        {
          "index_key": 0,
          "schema_version": 0,
          "attributes": {
            "api_version": "v1",
            "field_manager": "Terraform",
            "force": null,
            "id": "apiVersion=v1,kind=Namespace,name=kong",
            "kind": "Namespace",
            "labels": {
              "istio-injection": "disabled"
            },
            "metadata": [
              {
                "name": "kong",
                "namespace": ""
              }
            ]
          },
          "sensitive_attributes": [],
          "private": "bnVsbA==",
          "dependencies": [
            "module.monitoring.data.kubernetes_service.alertmanager",
            "module.monitoring.data.kubernetes_service.grafana",
            "module.monitoring.data.kubernetes_service.prometheus",
            "module.monitoring.helm_release.kube_prometheus_stack",
            "module.monitoring.kubernetes_namespace.monitoring"
          ]
        }
      ]
    },
    {
      "module": "module.istio[0]",
      "mode": "managed",
      "type": "kubernetes_labels",
      "name": "namespace_injection",
      "provider": "provider[\"registry.terraform.io/hashicorp/kubernetes\"]",
      "instances": [
        {
          "index_key": 0,
          "schema_version": 0,
          "attributes": {
            "api_version": "v1",
            "field_manager": "Terraform",
            "force": null,
            "id": "apiVersion=v1,kind=Namespace,name=dev",
            "kind": "Namespace",
            "labels": {
              "istio-injection": "enabled"
            },
            "metadata": [
              {
                "name": "dev",
                "namespace": ""
              }
            ]
          },
          "sensitive_attributes": [],
          "private": "bnVsbA==",
          "dependencies": [
            "module.monitoring.data.kubernetes_service.alertmanager",
            "module.monitoring.data.kubernetes_service.grafana",
            "module.monitoring.data.kubernetes_service.prometheus",
            "module.monitoring.helm_release.kube_prometheus_stack",
            "module.monitoring.kubernetes_namespace.monitoring"
          ]
        }
      ]
    },
    {
      "module": "module.istio[0]",
      "mode": "managed",
      "type": "kubernetes_namespace",
      "name": "istio_system",
      "provider": "provider[\"registry.terraform.io/hashicorp/kubernetes\"]",
      "instances": [
        {
          "index_key": 0,
          "schema_version": 0,
          "attributes": {
            "id": "istio-system",
            "metadata": [
              {
                "annotations": {},
                "generate_name": "",
                "generation": 0,
                "labels": {
                  "app.kubernetes.io/managed-by": "terraform",
                  "app.kubernetes.io/name": "istio-system",
                  "environment": "dev"
                },
                "name": "istio-system",
                "resource_version": "470285",
                "uid": "7c11088b-2baf-4b17-8c31-ef58bc791da1"
              }
            ],
            "timeouts": null,
            "wait_for_default_service_account": false
          },
          "sensitive_attributes": [],
          "private": "eyJlMmJmYjczMC1lY2FhLTExZTYtOGY4OC0zNDM2M2JjN2M0YzAiOnsiZGVsZXRlIjozMDAwMDAwMDAwMDB9fQ==",
          "dependencies": [
            "module.monitoring.data.kubernetes_service.alertmanager",
            "module.monitoring.data.kubernetes_service.grafana",
            "module.monitoring.data.kubernetes_service.prometheus",
            "module.monitoring.helm_release.kube_prometheus_stack",
            "module.monitoring.kubernetes_namespace.monitoring"
          ]
        }
      ]
    },
    {
      "module": "module.kafka[0]",
      "mode": "data",
      "type": "kubernetes_service",
      "name": "kafka",
      "provider": "provider[\"registry.terraform.io/hashicorp/kubernetes\"]",
      "instances": [
        {
          "schema_version": 0,
          "attributes": {
            "id": "kafka/kafka",
            "metadata": [
              {
                "annotations": {
                  "meta.helm.sh/release-name": "kafka",
                  "meta.helm.sh/release-namespace": "kafka"
                },
                "generation": 0,
                "labels": {
                  "app.kubernetes.io/component": "kafka",
                  "app.kubernetes.io/instance": "kafka",
                  "app.kubernetes.io/managed-by": "Helm",
                  "app.kubernetes.io/name": "kafka",
                  "app.kubernetes.io/version": "3.9.0",
                  "helm.sh/chart": "kafka-31.0.0"
                },
                "name": "kafka",
                "namespace": "kafka",
                "resource_version": "632764",
                "uid": "ac819b5d-37e1-4b70-a8f8-efee1bb42eea"
              }
            ],
            "spec": [
              {
                "allocate_load_balancer_node_ports": true,
                "cluster_ip": "10.103.226.33",
                "cluster_ips": [
                  "10.103.226.33"
                ],
                "external_ips": [],
                "external_name": "",
                "external_traffic_policy": "",
                "health_check_node_port": 0,
                "internal_traffic_policy": "Cluster",
                "ip_families": [
                  "IPv4"
                ],
                "ip_family_policy": "SingleStack",
                "load_balancer_class": "",
                "load_balancer_ip": "",
                "load_balancer_source_ranges": [],
                "port": [
                  {
                    "app_protocol": "",
                    "name": "tcp-client",
                    "node_port": 0,
                    "port": 9092,
                    "protocol": "TCP",
                    "target_port": "client"
                  }
                ],
                "publish_not_ready_addresses": false,
                "selector": {
                  "app.kubernetes.io/instance": "kafka",
                  "app.kubernetes.io/name": "kafka",
                  "app.kubernetes.io/part-of": "kafka"
                },
                "session_affinity": "None",
                "session_affinity_config": [],
                "type": "ClusterIP"
              }
            ],
            "status": [
              {
                "load_balancer": [
                  {
                    "ingress": []
                  }
                ]
              }
            ]
          },
          "sensitive_attributes": []
        }
      ]
    },
    {
      "module": "module.kafka[0]",
      "mode": "managed",
      "type": "helm_release",
      "name": "kafka",
      "provider": "provider[\"registry.terraform.io/hashicorp/helm\"]",
      "instances": [
        {
          "schema_version": 1,
          "attributes": {
            "atomic": false,
            "chart": "kafka",
            "cleanup_on_fail": false,
            "create_namespace": false,
            "dependency_update": false,
            "description": null,
            "devel": null,
            "disable_crd_hooks": false,
            "disable_openapi_validation": false,
            "disable_webhooks": false,
            "force_update": false,
            "id": "kafka",
            "keyring": null,
            "lint": false,
            "manifest": null,
            "max_history": 0,
            "metadata": [
              {
                "app_version": "3.9.0",
                "chart": "kafka",
                "first_deployed": 1767804991,
                "last_deployed": 1769618488,
                "name": "kafka",
                "namespace": "kafka",
                "notes": "CHART NAME: kafka\nCHART VERSION: 31.0.0\nAPP VERSION: 3.9.0\n\n** Please be patient while the chart is being deployed **\n\nKafka can be accessed by consumers via port 9092 on the following DNS name from within your cluster:\n\n    kafka.kafka.svc.cluster.local\n\nEach Kafka broker can be accessed by producers via port 9092 on the following DNS name(s) from within your cluster:\n\n    kafka-controller-0.kafka-controller-headless.kafka.svc.cluster.local:9092\n\nThe CLIENT listener for Kafka client connections from within your cluster have been configured with the following security settings:\n    - SASL authentication\n\nTo connect a client to your Kafka, you need to create the 'client.properties' configuration files with the content below:\n\nsecurity.protocol=SASL_PLAINTEXT\nsasl.mechanism=SCRAM-SHA-256\nsasl.jaas.config=org.apache.kafka.common.security.scram.ScramLoginModule required \\\n    username=\"kafka-user\" \\\n    password=\"$(kubectl get secret kafka-user-passwords --namespace kafka -o jsonpath='{.data.client-passwords}' | base64 -d | cut -d , -f 1)\";\n\nTo create a pod that you can use as a Kafka client run the following commands:\n\n    kubectl run kafka-client --restart='Never' --image docker.io/bitnamilegacy/kafka:3.9.0-debian-12-r1 --namespace kafka --command -- sleep infinity\n    kubectl cp --namespace kafka /path/to/client.properties kafka-client:/tmp/client.properties\n    kubectl exec --tty -i kafka-client --namespace kafka -- bash\n\n    PRODUCER:\n        kafka-console-producer.sh \\\n            --producer.config /tmp/client.properties \\\n            --bootstrap-server kafka.kafka.svc.cluster.local:9092 \\\n            --topic test\n\n    CONSUMER:\n        kafka-console-consumer.sh \\\n            --consumer.config /tmp/client.properties \\\n            --bootstrap-server kafka.kafka.svc.cluster.local:9092 \\\n            --topic test \\\n            --from-beginning\n\n⚠ SECURITY WARNING: Original containers have been substituted. This Helm chart was designed, tested, and validated on multiple platforms using a specific set of Bitnami and Tanzu Application Catalog containers. Substituting other containers is likely to cause degraded security and performance, broken chart features, and missing environment variables.\n\nSubstituted images detected:\n  - docker.io/bitnamilegacy/kafka:3.9.0-debian-12-r1\n",
                "revision": 6,
                "values": "{\"autoCreateTopicsEnable\":true,\"broker\":{\"replicaCount\":0},\"compressionType\":\"producer\",\"containerSecurityContext\":{\"allowPrivilegeEscalation\":false,\"enabled\":true,\"runAsNonRoot\":true,\"runAsUser\":1001},\"controller\":{\"logPersistence\":{\"enabled\":false,\"size\":\"1Gi\",\"storageClass\":\"\"},\"persistence\":{\"enabled\":false,\"size\":\"2Gi\",\"storageClass\":\"\"},\"podAntiAffinity\":\"soft\",\"replicaCount\":1,\"resources\":{\"limits\":{\"cpu\":\"1000m\",\"memory\":\"2Gi\"},\"requests\":{\"cpu\":\"200m\",\"memory\":\"1Gi\"}}},\"defaultReplicationFactor\":1,\"deleteTopicEnable\":true,\"extraConfig\":\"offsets.topic.replication.factor=1\\ntransaction.state.log.replication.factor=1\\ntransaction.state.log.min.isr=1\\ndefault.replication.factor=1\\nmin.insync.replicas=1\\n\",\"global\":{\"storageClass\":\"\"},\"heapOpts\":\"-Xmx1024m -Xms1024m\",\"image\":{\"pullPolicy\":\"IfNotPresent\",\"registry\":\"docker.io\",\"repository\":\"bitnamilegacy/kafka\",\"tag\":\"3.9.0-debian-12-r1\"},\"kraft\":{\"enabled\":true},\"listeners\":{\"client\":{\"protocol\":\"SASL_PLAINTEXT\"},\"controller\":{\"protocol\":\"SASL_PLAINTEXT\"},\"interbroker\":{\"protocol\":\"SASL_PLAINTEXT\"}},\"logRetentionBytes\":1073741824,\"logRetentionHours\":168,\"logSegmentBytes\":1073741824,\"metrics\":{\"jmx\":{\"enabled\":false},\"kafka\":{\"enabled\":false}},\"minInsyncReplicas\":1,\"networkPolicy\":{\"enabled\":false},\"numIoThreads\":8,\"numNetworkThreads\":3,\"offsetsTopicReplicationFactor\":1,\"podSecurityContext\":{\"enabled\":true,\"fsGroup\":1001},\"sasl\":{\"client\":{\"passwords\":\"Kafka@SASL2024Secure!\",\"users\":[\"kafka-user\"]},\"controller\":{\"password\":\"Kafka@SASL2024Secure!\",\"user\":\"controller_user\"},\"enabled\":true,\"interbroker\":{\"password\":\"Kafka@SASL2024Secure!\",\"user\":\"inter_broker_user\"},\"mechanism\":\"scram-sha-256\"},\"service\":{\"ports\":{\"client\":9092,\"controller\":9093,\"interbroker\":9094},\"type\":\"ClusterIP\"},\"socketReceiveBufferBytes\":102400,\"socketRequestMaxBytes\":104857600,\"socketSendBufferBytes\":102400,\"transactionStateLogMinIsr\":1,\"transactionStateLogReplicationFactor\":1,\"volumePermissions\":{\"enabled\":true,\"resources\":{\"limits\":{\"cpu\":\"50m\",\"memory\":\"64Mi\"},\"requests\":{\"cpu\":\"10m\",\"memory\":\"32Mi\"}}}}",
                "version": "31.0.0"
              }
            ],
            "name": "kafka",
            "namespace": "kafka",
            "pass_credentials": false,
            "postrender": [],
            "recreate_pods": false,
            "render_subchart_notes": true,
            "replace": false,
            "repository": "oci://registry-1.docker.io/bitnamicharts",
            "repository_ca_file": null,
            "repository_cert_file": null,
            "repository_key_file": null,
            "repository_password": null,
            "repository_username": null,
            "reset_values": false,
            "reuse_values": false,
            "set": [],
            "set_list": [],
            "set_sensitive": [],
            "skip_crds": false,
            "status": "deployed",
            "timeout": 600,
            "upgrade_install": null,
            "values": [
              "# =============================================================================\n# Kafka Helm Chart Values Template\n# =============================================================================\n# Bitnami Kafka Chart Configuration\n# Optimized for both Minikube and EKS environments\n# =============================================================================\n\n# -----------------------------------------------------------------------------\n# Global Settings\n# -----------------------------------------------------------------------------\nglobal:\n  storageClass: \"\"\n\n# -----------------------------------------------------------------------------\n# Image Configuration\n# -----------------------------------------------------------------------------\nimage:\n  registry: docker.io\n  repository: bitnamilegacy/kafka\n  tag: \"3.9.0-debian-12-r1\"\n  pullPolicy: IfNotPresent\n\n# -----------------------------------------------------------------------------\n# Kafka Mode - KRaft (No Zookeeper)\n# -----------------------------------------------------------------------------\nkraft:\n  enabled: true\n\n# -----------------------------------------------------------------------------\n# Controller Configuration (KRaft mode)\n# -----------------------------------------------------------------------------\ncontroller:\n  replicaCount: 1\n\n  resources:\n    requests:\n      cpu: \"200m\"\n      memory: \"1Gi\"\n    limits:\n      cpu: \"1000m\"\n      memory: \"2Gi\"\n\n  persistence:\n    enabled: false\n    size: \"2Gi\"\n    storageClass: \"\"\n\n  logPersistence:\n    enabled: false\n    size: \"1Gi\"\n    storageClass: \"\"\n\n  podAntiAffinity: soft\n\n# -----------------------------------------------------------------------------\n# Broker Configuration\n# -----------------------------------------------------------------------------\nbroker:\n  replicaCount: 0\n\n# -----------------------------------------------------------------------------\n# Authentication - SASL/SCRAM\n# -----------------------------------------------------------------------------\nlisteners:\n  client:\n    protocol: SASL_PLAINTEXT\n  controller:\n    protocol: SASL_PLAINTEXT\n  interbroker:\n    protocol: SASL_PLAINTEXT\n\nsasl:\n  enabled: true\n  mechanism: scram-sha-256\n  client:\n    users:\n      - kafka-user\n    passwords: Kafka@SASL2024Secure!\n  controller:\n    user: controller_user\n    password: Kafka@SASL2024Secure!\n  interbroker:\n    user: inter_broker_user\n    password: Kafka@SASL2024Secure!\n\n# -----------------------------------------------------------------------------\n# Service Configuration\n# -----------------------------------------------------------------------------\nservice:\n  type: ClusterIP\n  ports:\n    client: 9092\n    controller: 9093\n    interbroker: 9094\n\n# -----------------------------------------------------------------------------\n# Volume Permissions Init Container\n# -----------------------------------------------------------------------------\nvolumePermissions:\n  enabled: true\n  resources:\n    requests:\n      cpu: \"10m\"\n      memory: \"32Mi\"\n    limits:\n      cpu: \"50m\"\n      memory: \"64Mi\"\n\n# -----------------------------------------------------------------------------\n# Kafka Configuration\n# -----------------------------------------------------------------------------\n# Number of network threads for handling requests\nnumNetworkThreads: 3\n\n# Number of I/O threads for processing requests\nnumIoThreads: 8\n\n# Buffer sizes\nsocketSendBufferBytes: 102400\nsocketReceiveBufferBytes: 102400\nsocketRequestMaxBytes: 104857600\n\n# Log retention\nlogRetentionHours: 168\nlogRetentionBytes: 1073741824\nlogSegmentBytes: 1073741824\n\n# Replication\ndefaultReplicationFactor: 1\nminInsyncReplicas: 1\noffsetsTopicReplicationFactor: 1\ntransactionStateLogReplicationFactor: 1\ntransactionStateLogMinIsr: 1\n\n# Auto create topics\nautoCreateTopicsEnable: true\n\n# Delete topic\ndeleteTopicEnable: true\n\n# Compression\ncompressionType: producer\n\n# Extra Configuration\nextraConfig: |\n  offsets.topic.replication.factor=1\n  transaction.state.log.replication.factor=1\n  transaction.state.log.min.isr=1\n  default.replication.factor=1\n  min.insync.replicas=1\n\n# -----------------------------------------------------------------------------\n# JVM Configuration (Optimized for low resource environments)\n# -----------------------------------------------------------------------------\nheapOpts: \"-Xmx1024m -Xms1024m\"\n\n# -----------------------------------------------------------------------------\n# Metrics - Prometheus\n# -----------------------------------------------------------------------------\nmetrics:\n  kafka:\n    enabled: false\n  jmx:\n    enabled: false\n\n# -----------------------------------------------------------------------------\n# Network Policy\n# -----------------------------------------------------------------------------\nnetworkPolicy:\n  enabled: false\n\n# -----------------------------------------------------------------------------\n# Pod Security\n# -----------------------------------------------------------------------------\npodSecurityContext:\n  enabled: true\n  fsGroup: 1001\n\ncontainerSecurityContext:\n  enabled: true\n  runAsUser: 1001\n  runAsNonRoot: true\n  allowPrivilegeEscalation: false\n"
            ],
            "verify": false,
            "version": "31.0.0",
            "wait": true,
            "wait_for_jobs": false
          },
          "sensitive_attributes": [
            [
              {
                "type": "get_attr",
                "value": "values"
              },
              {
                "type": "index",
                "value": {
                  "value": 0,
                  "type": "number"
                }
              }
            ]
          ],
          "private": "eyJzY2hlbWFfdmVyc2lvbiI6IjEifQ==",
          "dependencies": [
            "module.kafka.kubernetes_namespace.kafka",
            "module.kafka.kubernetes_secret.kafka_sasl"
          ]
        }
      ]
    },
    {
      "module": "module.kafka[0]",
      "mode": "managed",
      "type": "kubernetes_deployment",
      "name": "kafka_ui",
      "provider": "provider[\"registry.terraform.io/hashicorp/kubernetes\"]",
      "instances": [
        {
          "index_key": 0,
          "schema_version": 1,
          "attributes": {
            "id": "kafka/kafka-ui",
            "metadata": [
              {
                "annotations": {},
                "generate_name": "",
                "generation": 2,
                "labels": {
                  "app": "kafka-ui",
                  "environment": "dev"
                },
                "name": "kafka-ui",
                "namespace": "kafka",
                "resource_version": "1247292",
                "uid": "5589b2fc-428d-407f-bead-73e89f714b21"
              }
            ],
            "spec": [
              {
                "min_ready_seconds": 0,
                "paused": false,
                "progress_deadline_seconds": 600,
                "replicas": "1",
                "revision_history_limit": 10,
                "selector": [
                  {
                    "match_expressions": [],
                    "match_labels": {
                      "app": "kafka-ui"
                    }
                  }
                ],
                "strategy": [
                  {
                    "rolling_update": [
                      {
                        "max_surge": "25%",
                        "max_unavailable": "25%"
                      }
                    ],
                    "type": "RollingUpdate"
                  }
                ],
                "template": [
                  {
                    "metadata": [
                      {
                        "annotations": {},
                        "generate_name": "",
                        "generation": 0,
                        "labels": {
                          "app": "kafka-ui"
                        },
                        "name": "",
                        "namespace": "",
                        "resource_version": "",
                        "uid": ""
                      }
                    ],
                    "spec": [
                      {
                        "active_deadline_seconds": 0,
                        "affinity": [],
                        "automount_service_account_token": true,
                        "container": [
                          {
                            "args": [],
                            "command": [],
                            "env": [
                              {
                                "name": "KAFKA_CLUSTERS_0_NAME",
                                "value": "kafka",
                                "value_from": []
                              },
                              {
                                "name": "KAFKA_CLUSTERS_0_BOOTSTRAPSERVERS",
                                "value": "kafka.kafka.svc.cluster.local:9092",
                                "value_from": []
                              },
                              {
                                "name": "KAFKA_CLUSTERS_0_PROPERTIES_SECURITY_PROTOCOL",
                                "value": "SASL_PLAINTEXT",
                                "value_from": []
                              },
                              {
                                "name": "KAFKA_CLUSTERS_0_PROPERTIES_SASL_MECHANISM",
                                "value": "SCRAM-SHA-256",
                                "value_from": []
                              },
                              {
                                "name": "KAFKA_CLUSTERS_0_PROPERTIES_SASL_JAAS_CONFIG",
                                "value": "org.apache.kafka.common.security.scram.ScramLoginModule required username=\"kafka-user\" password=\"Kafka@SASL2024Secure!\";",
                                "value_from": []
                              }
                            ],
                            "env_from": [],
                            "image": "provectuslabs/kafka-ui:latest",
                            "image_pull_policy": "Always",
                            "lifecycle": [],
                            "liveness_probe": [
                              {
                                "exec": [],
                                "failure_threshold": 3,
                                "grpc": [],
                                "http_get": [
                                  {
                                    "host": "",
                                    "http_header": [],
                                    "path": "/actuator/health",
                                    "port": "8080",
                                    "scheme": "HTTP"
                                  }
                                ],
                                "initial_delay_seconds": 90,
                                "period_seconds": 10,
                                "success_threshold": 1,
                                "tcp_socket": [],
                                "timeout_seconds": 5
                              }
                            ],
                            "name": "kafka-ui",
                            "port": [
                              {
                                "container_port": 8080,
                                "host_ip": "",
                                "host_port": 0,
                                "name": "http",
                                "protocol": "TCP"
                              }
                            ],
                            "readiness_probe": [
                              {
                                "exec": [],
                                "failure_threshold": 3,
                                "grpc": [],
                                "http_get": [
                                  {
                                    "host": "",
                                    "http_header": [],
                                    "path": "/actuator/health",
                                    "port": "8080",
                                    "scheme": "HTTP"
                                  }
                                ],
                                "initial_delay_seconds": 60,
                                "period_seconds": 5,
                                "success_threshold": 1,
                                "tcp_socket": [],
                                "timeout_seconds": 3
                              }
                            ],
                            "resources": [
                              {
                                "limits": {
                                  "cpu": "200m",
                                  "memory": "256Mi"
                                },
                                "requests": {
                                  "cpu": "50m",
                                  "memory": "128Mi"
                                }
                              }
                            ],
                            "security_context": [],
                            "startup_probe": [],
                            "stdin": false,
                            "stdin_once": false,
                            "termination_message_path": "/dev/termination-log",
                            "termination_message_policy": "File",
                            "tty": false,
                            "volume_device": [],
                            "volume_mount": [],
                            "working_dir": ""
                          }
                        ],
                        "dns_config": [],
                        "dns_policy": "ClusterFirst",
                        "enable_service_links": true,
                        "host_aliases": [],
                        "host_ipc": false,
                        "host_network": false,
                        "host_pid": false,
                        "hostname": "",
                        "image_pull_secrets": [],
                        "init_container": [],
                        "node_name": "",
                        "node_selector": {},
                        "os": [],
                        "priority_class_name": "",
                        "readiness_gate": [],
                        "restart_policy": "Always",
                        "runtime_class_name": "",
                        "scheduler_name": "default-scheduler",
                        "security_context": [],
                        "service_account_name": "",
                        "share_process_namespace": false,
                        "subdomain": "",
                        "termination_grace_period_seconds": 30,
                        "toleration": [],
                        "topology_spread_constraint": [],
                        "volume": []
                      }
                    ]
                  }
                ]
              }
            ],
            "timeouts": null,
            "wait_for_rollout": true
          },
          "sensitive_attributes": [
            [
              {
                "type": "get_attr",
                "value": "spec"
              },
              {
                "type": "index",
                "value": {
                  "value": 0,
                  "type": "number"
                }
              },
              {
                "type": "get_attr",
                "value": "template"
              },
              {
                "type": "index",
                "value": {
                  "value": 0,
                  "type": "number"
                }
              },
              {
                "type": "get_attr",
                "value": "spec"
              },
              {
                "type": "index",
                "value": {
                  "value": 0,
                  "type": "number"
                }
              },
              {
                "type": "get_attr",
                "value": "container"
              },
              {
                "type": "index",
                "value": {
                  "value": 0,
                  "type": "number"
                }
              },
              {
                "type": "get_attr",
                "value": "env"
              },
              {
                "type": "index",
                "value": {
                  "value": 4,
                  "type": "number"
                }
              },
              {
                "type": "get_attr",
                "value": "value"
              }
            ]
          ],
          "private": "eyJlMmJmYjczMC1lY2FhLTExZTYtOGY4OC0zNDM2M2JjN2M0YzAiOnsiY3JlYXRlIjo2MDAwMDAwMDAwMDAsImRlbGV0ZSI6NjAwMDAwMDAwMDAwLCJ1cGRhdGUiOjYwMDAwMDAwMDAwMH0sInNjaGVtYV92ZXJzaW9uIjoiMSJ9",
          "dependencies": [
            "module.kafka.helm_release.kafka",
            "module.kafka.kubernetes_namespace.kafka",
            "module.kafka.kubernetes_secret.kafka_sasl"
          ]
        }
      ]
    },
    {
      "module": "module.kafka[0]",
      "mode": "managed",
      "type": "kubernetes_namespace",
      "name": "kafka",
      "provider": "provider[\"registry.terraform.io/hashicorp/kubernetes\"]",
      "instances": [
        {
          "index_key": 0,
          "schema_version": 0,
          "attributes": {
            "id": "kafka",
            "metadata": [
              {
                "annotations": {},
                "generate_name": "",
                "generation": 0,
                "labels": {
                  "environment": "dev",
                  "managed-by": "terraform",
                  "name": "kafka"
                },
                "name": "kafka",
                "resource_version": "627014",
                "uid": "0cc84672-d95b-4334-b24c-44fadd1d23f6"
              }
            ],
            "timeouts": null,
            "wait_for_default_service_account": false
          },
          "sensitive_attributes": [],
          "private": "eyJlMmJmYjczMC1lY2FhLTExZTYtOGY4OC0zNDM2M2JjN2M0YzAiOnsiZGVsZXRlIjozMDAwMDAwMDAwMDB9fQ=="
        }
      ]
    },
    {
      "module": "module.kafka[0]",
      "mode": "managed",
      "type": "kubernetes_secret",
      "name": "kafka_sasl",
      "provider": "provider[\"registry.terraform.io/hashicorp/kubernetes\"]",
      "instances": [
        {
          "schema_version": 0,
          "attributes": {
            "binary_data": null,
            "binary_data_wo": null,
            "binary_data_wo_revision": null,
            "data": {
              "client-passwords": "Kafka@SASL2024Secure!"
            },
            "data_wo": null,
            "data_wo_revision": null,
            "id": "kafka/kafka-sasl-credentials",
            "immutable": false,
            "metadata": [
              {
                "annotations": {},
                "generate_name": "",
                "generation": 0,
                "labels": {},
                "name": "kafka-sasl-credentials",
                "namespace": "kafka",
                "resource_version": "657263",
                "uid": "3a92f286-a0bc-45d0-a12e-1b28d2ed5f5f"
              }
            ],
            "timeouts": null,
            "type": "Opaque",
            "wait_for_service_account_token": true
          },
          "sensitive_attributes": [
            [
              {
                "type": "get_attr",
                "value": "data"
              },
              {
                "type": "index",
                "value": {
                  "value": "client-passwords",
                  "type": "string"
                }
              }
            ]
          ],
          "private": "eyJlMmJmYjczMC1lY2FhLTExZTYtOGY4OC0zNDM2M2JjN2M0YzAiOnsiY3JlYXRlIjo2MDAwMDAwMDAwMH19",
          "dependencies": [
            "module.kafka.kubernetes_namespace.kafka"
          ]
        }
      ]
    },
    {
      "module": "module.kafka[0]",
      "mode": "managed",
      "type": "kubernetes_service",
      "name": "kafka_ui",
      "provider": "provider[\"registry.terraform.io/hashicorp/kubernetes\"]",
      "instances": [
        {
          "index_key": 0,
          "schema_version": 1,
          "attributes": {
            "id": "kafka/kafka-ui",
            "metadata": [
              {
                "annotations": {},
                "generate_name": "",
                "generation": 0,
                "labels": {
                  "app": "kafka-ui"
                },
                "name": "kafka-ui",
                "namespace": "kafka",
                "resource_version": "636468",
                "uid": "d84a5588-e80b-4da2-96ea-ae9095dae6b8"
              }
            ],
            "spec": [
              {
                "allocate_load_balancer_node_ports": true,
                "cluster_ip": "10.96.157.170",
                "cluster_ips": [
                  "10.96.157.170"
                ],
                "external_ips": [],
                "external_name": "",
                "external_traffic_policy": "",
                "health_check_node_port": 0,
                "internal_traffic_policy": "Cluster",
                "ip_families": [
                  "IPv4"
                ],
                "ip_family_policy": "SingleStack",
                "load_balancer_class": "",
                "load_balancer_ip": "",
                "load_balancer_source_ranges": [],
                "port": [
                  {
                    "app_protocol": "",
                    "name": "http",
                    "node_port": 0,
                    "port": 8080,
                    "protocol": "TCP",
                    "target_port": "8080"
                  }
                ],
                "publish_not_ready_addresses": false,
                "selector": {
                  "app": "kafka-ui"
                },
                "session_affinity": "None",
                "session_affinity_config": [],
                "type": "ClusterIP"
              }
            ],
            "status": [
              {
                "load_balancer": [
                  {
                    "ingress": []
                  }
                ]
              }
            ],
            "timeouts": null,
            "wait_for_load_balancer": true
          },
          "sensitive_attributes": [],
          "private": "eyJlMmJmYjczMC1lY2FhLTExZTYtOGY4OC0zNDM2M2JjN2M0YzAiOnsiY3JlYXRlIjo2MDAwMDAwMDAwMDB9LCJzY2hlbWFfdmVyc2lvbiI6IjEifQ==",
          "dependencies": [
            "module.kafka.helm_release.kafka",
            "module.kafka.kubernetes_deployment.kafka_ui",
            "module.kafka.kubernetes_namespace.kafka",
            "module.kafka.kubernetes_secret.kafka_sasl"
          ]
        }
      ]
    },
    {
      "module": "module.logging[0]",
      "mode": "data",
      "type": "kubernetes_service",
      "name": "loki",
      "provider": "provider[\"registry.terraform.io/hashicorp/kubernetes\"]",
      "instances": [
        {
          "index_key": 0,
          "schema_version": 0,
          "attributes": {
            "id": "logging/logging-loki",
            "metadata": [
              {
                "annotations": {
                  "meta.helm.sh/release-name": "logging",
                  "meta.helm.sh/release-namespace": "logging"
                },
                "generation": 0,
                "labels": {
                  "app": "loki",
                  "app.kubernetes.io/managed-by": "Helm",
                  "chart": "loki-2.16.0",
                  "heritage": "Helm",
                  "release": "logging"
                },
                "name": "logging-loki",
                "namespace": "logging",
                "resource_version": "469898",
                "uid": "10ed789b-6e0b-423a-9c40-d08e9c2aeadf"
              }
            ],
            "spec": [
              {
                "allocate_load_balancer_node_ports": true,
                "cluster_ip": "10.102.73.89",
                "cluster_ips": [
                  "10.102.73.89"
                ],
                "external_ips": [],
                "external_name": "",
                "external_traffic_policy": "",
                "health_check_node_port": 0,
                "internal_traffic_policy": "Cluster",
                "ip_families": [
                  "IPv4"
                ],
                "ip_family_policy": "SingleStack",
                "load_balancer_class": "",
                "load_balancer_ip": "",
                "load_balancer_source_ranges": [],
                "port": [
                  {
                    "app_protocol": "",
                    "name": "http-metrics",
                    "node_port": 0,
                    "port": 3100,
                    "protocol": "TCP",
                    "target_port": "http-metrics"
                  }
                ],
                "publish_not_ready_addresses": false,
                "selector": {
                  "app": "loki",
                  "release": "logging"
                },
                "session_affinity": "None",
                "session_affinity_config": [],
                "type": "ClusterIP"
              }
            ],
            "status": [
              {
                "load_balancer": [
                  {
                    "ingress": []
                  }
                ]
              }
            ]
          },
          "sensitive_attributes": []
        }
      ]
    },
    {
      "module": "module.logging[0]",
      "mode": "managed",
      "type": "helm_release",
      "name": "loki_stack",
      "provider": "provider[\"registry.terraform.io/hashicorp/helm\"]",
      "instances": [
        {
          "index_key": 0,
          "schema_version": 1,
          "attributes": {
            "atomic": false,
            "chart": "loki-stack",
            "cleanup_on_fail": false,
            "create_namespace": false,
            "dependency_update": false,
            "description": null,
            "devel": null,
            "disable_crd_hooks": false,
            "disable_openapi_validation": false,
            "disable_webhooks": false,
            "force_update": false,
            "id": "logging",
            "keyring": null,
            "lint": false,
            "manifest": null,
            "max_history": 0,
            "metadata": [
              {
                "app_version": "v2.9.3",
                "chart": "loki-stack",
                "first_deployed": 1767539033,
                "last_deployed": 1767630486,
                "name": "logging",
                "namespace": "logging",
                "notes": "The Loki stack has been deployed to your cluster. Loki can now be added as a datasource in Grafana.\n\nSee http://docs.grafana.org/features/datasources/loki/ for more detail.\n\nVerify the application is working by running these commands:\n  kubectl --namespace logging port-forward service/logging-loki 3100\n  curl http://127.0.0.1:3100/api/prom/label\n\n***********************************************************************\n Welcome to Grafana Promtail\n Chart version: 6.15.5\n Promtail version: 2.9.3\n***********************************************************************\n\nVerify the application is working by running these commands:\n* kubectl --namespace logging port-forward daemonset/logging-promtail 3101\n* curl http://127.0.0.1:3101/metrics\n",
                "revision": 3,
                "values": "{\"fluent-bit\":{\"enabled\":false},\"grafana\":{\"enabled\":false,\"sidecar\":{\"datasources\":{\"enabled\":false}}},\"loki\":{\"datasource\":{\"jsonData\":\"\",\"uid\":\"\"}},\"promtail\":{\"config\":{\"clients\":[{\"url\":\"http://logging-loki:3100/loki/api/v1/push\"}],\"positions\":{\"filename\":\"/run/promtail/positions.yaml\"},\"scrapeConfigs\":[{\"job_name\":\"kubernetes-pods\",\"kubernetes_sd_configs\":[{\"role\":\"pod\"}],\"pipeline_stages\":[{\"cri\":{}}],\"relabel_configs\":[{\"action\":\"replace\",\"regex\":\"([0-9a-z-.]+?)(-[0-9a-f]{8,10})?\",\"source_labels\":[\"__meta_kubernetes_pod_controller_name\"],\"target_label\":\"__tmp_controller_name\"},{\"action\":\"replace\",\"regex\":\"^;*([^;]+)(;.*)?$\",\"source_labels\":[\"__meta_kubernetes_pod_label_app_kubernetes_io_name\",\"__meta_kubernetes_pod_label_app\",\"__tmp_controller_name\",\"__meta_kubernetes_pod_name\"],\"target_label\":\"app\"},{\"action\":\"replace\",\"regex\":\"^;*([^;]+)(;.*)?$\",\"source_labels\":[\"__meta_kubernetes_pod_label_app_kubernetes_io_instance\",\"__meta_kubernetes_pod_label_release\"],\"target_label\":\"instance\"},{\"action\":\"replace\",\"regex\":\"^;*([^;]+)(;.*)?$\",\"source_labels\":[\"__meta_kubernetes_pod_label_app_kubernetes_io_component\",\"__meta_kubernetes_pod_label_component\"],\"target_label\":\"component\"},{\"action\":\"replace\",\"source_labels\":[\"__meta_kubernetes_pod_node_name\"],\"target_label\":\"node_name\"},{\"action\":\"replace\",\"source_labels\":[\"__meta_kubernetes_namespace\"],\"target_label\":\"namespace\"},{\"action\":\"replace\",\"replacement\":\"$1\",\"separator\":\"/\",\"source_labels\":[\"namespace\",\"app\"],\"target_label\":\"job\"},{\"action\":\"replace\",\"source_labels\":[\"__meta_kubernetes_pod_name\"],\"target_label\":\"pod\"},{\"action\":\"replace\",\"source_labels\":[\"__meta_kubernetes_pod_container_name\"],\"target_label\":\"container\"},{\"action\":\"replace\",\"replacement\":\"/var/log/pods/*$1/*.log\",\"separator\":\"/\",\"source_labels\":[\"__meta_kubernetes_pod_uid\",\"__meta_kubernetes_pod_container_name\"],\"target_label\":\"__path__\"},{\"action\":\"replace\",\"regex\":\"true/(.*)\",\"replacement\":\"/var/log/pods/*$1/*.log\",\"separator\":\"/\",\"source_labels\":[\"__meta_kubernetes_pod_annotationpresent_kubernetes_io_config_hash\",\"__meta_kubernetes_pod_annotation_kubernetes_io_config_hash\",\"__meta_kubernetes_pod_container_name\"],\"target_label\":\"__path__\"}]}]},\"enabled\":true,\"resources\":{\"limits\":{\"cpu\":\"100m\",\"memory\":\"128Mi\"},\"requests\":{\"cpu\":\"20m\",\"memory\":\"64Mi\"}}}}",
                "version": "2.10.2"
              }
            ],
            "name": "logging",
            "namespace": "logging",
            "pass_credentials": false,
            "postrender": [],
            "recreate_pods": false,
            "render_subchart_notes": true,
            "replace": false,
            "repository": "https://grafana.github.io/helm-charts",
            "repository_ca_file": null,
            "repository_cert_file": null,
            "repository_key_file": null,
            "repository_password": null,
            "repository_username": null,
            "reset_values": false,
            "reuse_values": false,
            "set": [],
            "set_list": [],
            "set_sensitive": [],
            "skip_crds": false,
            "status": "deployed",
            "timeout": 600,
            "upgrade_install": null,
            "values": [
              "# =============================================================================\r\n# Loki Stack Helm Values Template\r\n# =============================================================================\r\n# This file is rendered by Terraform templatefile() function\r\n# Available variables are passed from main.tf\r\n# =============================================================================\r\n\r\n# -----------------------------------------------------------------------------\r\n# Loki Configuration\r\n# -----------------------------------------------------------------------------\r\nloki:\r\n  enabled: true\r\n  \r\n  # Loki server configuration\r\n  config:\r\n    auth_enabled: false\r\n    \r\n    # Ingester config for better performance\r\n    ingester:\r\n      chunk_idle_period: 3m\r\n      chunk_block_size: 262144\r\n      chunk_retain_period: 1m\r\n      max_transfer_retries: 0\r\n      lifecycler:\r\n        ring:\r\n          kvstore:\r\n            store: inmemory\r\n          replication_factor: 1\r\n    \r\n    # Limits config\r\n    limits_config:\r\n      enforce_metric_name: false\r\n      reject_old_samples: true\r\n      reject_old_samples_max_age: 168h  # 7 days\r\n      max_entries_limit_per_query: 5000\r\n    \r\n    # Schema config\r\n    schema_config:\r\n      configs:\r\n        - from: \"2020-10-24\"\r\n          store: boltdb-shipper\r\n          object_store: filesystem\r\n          schema: v11\r\n          index:\r\n            prefix: index_\r\n            period: 24h\r\n    \r\n    # Storage config\r\n    storage_config:\r\n      boltdb_shipper:\r\n        active_index_directory: /data/loki/boltdb-shipper-active\r\n        cache_location: /data/loki/boltdb-shipper-cache\r\n        cache_ttl: 24h\r\n        shared_store: filesystem\r\n      filesystem:\r\n        directory: /data/loki/chunks\r\n    \r\n    # Compactor config\r\n    compactor:\r\n      working_directory: /data/loki/boltdb-shipper-compactor\r\n      shared_store: filesystem\r\n    \r\n    # Table manager for retention\r\n    table_manager:\r\n      retention_deletes_enabled: true\r\n      retention_period: 168h\r\n  \r\n  # Persistence\r\n  persistence:\r\n    enabled: false\r\n    size: 10Gi\r\n    storageClassName: \"standard\"\r\n  \r\n  # Resources\r\n  resources:\r\n    requests:\r\n      cpu: \"50m\"\r\n      memory: \"128Mi\"\r\n    limits:\r\n      cpu: \"200m\"\r\n      memory: \"256Mi\"\r\n  \r\n  # Service configuration\r\n  service:\r\n    type: ClusterIP\r\n    port: 3100\r\n\r\n# -----------------------------------------------------------------------------\r\n# Promtail Configuration\r\n# -----------------------------------------------------------------------------\r\npromtail:\r\n  enabled: true\r\n  \r\n  # Promtail config\r\n  config:\r\n    # Loki client configuration\r\n    clients:\r\n      - url: http://logging-loki:3100/loki/api/v1/push\r\n    \r\n    # Position tracking\r\n    positions:\r\n      filename: /run/promtail/positions.yaml\r\n    \r\n    # Scrape configs for Kubernetes logs\r\n    scrapeConfigs:\r\n      # Pod logs\r\n      - job_name: kubernetes-pods\r\n        pipeline_stages:\r\n          - cri: {}\r\n        kubernetes_sd_configs:\r\n          - role: pod\r\n        relabel_configs:\r\n          # Keep only labeled pods\r\n          - source_labels:\r\n              - __meta_kubernetes_pod_controller_name\r\n            regex: ([0-9a-z-.]+?)(-[0-9a-f]{8,10})?\r\n            action: replace\r\n            target_label: __tmp_controller_name\r\n          - source_labels:\r\n              - __meta_kubernetes_pod_label_app_kubernetes_io_name\r\n              - __meta_kubernetes_pod_label_app\r\n              - __tmp_controller_name\r\n              - __meta_kubernetes_pod_name\r\n            regex: ^;*([^;]+)(;.*)?$\r\n            action: replace\r\n            target_label: app\r\n          - source_labels:\r\n              - __meta_kubernetes_pod_label_app_kubernetes_io_instance\r\n              - __meta_kubernetes_pod_label_release\r\n            regex: ^;*([^;]+)(;.*)?$\r\n            action: replace\r\n            target_label: instance\r\n          - source_labels:\r\n              - __meta_kubernetes_pod_label_app_kubernetes_io_component\r\n              - __meta_kubernetes_pod_label_component\r\n            regex: ^;*([^;]+)(;.*)?$\r\n            action: replace\r\n            target_label: component\r\n          - action: replace\r\n            source_labels:\r\n              - __meta_kubernetes_pod_node_name\r\n            target_label: node_name\r\n          - action: replace\r\n            source_labels:\r\n              - __meta_kubernetes_namespace\r\n            target_label: namespace\r\n          - action: replace\r\n            replacement: $1\r\n            separator: /\r\n            source_labels:\r\n              - namespace\r\n              - app\r\n            target_label: job\r\n          - action: replace\r\n            source_labels:\r\n              - __meta_kubernetes_pod_name\r\n            target_label: pod\r\n          - action: replace\r\n            source_labels:\r\n              - __meta_kubernetes_pod_container_name\r\n            target_label: container\r\n          - action: replace\r\n            replacement: /var/log/pods/*$1/*.log\r\n            separator: /\r\n            source_labels:\r\n              - __meta_kubernetes_pod_uid\r\n              - __meta_kubernetes_pod_container_name\r\n            target_label: __path__\r\n          - action: replace\r\n            regex: true/(.*)\r\n            replacement: /var/log/pods/*$1/*.log\r\n            separator: /\r\n            source_labels:\r\n              - __meta_kubernetes_pod_annotationpresent_kubernetes_io_config_hash\r\n              - __meta_kubernetes_pod_annotation_kubernetes_io_config_hash\r\n              - __meta_kubernetes_pod_container_name\r\n            target_label: __path__\r\n  \r\n  # Resources\r\n  resources:\r\n    requests:\r\n      cpu: \"20m\"\r\n      memory: \"64Mi\"\r\n    limits:\r\n      cpu: \"100m\"\r\n      memory: \"128Mi\"\r\n\r\n# -----------------------------------------------------------------------------\r\n# Disabled Components\r\n# -----------------------------------------------------------------------------\r\n# We use external Grafana from monitoring module\r\ngrafana:\r\n  enabled: false\r\n  sidecar:\r\n    datasources:\r\n      # Disable datasource configmap creation - we create our own with correct FQDN\r\n      enabled: false\r\n\r\n# Disable loki datasource configmap (uses wrong URL without namespace)\r\nloki:\r\n  datasource:\r\n    # This prevents loki-stack from creating a datasource configmap with wrong URL\r\n    # We create our own configmap in grafana-integration.tf with correct FQDN\r\n    jsonData: \"\"\r\n    uid: \"\"\r\n\r\n# Fluent-bit disabled, using Promtail instead\r\nfluent-bit:\r\n  enabled: false\r\n"
            ],
            "verify": false,
            "version": "2.10.2",
            "wait": true,
            "wait_for_jobs": false
          },
          "sensitive_attributes": [],
          "private": "eyJzY2hlbWFfdmVyc2lvbiI6IjEifQ==",
          "dependencies": [
            "module.logging.kubernetes_namespace.logging",
            "module.monitoring.data.kubernetes_service.alertmanager",
            "module.monitoring.data.kubernetes_service.grafana",
            "module.monitoring.data.kubernetes_service.prometheus",
            "module.monitoring.helm_release.kube_prometheus_stack",
            "module.monitoring.kubernetes_namespace.monitoring"
          ]
        }
      ]
    },
    {
      "module": "module.logging[0]",
      "mode": "managed",
      "type": "kubernetes_config_map",
      "name": "loki_datasource",
      "provider": "provider[\"registry.terraform.io/hashicorp/kubernetes\"]",
      "instances": [
        {
          "index_key": 0,
          "schema_version": 0,
          "attributes": {
            "binary_data": {},
            "data": {
              "loki-datasource.yaml": "\"apiVersion\": 1\n\"datasources\":\n- \"access\": \"proxy\"\n  \"editable\": false\n  \"isDefault\": false\n  \"jsonData\":\n    \"maxLines\": 1000\n  \"name\": \"Loki\"\n  \"type\": \"loki\"\n  \"url\": \"http://logging-loki.logging.svc.cluster.local:3100\"\n  \"version\": 1\n"
            },
            "id": "monitoring/loki-datasource",
            "immutable": false,
            "metadata": [
              {
                "annotations": {},
                "generate_name": "",
                "generation": 0,
                "labels": {
                  "app.kubernetes.io/managed-by": "terraform",
                  "environment": "dev",
                  "grafana_datasource": "1"
                },
                "name": "loki-datasource",
                "namespace": "monitoring",
                "resource_version": "515594",
                "uid": "c40d8b02-f870-43d9-8bee-56eeec0b1e01"
              }
            ]
          },
          "sensitive_attributes": [],
          "private": "bnVsbA==",
          "dependencies": [
            "module.logging.helm_release.loki_stack",
            "module.logging.kubernetes_namespace.logging",
            "module.monitoring.data.kubernetes_service.alertmanager",
            "module.monitoring.data.kubernetes_service.grafana",
            "module.monitoring.data.kubernetes_service.prometheus",
            "module.monitoring.helm_release.kube_prometheus_stack",
            "module.monitoring.kubernetes_namespace.monitoring"
          ]
        }
      ]
    },
    {
      "module": "module.logging[0]",
      "mode": "managed",
      "type": "kubernetes_namespace",
      "name": "logging",
      "provider": "provider[\"registry.terraform.io/hashicorp/kubernetes\"]",
      "instances": [
        {
          "index_key": 0,
          "schema_version": 0,
          "attributes": {
            "id": "logging",
            "metadata": [
              {
                "annotations": {},
                "generate_name": "",
                "generation": 0,
                "labels": {
                  "app.kubernetes.io/managed-by": "terraform",
                  "app.kubernetes.io/name": "logging",
                  "environment": "dev"
                },
                "name": "logging",
                "resource_version": "469875",
                "uid": "3555f682-27d4-47d4-887a-c548897c9d8a"
              }
            ],
            "timeouts": null,
            "wait_for_default_service_account": false
          },
          "sensitive_attributes": [],
          "private": "eyJlMmJmYjczMC1lY2FhLTExZTYtOGY4OC0zNDM2M2JjN2M0YzAiOnsiZGVsZXRlIjozMDAwMDAwMDAwMDB9fQ==",
          "dependencies": [
            "module.monitoring.data.kubernetes_service.alertmanager",
            "module.monitoring.data.kubernetes_service.grafana",
            "module.monitoring.data.kubernetes_service.prometheus",
            "module.monitoring.helm_release.kube_prometheus_stack",
            "module.monitoring.kubernetes_namespace.monitoring"
          ]
        }
      ]
    },
    {
      "module": "module.mongodb_task_service[0]",
      "mode": "data",
      "type": "kubernetes_service",
      "name": "mongodb_sharded",
      "provider": "provider[\"registry.terraform.io/hashicorp/kubernetes\"]",
      "instances": [
        {
          "schema_version": 0,
          "attributes": {
            "id": "mongodb-task/task-mongodb",
            "metadata": [
              {
                "annotations": {},
                "generation": 0,
                "labels": {},
                "name": "task-mongodb",
                "namespace": "mongodb-task",
                "resource_version": "",
                "uid": ""
              }
            ],
            "spec": null,
            "status": null
          },
          "sensitive_attributes": []
        }
      ]
    },
    {
      "module": "module.mongodb_task_service[0]",
      "mode": "managed",
      "type": "helm_release",
      "name": "mongodb_sharded",
      "provider": "provider[\"registry.terraform.io/hashicorp/helm\"]",
      "instances": [
        {
          "schema_version": 1,
          "attributes": {
            "atomic": false,
            "chart": "oci://registry-1.docker.io/bitnamicharts/mongodb-sharded",
            "cleanup_on_fail": false,
            "create_namespace": true,
            "dependency_update": false,
            "description": null,
            "devel": null,
            "disable_crd_hooks": false,
            "disable_openapi_validation": false,
            "disable_webhooks": false,
            "force_update": false,
            "id": "task-mongodb",
            "keyring": null,
            "lint": false,
            "manifest": null,
            "max_history": 0,
            "metadata": [
              {
                "app_version": "8.0.13",
                "chart": "mongodb-sharded",
                "first_deployed": 1768234357,
                "last_deployed": 1768234357,
                "name": "task-mongodb",
                "namespace": "mongodb-task",
                "notes": "CHART NAME: mongodb-sharded\nCHART VERSION: 9.4.12\nAPP VERSION: 8.0.13\n\n⚠ WARNING: Since August 28th, 2025, only a limited subset of images/charts are available for free.\n    Subscribe to Bitnami Secure Images to receive continued support and security updates.\n    More info at https://bitnami.com and https://github.com/bitnami/containers/issues/83267\n\n** Please be patient while the chart is being deployed **\n\nThe MongoDB\u0026reg; Sharded cluster can be accessed via the Mongos instances in port 27017 on the following DNS name from within your cluster:\n\n    task-mongodb-mongodb-sharded.mongodb-task.svc.cluster.local\n\nTo get the root password run:\n\n    export MONGODB_ROOT_PASSWORD=$(kubectl get secret --namespace mongodb-task task-mongodb-mongodb-sharded -o jsonpath=\"{.data.mongodb-root-password}\" | base64 -d)\n\nTo connect to your database run the following command:\n\n    kubectl run --namespace mongodb-task task-mongodb-mongodb-sharded-client --rm --tty -i --restart='Never' --image docker.io/bitnamilegacy/mongodb-sharded:8.0.12-debian-12-r0 --command -- mongosh admin --host task-mongodb-mongodb-sharded --authenticationDatabase admin -u root -p $MONGODB_ROOT_PASSWORD\n\nTo connect to your database from outside the cluster execute the following commands:\n\n    kubectl port-forward --namespace mongodb-task svc/task-mongodb-mongodb-sharded 27017:27017 \u0026\n    mongosh --host 127.0.0.1 --authenticationDatabase admin -p $MONGODB_ROOT_PASSWORD\n\n⚠ SECURITY WARNING: Original containers have been substituted. This Helm chart was designed, tested, and validated on multiple platforms using a specific set of Bitnami and Tanzu Application Catalog containers. Substituting other containers is likely to cause degraded security and performance, broken chart features, and missing environment variables.\n\nSubstituted images detected:\n  - docker.io/bitnamilegacy/mongodb-sharded:8.0.12-debian-12-r0\n\n⚠ WARNING: Original containers have been substituted for unrecognized ones. Deploying this chart with non-standard containers is likely to cause degraded security and performance, broken chart features, and missing environment variables.\n\nUnrecognized images:\n  - docker.io/bitnamilegacy/mongodb-sharded:8.0.12-debian-12-r0\n",
                "revision": 1,
                "values": "{\"auth\":{\"enabled\":true,\"rootPassword\":\"(sensitive value)\",\"rootUser\":\"root\"},\"configsvr\":{\"persistence\":{\"size\":\"2Gi\"},\"replicaCount\":1,\"resources\":{\"limits\":{\"cpu\":\"256m\",\"memory\":\"512Mi\"},\"requests\":{\"cpu\":\"96m\",\"memory\":\"192Mi\"}}},\"image\":{\"debug\":false,\"registry\":\"docker.io\",\"repository\":\"bitnamilegacy/mongodb-sharded\",\"tag\":\"8.0.12-debian-12-r0\"},\"mongos\":{\"replicaCount\":1,\"resources\":{\"limits\":{\"cpu\":\"384m\",\"memory\":\"768Mi\"},\"requests\":{\"cpu\":\"96m\",\"memory\":\"192Mi\"}}},\"persistence\":{\"enabled\":true},\"shards\":1,\"shardsvr\":{\"dataNode\":{\"replicaCount\":1,\"resources\":{\"limits\":{\"cpu\":\"768m\",\"memory\":\"1536Mi\"},\"requests\":{\"cpu\":\"192m\",\"memory\":\"384Mi\"}}},\"persistence\":{\"size\":\"8Gi\"}}}",
                "version": "9.4.12"
              }
            ],
            "name": "task-mongodb",
            "namespace": "mongodb-task",
            "pass_credentials": false,
            "postrender": [],
            "recreate_pods": false,
            "render_subchart_notes": true,
            "replace": false,
            "repository": null,
            "repository_ca_file": null,
            "repository_cert_file": null,
            "repository_key_file": null,
            "repository_password": null,
            "repository_username": null,
            "reset_values": false,
            "reuse_values": false,
            "set": [
              {
                "name": "auth.enabled",
                "type": "",
                "value": "true"
              },
              {
                "name": "auth.rootUser",
                "type": "",
                "value": "root"
              },
              {
                "name": "configsvr.persistence.size",
                "type": "",
                "value": "2Gi"
              },
              {
                "name": "configsvr.replicaCount",
                "type": "",
                "value": "1"
              },
              {
                "name": "configsvr.resources.limits.cpu",
                "type": "",
                "value": "256m"
              },
              {
                "name": "configsvr.resources.limits.memory",
                "type": "",
                "value": "512Mi"
              },
              {
                "name": "configsvr.resources.requests.cpu",
                "type": "",
                "value": "96m"
              },
              {
                "name": "configsvr.resources.requests.memory",
                "type": "",
                "value": "192Mi"
              },
              {
                "name": "image.debug",
                "type": "",
                "value": "false"
              },
              {
                "name": "image.registry",
                "type": "",
                "value": "docker.io"
              },
              {
                "name": "image.repository",
                "type": "",
                "value": "bitnamilegacy/mongodb-sharded"
              },
              {
                "name": "image.tag",
                "type": "",
                "value": "8.0.12-debian-12-r0"
              },
              {
                "name": "mongos.replicaCount",
                "type": "",
                "value": "1"
              },
              {
                "name": "mongos.resources.limits.cpu",
                "type": "",
                "value": "384m"
              },
              {
                "name": "mongos.resources.limits.memory",
                "type": "",
                "value": "768Mi"
              },
              {
                "name": "mongos.resources.requests.cpu",
                "type": "",
                "value": "96m"
              },
              {
                "name": "mongos.resources.requests.memory",
                "type": "",
                "value": "192Mi"
              },
              {
                "name": "persistence.enabled",
                "type": "",
                "value": "true"
              },
              {
                "name": "shards",
                "type": "",
                "value": "1"
              },
              {
                "name": "shardsvr.dataNode.replicaCount",
                "type": "",
                "value": "1"
              },
              {
                "name": "shardsvr.dataNode.resources.limits.cpu",
                "type": "",
                "value": "768m"
              },
              {
                "name": "shardsvr.dataNode.resources.limits.memory",
                "type": "",
                "value": "1536Mi"
              },
              {
                "name": "shardsvr.dataNode.resources.requests.cpu",
                "type": "",
                "value": "192m"
              },
              {
                "name": "shardsvr.dataNode.resources.requests.memory",
                "type": "",
                "value": "384Mi"
              },
              {
                "name": "shardsvr.persistence.size",
                "type": "",
                "value": "8Gi"
              }
            ],
            "set_list": [],
            "set_sensitive": [
              {
                "name": "auth.rootPassword",
                "type": "",
                "value": "MongoDB@Root2024Secure!"
              }
            ],
            "skip_crds": false,
            "status": "deployed",
            "timeout": 900,
            "upgrade_install": null,
            "values": null,
            "verify": false,
            "version": "9.4.12",
            "wait": false,
            "wait_for_jobs": false
          },
          "sensitive_attributes": [
            [
              {
                "type": "get_attr",
                "value": "set_sensitive"
              }
            ]
          ],
          "private": "eyJzY2hlbWFfdmVyc2lvbiI6IjEifQ==",
          "dependencies": [
            "module.mongodb_task_service.kubernetes_namespace.mongodb_sharded"
          ]
        }
      ]
    },
    {
      "module": "module.mongodb_task_service[0]",
      "mode": "managed",
      "type": "kubernetes_namespace",
      "name": "mongodb_sharded",
      "provider": "provider[\"registry.terraform.io/hashicorp/kubernetes\"]",
      "instances": [
        {
          "schema_version": 0,
          "attributes": {
            "id": "mongodb-task",
            "metadata": [
              {
                "annotations": {},
                "generate_name": "",
                "generation": 0,
                "labels": {},
                "name": "mongodb-task",
                "resource_version": "762693",
                "uid": "466f7cd1-1f12-41fa-b3c1-674a39a26418"
              }
            ],
            "timeouts": null,
            "wait_for_default_service_account": false
          },
          "sensitive_attributes": [],
          "private": "eyJlMmJmYjczMC1lY2FhLTExZTYtOGY4OC0zNDM2M2JjN2M0YzAiOnsiZGVsZXRlIjozMDAwMDAwMDAwMDB9fQ=="
        }
      ]
    },
    {
      "module": "module.mongodb_user_service[0]",
      "mode": "data",
      "type": "kubernetes_service",
      "name": "mongodb_sharded",
      "provider": "provider[\"registry.terraform.io/hashicorp/kubernetes\"]",
      "instances": [
        {
          "schema_version": 0,
          "attributes": {
            "id": "mongodb-user/user-mongodb",
            "metadata": [
              {
                "annotations": {},
                "generation": 0,
                "labels": {},
                "name": "user-mongodb",
                "namespace": "mongodb-user",
                "resource_version": "",
                "uid": ""
              }
            ],
            "spec": null,
            "status": null
          },
          "sensitive_attributes": []
        }
      ]
    },
    {
      "module": "module.mongodb_user_service[0]",
      "mode": "managed",
      "type": "helm_release",
      "name": "mongodb_sharded",
      "provider": "provider[\"registry.terraform.io/hashicorp/helm\"]",
      "instances": [
        {
          "schema_version": 1,
          "attributes": {
            "atomic": false,
            "chart": "oci://registry-1.docker.io/bitnamicharts/mongodb-sharded",
            "cleanup_on_fail": false,
            "create_namespace": true,
            "dependency_update": false,
            "description": null,
            "devel": null,
            "disable_crd_hooks": false,
            "disable_openapi_validation": false,
            "disable_webhooks": false,
            "force_update": false,
            "id": "user-mongodb",
            "keyring": null,
            "lint": false,
            "manifest": null,
            "max_history": 0,
            "metadata": [
              {
                "app_version": "8.0.13",
                "chart": "mongodb-sharded",
                "first_deployed": 1768234359,
                "last_deployed": 1769545003,
                "name": "user-mongodb",
                "namespace": "mongodb-user",
                "notes": "CHART NAME: mongodb-sharded\nCHART VERSION: 9.4.12\nAPP VERSION: 8.0.13\n\n⚠ WARNING: Since August 28th, 2025, only a limited subset of images/charts are available for free.\n    Subscribe to Bitnami Secure Images to receive continued support and security updates.\n    More info at https://bitnami.com and https://github.com/bitnami/containers/issues/83267\n\n** Please be patient while the chart is being deployed **\n\nThe MongoDB\u0026reg; Sharded cluster can be accessed via the Mongos instances in port 27017 on the following DNS name from within your cluster:\n\n    user-mongodb-mongodb-sharded.mongodb-user.svc.cluster.local\n\nTo get the root password run:\n\n    export MONGODB_ROOT_PASSWORD=$(kubectl get secret --namespace mongodb-user user-mongodb-mongodb-sharded -o jsonpath=\"{.data.mongodb-root-password}\" | base64 -d)\n\nTo connect to your database run the following command:\n\n    kubectl run --namespace mongodb-user user-mongodb-mongodb-sharded-client --rm --tty -i --restart='Never' --image docker.io/bitnamilegacy/mongodb-sharded:8.0.12-debian-12-r0 --command -- mongosh admin --host user-mongodb-mongodb-sharded --authenticationDatabase admin -u root -p $MONGODB_ROOT_PASSWORD\n\nTo connect to your database from outside the cluster execute the following commands:\n\n    kubectl port-forward --namespace mongodb-user svc/user-mongodb-mongodb-sharded 27017:27017 \u0026\n    mongosh --host 127.0.0.1 --authenticationDatabase admin -p $MONGODB_ROOT_PASSWORD\n\n⚠ SECURITY WARNING: Original containers have been substituted. This Helm chart was designed, tested, and validated on multiple platforms using a specific set of Bitnami and Tanzu Application Catalog containers. Substituting other containers is likely to cause degraded security and performance, broken chart features, and missing environment variables.\n\nSubstituted images detected:\n  - docker.io/bitnamilegacy/mongodb-sharded:8.0.12-debian-12-r0\n\n⚠ WARNING: Original containers have been substituted for unrecognized ones. Deploying this chart with non-standard containers is likely to cause degraded security and performance, broken chart features, and missing environment variables.\n\nUnrecognized images:\n  - docker.io/bitnamilegacy/mongodb-sharded:8.0.12-debian-12-r0\n",
                "revision": 4,
                "values": "{\"auth\":{\"enabled\":true,\"rootPassword\":\"(sensitive value)\",\"rootUser\":\"root\"},\"configsvr\":{\"persistence\":{\"size\":\"2Gi\"},\"replicaCount\":1,\"resources\":{\"limits\":{\"cpu\":\"256m\",\"memory\":\"512Mi\"},\"requests\":{\"cpu\":\"96m\",\"memory\":\"192Mi\"}}},\"image\":{\"debug\":false,\"registry\":\"docker.io\",\"repository\":\"bitnamilegacy/mongodb-sharded\",\"tag\":\"8.0.12-debian-12-r0\"},\"mongos\":{\"replicaCount\":1,\"resources\":{\"limits\":{\"cpu\":\"384m\",\"memory\":\"768Mi\"},\"requests\":{\"cpu\":\"96m\",\"memory\":\"192Mi\"}}},\"persistence\":{\"enabled\":true},\"shards\":3,\"shardsvr\":{\"dataNode\":{\"replicaCount\":1,\"resources\":{\"limits\":{\"cpu\":\"768m\",\"memory\":\"1536Mi\"},\"requests\":{\"cpu\":\"192m\",\"memory\":\"384Mi\"}}},\"persistence\":{\"size\":\"8Gi\"}}}",
                "version": "9.4.12"
              }
            ],
            "name": "user-mongodb",
            "namespace": "mongodb-user",
            "pass_credentials": false,
            "postrender": [],
            "recreate_pods": false,
            "render_subchart_notes": true,
            "replace": false,
            "repository": null,
            "repository_ca_file": null,
            "repository_cert_file": null,
            "repository_key_file": null,
            "repository_password": null,
            "repository_username": null,
            "reset_values": false,
            "reuse_values": false,
            "set": [
              {
                "name": "auth.enabled",
                "type": "",
                "value": "true"
              },
              {
                "name": "auth.rootUser",
                "type": "",
                "value": "root"
              },
              {
                "name": "configsvr.persistence.size",
                "type": "",
                "value": "2Gi"
              },
              {
                "name": "configsvr.replicaCount",
                "type": "",
                "value": "1"
              },
              {
                "name": "configsvr.resources.limits.cpu",
                "type": "",
                "value": "256m"
              },
              {
                "name": "configsvr.resources.limits.memory",
                "type": "",
                "value": "512Mi"
              },
              {
                "name": "configsvr.resources.requests.cpu",
                "type": "",
                "value": "96m"
              },
              {
                "name": "configsvr.resources.requests.memory",
                "type": "",
                "value": "192Mi"
              },
              {
                "name": "image.debug",
                "type": "",
                "value": "false"
              },
              {
                "name": "image.registry",
                "type": "",
                "value": "docker.io"
              },
              {
                "name": "image.repository",
                "type": "",
                "value": "bitnamilegacy/mongodb-sharded"
              },
              {
                "name": "image.tag",
                "type": "",
                "value": "8.0.12-debian-12-r0"
              },
              {
                "name": "mongos.replicaCount",
                "type": "",
                "value": "1"
              },
              {
                "name": "mongos.resources.limits.cpu",
                "type": "",
                "value": "384m"
              },
              {
                "name": "mongos.resources.limits.memory",
                "type": "",
                "value": "768Mi"
              },
              {
                "name": "mongos.resources.requests.cpu",
                "type": "",
                "value": "96m"
              },
              {
                "name": "mongos.resources.requests.memory",
                "type": "",
                "value": "192Mi"
              },
              {
                "name": "persistence.enabled",
                "type": "",
                "value": "true"
              },
              {
                "name": "shards",
                "type": "",
                "value": "1"
              },
              {
                "name": "shardsvr.dataNode.replicaCount",
                "type": "",
                "value": "1"
              },
              {
                "name": "shardsvr.dataNode.resources.limits.cpu",
                "type": "",
                "value": "768m"
              },
              {
                "name": "shardsvr.dataNode.resources.limits.memory",
                "type": "",
                "value": "1536Mi"
              },
              {
                "name": "shardsvr.dataNode.resources.requests.cpu",
                "type": "",
                "value": "192m"
              },
              {
                "name": "shardsvr.dataNode.resources.requests.memory",
                "type": "",
                "value": "384Mi"
              },
              {
                "name": "shardsvr.persistence.size",
                "type": "",
                "value": "8Gi"
              }
            ],
            "set_list": [],
            "set_sensitive": [
              {
                "name": "auth.rootPassword",
                "type": "",
                "value": "MongoDB@Root2024Secure!"
              }
            ],
            "skip_crds": false,
            "status": "deployed",
            "timeout": 900,
            "upgrade_install": null,
            "values": null,
            "verify": false,
            "version": "9.4.12",
            "wait": false,
            "wait_for_jobs": false
          },
          "sensitive_attributes": [
            [
              {
                "type": "get_attr",
                "value": "set_sensitive"
              }
            ]
          ],
          "private": "eyJzY2hlbWFfdmVyc2lvbiI6IjEifQ==",
          "dependencies": [
            "module.mongodb_user_service.kubernetes_namespace.mongodb_sharded"
          ]
        }
      ]
    },
    {
      "module": "module.mongodb_user_service[0]",
      "mode": "managed",
      "type": "kubernetes_namespace",
      "name": "mongodb_sharded",
      "provider": "provider[\"registry.terraform.io/hashicorp/kubernetes\"]",
      "instances": [
        {
          "schema_version": 0,
          "attributes": {
            "id": "mongodb-user",
            "metadata": [
              {
                "annotations": {},
                "generate_name": "",
                "generation": 0,
                "labels": {},
                "name": "mongodb-user",
                "resource_version": "762694",
                "uid": "1d3d7b6c-f3df-4277-afc2-2493caf48207"
              }
            ],
            "timeouts": null,
            "wait_for_default_service_account": false
          },
          "sensitive_attributes": [],
          "private": "eyJlMmJmYjczMC1lY2FhLTExZTYtOGY4OC0zNDM2M2JjN2M0YzAiOnsiZGVsZXRlIjozMDAwMDAwMDAwMDB9fQ=="
        }
      ]
    },
    {
      "module": "module.monitoring[0]",
      "mode": "data",
      "type": "kubernetes_service",
      "name": "alertmanager",
      "provider": "provider[\"registry.terraform.io/hashicorp/kubernetes\"]",
      "instances": [
        {
          "index_key": 0,
          "schema_version": 0,
          "attributes": {
            "id": "monitoring/monitoring-kube-prometheus-alertmanager",
            "metadata": [
              {
                "annotations": {
                  "meta.helm.sh/release-name": "monitoring",
                  "meta.helm.sh/release-namespace": "monitoring"
                },
                "generation": 0,
                "labels": {
                  "app": "kube-prometheus-stack-alertmanager",
                  "app.kubernetes.io/instance": "monitoring",
                  "app.kubernetes.io/managed-by": "Helm",
                  "app.kubernetes.io/part-of": "kube-prometheus-stack",
                  "app.kubernetes.io/version": "56.6.2",
                  "chart": "kube-prometheus-stack-56.6.2",
                  "heritage": "Helm",
                  "release": "monitoring",
                  "self-monitor": "true"
                },
                "name": "monitoring-kube-prometheus-alertmanager",
                "namespace": "monitoring",
                "resource_version": "469472",
                "uid": "3cc5a4bc-7ddf-4354-bde4-e3b78b4eb149"
              }
            ],
            "spec": [
              {
                "allocate_load_balancer_node_ports": true,
                "cluster_ip": "10.97.21.235",
                "cluster_ips": [
                  "10.97.21.235"
                ],
                "external_ips": [],
                "external_name": "",
                "external_traffic_policy": "",
                "health_check_node_port": 0,
                "internal_traffic_policy": "Cluster",
                "ip_families": [
                  "IPv4"
                ],
                "ip_family_policy": "SingleStack",
                "load_balancer_class": "",
                "load_balancer_ip": "",
                "load_balancer_source_ranges": [],
                "port": [
                  {
                    "app_protocol": "",
                    "name": "http-web",
                    "node_port": 0,
                    "port": 9093,
                    "protocol": "TCP",
                    "target_port": "9093"
                  },
                  {
                    "app_protocol": "http",
                    "name": "reloader-web",
                    "node_port": 0,
                    "port": 8080,
                    "protocol": "TCP",
                    "target_port": "reloader-web"
                  }
                ],
                "publish_not_ready_addresses": false,
                "selector": {
                  "alertmanager": "monitoring-kube-prometheus-alertmanager",
                  "app.kubernetes.io/name": "alertmanager"
                },
                "session_affinity": "None",
                "session_affinity_config": [],
                "type": "ClusterIP"
              }
            ],
            "status": [
              {
                "load_balancer": [
                  {
                    "ingress": []
                  }
                ]
              }
            ]
          },
          "sensitive_attributes": []
        }
      ]
    },
    {
      "module": "module.monitoring[0]",
      "mode": "data",
      "type": "kubernetes_service",
      "name": "grafana",
      "provider": "provider[\"registry.terraform.io/hashicorp/kubernetes\"]",
      "instances": [
        {
          "index_key": 0,
          "schema_version": 0,
          "attributes": {
            "id": "monitoring/monitoring-grafana",
            "metadata": [
              {
                "annotations": {
                  "meta.helm.sh/release-name": "monitoring",
                  "meta.helm.sh/release-namespace": "monitoring"
                },
                "generation": 0,
                "labels": {
                  "app.kubernetes.io/instance": "monitoring",
                  "app.kubernetes.io/managed-by": "Helm",
                  "app.kubernetes.io/name": "grafana",
                  "app.kubernetes.io/version": "10.3.1",
                  "helm.sh/chart": "grafana-7.3.0"
                },
                "name": "monitoring-grafana",
                "namespace": "monitoring",
                "resource_version": "469492",
                "uid": "0570b745-89fd-4501-8c0e-5a690fdfa4bb"
              }
            ],
            "spec": [
              {
                "allocate_load_balancer_node_ports": true,
                "cluster_ip": "10.99.236.137",
                "cluster_ips": [
                  "10.99.236.137"
                ],
                "external_ips": [],
                "external_name": "",
                "external_traffic_policy": "",
                "health_check_node_port": 0,
                "internal_traffic_policy": "Cluster",
                "ip_families": [
                  "IPv4"
                ],
                "ip_family_policy": "SingleStack",
                "load_balancer_class": "",
                "load_balancer_ip": "",
                "load_balancer_source_ranges": [],
                "port": [
                  {
                    "app_protocol": "",
                    "name": "http-web",
                    "node_port": 0,
                    "port": 80,
                    "protocol": "TCP",
                    "target_port": "3000"
                  }
                ],
                "publish_not_ready_addresses": false,
                "selector": {
                  "app.kubernetes.io/instance": "monitoring",
                  "app.kubernetes.io/name": "grafana"
                },
                "session_affinity": "None",
                "session_affinity_config": [],
                "type": "ClusterIP"
              }
            ],
            "status": [
              {
                "load_balancer": [
                  {
                    "ingress": []
                  }
                ]
              }
            ]
          },
          "sensitive_attributes": []
        }
      ]
    },
    {
      "module": "module.monitoring[0]",
      "mode": "data",
      "type": "kubernetes_service",
      "name": "prometheus",
      "provider": "provider[\"registry.terraform.io/hashicorp/kubernetes\"]",
      "instances": [
        {
          "index_key": 0,
          "schema_version": 0,
          "attributes": {
            "id": "monitoring/monitoring-kube-prometheus-prometheus",
            "metadata": [
              {
                "annotations": {
                  "meta.helm.sh/release-name": "monitoring",
                  "meta.helm.sh/release-namespace": "monitoring"
                },
                "generation": 0,
                "labels": {
                  "app": "kube-prometheus-stack-prometheus",
                  "app.kubernetes.io/instance": "monitoring",
                  "app.kubernetes.io/managed-by": "Helm",
                  "app.kubernetes.io/part-of": "kube-prometheus-stack",
                  "app.kubernetes.io/version": "56.6.2",
                  "chart": "kube-prometheus-stack-56.6.2",
                  "heritage": "Helm",
                  "release": "monitoring",
                  "self-monitor": "true"
                },
                "name": "monitoring-kube-prometheus-prometheus",
                "namespace": "monitoring",
                "resource_version": "469498",
                "uid": "86740f82-77d1-42c8-8deb-8b6de20a135c"
              }
            ],
            "spec": [
              {
                "allocate_load_balancer_node_ports": true,
                "cluster_ip": "10.102.59.193",
                "cluster_ips": [
                  "10.102.59.193"
                ],
                "external_ips": [],
                "external_name": "",
                "external_traffic_policy": "",
                "health_check_node_port": 0,
                "internal_traffic_policy": "Cluster",
                "ip_families": [
                  "IPv4"
                ],
                "ip_family_policy": "SingleStack",
                "load_balancer_class": "",
                "load_balancer_ip": "",
                "load_balancer_source_ranges": [],
                "port": [
                  {
                    "app_protocol": "",
                    "name": "http-web",
                    "node_port": 0,
                    "port": 9090,
                    "protocol": "TCP",
                    "target_port": "9090"
                  },
                  {
                    "app_protocol": "http",
                    "name": "reloader-web",
                    "node_port": 0,
                    "port": 8080,
                    "protocol": "TCP",
                    "target_port": "reloader-web"
                  }
                ],
                "publish_not_ready_addresses": false,
                "selector": {
                  "app.kubernetes.io/name": "prometheus",
                  "operator.prometheus.io/name": "monitoring-kube-prometheus-prometheus"
                },
                "session_affinity": "None",
                "session_affinity_config": [],
                "type": "ClusterIP"
              }
            ],
            "status": [
              {
                "load_balancer": [
                  {
                    "ingress": []
                  }
                ]
              }
            ]
          },
          "sensitive_attributes": []
        }
      ]
    },
    {
      "module": "module.monitoring[0]",
      "mode": "managed",
      "type": "helm_release",
      "name": "kube_prometheus_stack",
      "provider": "provider[\"registry.terraform.io/hashicorp/helm\"]",
      "instances": [
        {
          "index_key": 0,
          "schema_version": 1,
          "attributes": {
            "atomic": false,
            "chart": "kube-prometheus-stack",
            "cleanup_on_fail": false,
            "create_namespace": false,
            "dependency_update": false,
            "description": null,
            "devel": null,
            "disable_crd_hooks": false,
            "disable_openapi_validation": false,
            "disable_webhooks": false,
            "force_update": false,
            "id": "monitoring",
            "keyring": null,
            "lint": false,
            "manifest": null,
            "max_history": 0,
            "metadata": [
              {
                "app_version": "v0.71.2",
                "chart": "kube-prometheus-stack",
                "first_deployed": 1767538973,
                "last_deployed": 1767538973,
                "name": "monitoring",
                "namespace": "monitoring",
                "notes": "kube-state-metrics is a simple service that listens to the Kubernetes API server and generates metrics about the state of the objects.\nThe exposed metrics can be found here:\nhttps://github.com/kubernetes/kube-state-metrics/blob/master/docs/README.md#exposed-metrics\n\nThe metrics are exported on the HTTP endpoint /metrics on the listening port.\nIn your case, monitoring-kube-state-metrics.monitoring.svc.cluster.local:8080/metrics\n\nThey are served either as plaintext or protobuf depending on the Accept header.\nThey are designed to be consumed either by Prometheus itself or by a scraper that is compatible with scraping a Prometheus client endpoint.\n\n1. Get your 'admin' user password by running:\n\n   kubectl get secret --namespace monitoring monitoring-grafana -o jsonpath=\"{.data.admin-password}\" | base64 --decode ; echo\n\n\n2. The Grafana server can be accessed via port 80 on the following DNS name from within your cluster:\n\n   monitoring-grafana.monitoring.svc.cluster.local\n\n   Get the Grafana URL to visit by running these commands in the same shell:\n     export POD_NAME=$(kubectl get pods --namespace monitoring -l \"app.kubernetes.io/name=grafana,app.kubernetes.io/instance=monitoring\" -o jsonpath=\"{.items[0].metadata.name}\")\n     kubectl --namespace monitoring port-forward $POD_NAME 3000\n\n3. Login with the password from step 1 and the username: admin\n#################################################################################\n######   WARNING: Persistence is disabled!!! You will lose your data when   #####\n######            the Grafana pod is terminated.                            #####\n#################################################################################\n\nkube-prometheus-stack has been installed. Check its status by running:\n  kubectl --namespace monitoring get pods -l \"release=monitoring\"\n\nVisit https://github.com/prometheus-operator/kube-prometheus for instructions on how to create \u0026 configure Alertmanager and Prometheus instances using the Operator.\n\n1. Get the application URL by running these commands:\n  export POD_NAME=$(kubectl get pods --namespace monitoring -l \"app.kubernetes.io/name=prometheus-node-exporter,app.kubernetes.io/instance=monitoring\" -o jsonpath=\"{.items[0].metadata.name}\")\n  echo \"Visit http://127.0.0.1:9100 to use your application\"\n  kubectl port-forward --namespace monitoring $POD_NAME 9100",
                "revision": 1,
                "values": "{\"alertmanager\":{\"alertmanagerSpec\":{\"resources\":{\"limits\":{\"cpu\":\"100m\",\"memory\":\"64Mi\"},\"requests\":{\"cpu\":\"10m\",\"memory\":\"32Mi\"}},\"storage\":{\"volumeClaimTemplate\":{\"spec\":{\"accessModes\":[\"ReadWriteOnce\"],\"resources\":{\"requests\":{\"storage\":\"5Gi\"}}}}}},\"enabled\":true},\"defaultRules\":{\"create\":true,\"rules\":{\"alertmanager\":true,\"configReloaders\":true,\"etcd\":true,\"general\":true,\"k8sContainerCpuUsageSecondsTotal\":true,\"k8sContainerMemoryCache\":true,\"k8sContainerMemoryRss\":true,\"k8sContainerMemorySwap\":true,\"k8sContainerResource\":true,\"k8sPodOwner\":true,\"kubeApiserverAvailability\":true,\"kubeApiserverBurnrate\":true,\"kubeApiserverHistogram\":true,\"kubeApiserverSlos\":true,\"kubeControllerManager\":true,\"kubePrometheusGeneral\":true,\"kubePrometheusNodeRecording\":true,\"kubeProxy\":true,\"kubeSchedulerAlerting\":true,\"kubeSchedulerRecording\":true,\"kubeStateMetrics\":true,\"kubelet\":true,\"kubernetesApps\":true,\"kubernetesResources\":true,\"kubernetesStorage\":true,\"kubernetesSystem\":true,\"network\":true,\"node\":true,\"nodeExporterAlerting\":true,\"nodeExporterRecording\":true,\"prometheus\":true,\"prometheusOperator\":true}},\"grafana\":{\"additionalDataSources\":null,\"adminPassword\":\"prom-operator\",\"adminUser\":\"admin\",\"enabled\":true,\"persistence\":{\"enabled\":false,\"size\":\"10Gi\"},\"resources\":{\"limits\":{\"cpu\":\"200m\",\"memory\":\"256Mi\"},\"requests\":{\"cpu\":\"50m\",\"memory\":\"128Mi\"}},\"sidecar\":{\"dashboards\":{\"enabled\":true,\"label\":\"grafana_dashboard\",\"searchNamespace\":\"ALL\"},\"datasources\":{\"enabled\":true,\"label\":\"grafana_datasource\",\"searchNamespace\":\"ALL\"}}},\"kubeStateMetrics\":{\"enabled\":true},\"nodeExporter\":{\"enabled\":true},\"prometheus\":{\"enabled\":true,\"prometheusSpec\":{\"podMonitorNamespaceSelector\":{},\"podMonitorSelector\":{},\"podMonitorSelectorNilUsesHelmValues\":false,\"resources\":{\"limits\":{\"cpu\":\"500m\",\"memory\":\"512Mi\"},\"requests\":{\"cpu\":\"100m\",\"memory\":\"256Mi\"}},\"retention\":\"7d\",\"ruleSelectorNilUsesHelmValues\":false,\"serviceMonitorNamespaceSelector\":{},\"serviceMonitorSelector\":{},\"serviceMonitorSelectorNilUsesHelmValues\":false,\"storageSpec\":{\"volumeClaimTemplate\":{\"spec\":{\"accessModes\":[\"ReadWriteOnce\"],\"resources\":{\"requests\":{\"storage\":\"10Gi\"}},\"storageClassName\":\"standard\"}}}}},\"prometheusOperator\":{\"enabled\":true,\"resources\":{\"limits\":{\"cpu\":\"500m\",\"memory\":\"512Mi\"},\"requests\":{\"cpu\":\"100m\",\"memory\":\"128Mi\"}}}}",
                "version": "56.6.2"
              }
            ],
            "name": "monitoring",
            "namespace": "monitoring",
            "pass_credentials": false,
            "postrender": [],
            "recreate_pods": false,
            "render_subchart_notes": true,
            "replace": false,
            "repository": "https://prometheus-community.github.io/helm-charts",
            "repository_ca_file": null,
            "repository_cert_file": null,
            "repository_key_file": null,
            "repository_password": null,
            "repository_username": null,
            "reset_values": false,
            "reuse_values": false,
            "set": [],
            "set_list": [],
            "set_sensitive": [],
            "skip_crds": false,
            "status": "deployed",
            "timeout": 900,
            "upgrade_install": null,
            "values": [
              "# =============================================================================\r\n# kube-prometheus-stack Helm Values\r\n# =============================================================================\r\n# Managed by Terraform - Do not edit manually\r\n# =============================================================================\r\n\r\n# =============================================================================\r\n# Prometheus Configuration\r\n# =============================================================================\r\nprometheus:\r\n  enabled: true\r\n  prometheusSpec:\r\n    # Retention configuration\r\n    retention: 7d\r\n    \r\n    # Storage configuration\r\n    storageSpec:\r\n      volumeClaimTemplate:\r\n        spec:\r\n          storageClassName: standard\r\n          accessModes: [\"ReadWriteOnce\"]\r\n          resources:\r\n            requests:\r\n              storage: 10Gi\r\n    \r\n    # Resource limits\r\n    resources:\r\n      requests:\r\n        cpu: 100m\r\n        memory: 256Mi\r\n      limits:\r\n        cpu: 500m\r\n        memory: 512Mi\r\n    \r\n    # ServiceMonitor selector - discover all ServiceMonitors\r\n    serviceMonitorSelectorNilUsesHelmValues: false\r\n    podMonitorSelectorNilUsesHelmValues: false\r\n    ruleSelectorNilUsesHelmValues: false\r\n    serviceMonitorNamespaceSelector: {}\r\n    serviceMonitorSelector: {}\r\n    podMonitorNamespaceSelector: {}\r\n    podMonitorSelector: {}\r\n\r\n# =============================================================================\r\n# Alertmanager Configuration\r\n# =============================================================================\r\nalertmanager:\r\n  enabled: true\r\n  alertmanagerSpec:\r\n    storage:\r\n      volumeClaimTemplate:\r\n        spec:\r\n          accessModes: [\"ReadWriteOnce\"]\r\n          resources:\r\n            requests:\r\n              storage: 5Gi\r\n    resources:\r\n      requests:\r\n        cpu: 10m\r\n        memory: 32Mi\r\n      limits:\r\n        cpu: 100m\r\n        memory: 64Mi\r\n\r\n# =============================================================================\r\n# Grafana Configuration\r\n# =============================================================================\r\ngrafana:\r\n  enabled: true\r\n  adminUser: admin\r\n  adminPassword: prom-operator\r\n  \r\n  # Persistence\r\n  persistence:\r\n    enabled: false\r\n    size: 10Gi\r\n  \r\n  # Resources\r\n  resources:\r\n    requests:\r\n      cpu: 50m\r\n      memory: 128Mi\r\n    limits:\r\n      cpu: 200m\r\n      memory: 256Mi\r\n  \r\n  # Sidecar for auto-loading dashboards and datasources\r\n  sidecar:\r\n    dashboards:\r\n      enabled: true\r\n      label: grafana_dashboard\r\n      searchNamespace: ALL\r\n    datasources:\r\n      enabled: true\r\n      label: grafana_datasource\r\n      searchNamespace: ALL\r\n  \r\n  # Additional datasources\r\n  additionalDataSources:\r\n\r\n\r\n\r\n# =============================================================================\r\n# Node Exporter\r\n# =============================================================================\r\nnodeExporter:\r\n  enabled: true\r\n\r\n# =============================================================================\r\n# Kube State Metrics\r\n# =============================================================================\r\nkubeStateMetrics:\r\n  enabled: true\r\n\r\n# =============================================================================\r\n# Prometheus Operator\r\n# =============================================================================\r\nprometheusOperator:\r\n  enabled: true\r\n  resources:\r\n    requests:\r\n      cpu: 100m\r\n      memory: 128Mi\r\n    limits:\r\n      cpu: 500m\r\n      memory: 512Mi\r\n\r\n# =============================================================================\r\n# Default Rules\r\n# =============================================================================\r\ndefaultRules:\r\n  create: true\r\n  rules:\r\n    alertmanager: true\r\n    etcd: true\r\n    configReloaders: true\r\n    general: true\r\n    k8sContainerCpuUsageSecondsTotal: true\r\n    k8sContainerMemoryCache: true\r\n    k8sContainerMemoryRss: true\r\n    k8sContainerMemorySwap: true\r\n    k8sContainerResource: true\r\n    k8sPodOwner: true\r\n    kubeApiserverAvailability: true\r\n    kubeApiserverBurnrate: true\r\n    kubeApiserverHistogram: true\r\n    kubeApiserverSlos: true\r\n    kubeControllerManager: true\r\n    kubelet: true\r\n    kubeProxy: true\r\n    kubePrometheusGeneral: true\r\n    kubePrometheusNodeRecording: true\r\n    kubernetesApps: true\r\n    kubernetesResources: true\r\n    kubernetesStorage: true\r\n    kubernetesSystem: true\r\n    kubeSchedulerAlerting: true\r\n    kubeSchedulerRecording: true\r\n    kubeStateMetrics: true\r\n    network: true\r\n    node: true\r\n    nodeExporterAlerting: true\r\n    nodeExporterRecording: true\r\n    prometheus: true\r\n    prometheusOperator: true\r\n"
            ],
            "verify": false,
            "version": "56.6.2",
            "wait": true,
            "wait_for_jobs": false
          },
          "sensitive_attributes": [
            [
              {
                "type": "get_attr",
                "value": "values"
              },
              {
                "type": "index",
                "value": {
                  "value": 0,
                  "type": "number"
                }
              }
            ]
          ],
          "private": "eyJzY2hlbWFfdmVyc2lvbiI6IjEifQ==",
          "dependencies": [
            "module.monitoring.kubernetes_namespace.monitoring"
          ]
        }
      ]
    },
    {
      "module": "module.monitoring[0]",
      "mode": "managed",
      "type": "kubernetes_namespace",
      "name": "monitoring",
      "provider": "provider[\"registry.terraform.io/hashicorp/kubernetes\"]",
      "instances": [
        {
          "index_key": 0,
          "schema_version": 0,
          "attributes": {
            "id": "monitoring",
            "metadata": [
              {
                "annotations": {},
                "generate_name": "",
                "generation": 0,
                "labels": {
                  "app.kubernetes.io/managed-by": "terraform",
                  "app.kubernetes.io/name": "monitoring",
                  "environment": "dev"
                },
                "name": "monitoring",
                "resource_version": "469345",
                "uid": "f966dc12-3e04-499d-b06c-235241cb74c5"
              }
            ],
            "timeouts": null,
            "wait_for_default_service_account": false
          },
          "sensitive_attributes": [],
          "private": "eyJlMmJmYjczMC1lY2FhLTExZTYtOGY4OC0zNDM2M2JjN2M0YzAiOnsiZGVsZXRlIjozMDAwMDAwMDAwMDB9fQ=="
        }
      ]
    },
    {
      "module": "module.redis[0]",
      "mode": "data",
      "type": "kubernetes_service",
      "name": "redis_cluster",
      "provider": "provider[\"registry.terraform.io/hashicorp/kubernetes\"]",
      "instances": [
        {
          "schema_version": 0,
          "attributes": {
            "id": "redis/redis-cluster-master",
            "metadata": [
              {
                "annotations": {
                  "meta.helm.sh/release-name": "redis-cluster",
                  "meta.helm.sh/release-namespace": "redis"
                },
                "generation": 0,
                "labels": {
                  "app.kubernetes.io/component": "master",
                  "app.kubernetes.io/instance": "redis-cluster",
                  "app.kubernetes.io/managed-by": "Helm",
                  "app.kubernetes.io/name": "redis",
                  "app.kubernetes.io/version": "7.4.1",
                  "helm.sh/chart": "redis-20.6.0"
                },
                "name": "redis-cluster-master",
                "namespace": "redis",
                "resource_version": "635241",
                "uid": "440b6fe5-fd62-4613-ba87-d6075d1304d0"
              }
            ],
            "spec": [
              {
                "allocate_load_balancer_node_ports": true,
                "cluster_ip": "10.102.146.223",
                "cluster_ips": [
                  "10.102.146.223"
                ],
                "external_ips": [],
                "external_name": "",
                "external_traffic_policy": "",
                "health_check_node_port": 0,
                "internal_traffic_policy": "Cluster",
                "ip_families": [
                  "IPv4"
                ],
                "ip_family_policy": "SingleStack",
                "load_balancer_class": "",
                "load_balancer_ip": "",
                "load_balancer_source_ranges": [],
                "port": [
                  {
                    "app_protocol": "",
                    "name": "tcp-redis",
                    "node_port": 0,
                    "port": 6379,
                    "protocol": "TCP",
                    "target_port": "redis"
                  }
                ],
                "publish_not_ready_addresses": false,
                "selector": {
                  "app.kubernetes.io/component": "master",
                  "app.kubernetes.io/instance": "redis-cluster",
                  "app.kubernetes.io/name": "redis"
                },
                "session_affinity": "None",
                "session_affinity_config": [],
                "type": "ClusterIP"
              }
            ],
            "status": [
              {
                "load_balancer": [
                  {
                    "ingress": []
                  }
                ]
              }
            ]
          },
          "sensitive_attributes": []
        }
      ]
    },
    {
      "module": "module.redis[0]",
      "mode": "managed",
      "type": "helm_release",
      "name": "redis_cluster",
      "provider": "provider[\"registry.terraform.io/hashicorp/helm\"]",
      "instances": [
        {
          "schema_version": 1,
          "attributes": {
            "atomic": false,
            "chart": "redis",
            "cleanup_on_fail": false,
            "create_namespace": false,
            "dependency_update": false,
            "description": null,
            "devel": null,
            "disable_crd_hooks": false,
            "disable_openapi_validation": false,
            "disable_webhooks": false,
            "force_update": false,
            "id": "redis-cluster",
            "keyring": null,
            "lint": false,
            "manifest": null,
            "max_history": 0,
            "metadata": [
              {
                "app_version": "7.4.1",
                "chart": "redis",
                "first_deployed": 1767806461,
                "last_deployed": 1769199297,
                "name": "redis-cluster",
                "namespace": "redis",
                "notes": "CHART NAME: redis\nCHART VERSION: 20.6.0\nAPP VERSION: 7.4.1\n\nDid you know there are enterprise versions of the Bitnami catalog? For enhanced secure software supply chain features, unlimited pulls from Docker, LTS support, or application customization, see Bitnami Premium or Tanzu Application Catalog. See https://www.arrow.com/globalecs/na/vendors/bitnami for more information.\n\n** Please be patient while the chart is being deployed **\n\nRedis\u0026reg; can be accessed via port 6379 on the following DNS name from within your cluster:\n\n    redis-cluster-master.redis.svc.cluster.local\n\n\n\nTo get your password run:\n\n    export REDIS_PASSWORD=$(kubectl get secret --namespace redis redis-cluster -o jsonpath=\"{.data.redis-password}\" | base64 -d)\n\nTo connect to your Redis\u0026reg; server:\n\n1. Run a Redis\u0026reg; pod that you can use as a client:\n\n   kubectl run --namespace redis redis-client --restart='Never'  --env REDIS_PASSWORD=$REDIS_PASSWORD  --image docker.io/bitnamilegacy/redis:8.2.1-debian-12-r0 --command -- sleep infinity\n\n   Use the following command to attach to the pod:\n\n   kubectl exec --tty -i redis-client \\\n   --namespace redis -- bash\n\n2. Connect using the Redis\u0026reg; CLI:\n   REDISCLI_AUTH=\"$REDIS_PASSWORD\" redis-cli -h redis-cluster-master\n\nTo connect to your database from outside the cluster execute the following commands:\n\n    kubectl port-forward --namespace redis svc/redis-cluster-master 6379:6379 \u0026\n    REDISCLI_AUTH=\"$REDIS_PASSWORD\" redis-cli -h 127.0.0.1 -p 6379\nWARNING: Rolling tag detected (bitnami/redis-exporter:latest), please note that it is strongly recommended to avoid using rolling tags in a production environment.\n+info https://techdocs.broadcom.com/us/en/vmware-tanzu/application-catalog/tanzu-application-catalog/services/tac-doc/apps-tutorials-understand-rolling-tags-containers-index.html\n\nWARNING: There are \"resources\" sections in the chart not set. Using \"resourcesPreset\" is not recommended for production. For production installations, please set the following values according to your workload needs:\n  - metrics.resources\n+info https://kubernetes.io/docs/concepts/configuration/manage-resources-containers/\n\n⚠ SECURITY WARNING: Original containers have been substituted. This Helm chart was designed, tested, and validated on multiple platforms using a specific set of Bitnami and Tanzu Application Catalog containers. Substituting other containers is likely to cause degraded security and performance, broken chart features, and missing environment variables.\n\nSubstituted images detected:\n  - docker.io/bitnamilegacy/redis:8.2.1-debian-12-r0\n  - docker.io/bitnami/redis-exporter:latest\n\n⚠ SECURITY WARNING: Verifying original container images was skipped. Please note this Helm chart was designed, tested, and validated on multiple platforms using a specific set of Bitnami and Tanzu Application Catalog containers. Substituting other containers is likely to cause degraded security and performance, broken chart features, and missing environment variables.\n\n",
                "revision": 3,
                "values": "{\"architecture\":\"standalone\",\"auth\":{\"enabled\":true,\"password\":\"Redis@Cluster2024Secure!\"},\"global\":{\"security\":{\"allowInsecureImages\":true}},\"image\":{\"repository\":\"bitnamilegacy/redis\",\"tag\":\"8.2.1-debian-12-r0\"},\"master\":{\"persistence\":{\"enabled\":false,\"size\":\"2Gi\"},\"resources\":{\"limits\":{\"cpu\":\"200m\",\"memory\":\"512Mi\"},\"requests\":{\"cpu\":\"100m\",\"memory\":\"256Mi\"}}},\"metrics\":{\"enabled\":true,\"image\":{\"tag\":\"latest\"}},\"replica\":{\"persistence\":{\"enabled\":false},\"replicaCount\":0}}",
                "version": "20.6.0"
              }
            ],
            "name": "redis-cluster",
            "namespace": "redis",
            "pass_credentials": false,
            "postrender": [],
            "recreate_pods": false,
            "render_subchart_notes": true,
            "replace": false,
            "repository": "oci://registry-1.docker.io/bitnamicharts",
            "repository_ca_file": null,
            "repository_cert_file": null,
            "repository_key_file": null,
            "repository_password": null,
            "repository_username": null,
            "reset_values": false,
            "reuse_values": false,
            "set": [
              {
                "name": "architecture",
                "type": "",
                "value": "standalone"
              },
              {
                "name": "auth.enabled",
                "type": "",
                "value": "true"
              },
              {
                "name": "auth.password",
                "type": "",
                "value": "Redis@Cluster2024Secure!"
              },
              {
                "name": "global.security.allowInsecureImages",
                "type": "",
                "value": "true"
              },
              {
                "name": "image.repository",
                "type": "",
                "value": "bitnamilegacy/redis"
              },
              {
                "name": "image.tag",
                "type": "",
                "value": "8.2.1-debian-12-r0"
              },
              {
                "name": "master.persistence.enabled",
                "type": "",
                "value": "false"
              },
              {
                "name": "master.persistence.size",
                "type": "",
                "value": "2Gi"
              },
              {
                "name": "master.resources.limits.cpu",
                "type": "",
                "value": "200m"
              },
              {
                "name": "master.resources.limits.memory",
                "type": "",
                "value": "512Mi"
              },
              {
                "name": "master.resources.requests.cpu",
                "type": "",
                "value": "100m"
              },
              {
                "name": "master.resources.requests.memory",
                "type": "",
                "value": "256Mi"
              },
              {
                "name": "metrics.enabled",
                "type": "",
                "value": "true"
              },
              {
                "name": "metrics.image.tag",
                "type": "",
                "value": "latest"
              },
              {
                "name": "replica.persistence.enabled",
                "type": "",
                "value": "false"
              },
              {
                "name": "replica.replicaCount",
                "type": "",
                "value": "0"
              }
            ],
            "set_list": [],
            "set_sensitive": [],
            "skip_crds": false,
            "status": "deployed",
            "timeout": 600,
            "upgrade_install": null,
            "values": null,
            "verify": false,
            "version": "20.6.0",
            "wait": true,
            "wait_for_jobs": false
          },
          "sensitive_attributes": [
            [
              {
                "type": "get_attr",
                "value": "set"
              }
            ]
          ],
          "private": "eyJzY2hlbWFfdmVyc2lvbiI6IjEifQ==",
          "dependencies": [
            "module.redis.kubernetes_namespace.redis",
            "module.redis.kubernetes_secret.redis_password"
          ]
        }
      ]
    },
    {
      "module": "module.redis[0]",
      "mode": "managed",
      "type": "kubernetes_deployment",
      "name": "redis_commander",
      "provider": "provider[\"registry.terraform.io/hashicorp/kubernetes\"]",
      "instances": [
        {
          "index_key": 0,
          "schema_version": 1,
          "attributes": {
            "id": "redis/redis-commander",
            "metadata": [
              {
                "annotations": null,
                "generate_name": "",
                "generation": 1,
                "labels": {
                  "app": "redis-commander",
                  "environment": "dev",
                  "managed-by": "terraform"
                },
                "name": "redis-commander",
                "namespace": "redis",
                "resource_version": "1325841",
                "uid": "68454767-f32f-46c6-ae11-f266565b7a3d"
              }
            ],
            "spec": [
              {
                "min_ready_seconds": 0,
                "paused": false,
                "progress_deadline_seconds": 600,
                "replicas": "1",
                "revision_history_limit": 10,
                "selector": [
                  {
                    "match_expressions": [],
                    "match_labels": {
                      "app": "redis-commander"
                    }
                  }
                ],
                "strategy": [
                  {
                    "rolling_update": [
                      {
                        "max_surge": "25%",
                        "max_unavailable": "25%"
                      }
                    ],
                    "type": "RollingUpdate"
                  }
                ],
                "template": [
                  {
                    "metadata": [
                      {
                        "annotations": null,
                        "generate_name": "",
                        "generation": 0,
                        "labels": {
                          "app": "redis-commander"
                        },
                        "name": "",
                        "namespace": "",
                        "resource_version": "",
                        "uid": ""
                      }
                    ],
                    "spec": [
                      {
                        "active_deadline_seconds": 0,
                        "affinity": [],
                        "automount_service_account_token": true,
                        "container": [
                          {
                            "args": null,
                            "command": null,
                            "env": [
                              {
                                "name": "REDIS_HOST",
                                "value": "redis-cluster-master.redis.svc.cluster.local",
                                "value_from": []
                              },
                              {
                                "name": "REDIS_PORT",
                                "value": "6379",
                                "value_from": []
                              },
                              {
                                "name": "REDIS_PASSWORD",
                                "value": "",
                                "value_from": [
                                  {
                                    "config_map_key_ref": [],
                                    "field_ref": [],
                                    "resource_field_ref": [],
                                    "secret_key_ref": [
                                      {
                                        "key": "redis-password",
                                        "name": "redis-cluster",
                                        "optional": false
                                      }
                                    ]
                                  }
                                ]
                              }
                            ],
                            "env_from": [],
                            "image": "rediscommander/redis-commander:latest",
                            "image_pull_policy": "Always",
                            "lifecycle": [],
                            "liveness_probe": [
                              {
                                "exec": [],
                                "failure_threshold": 3,
                                "grpc": [],
                                "http_get": [
                                  {
                                    "host": "",
                                    "http_header": [],
                                    "path": "/",
                                    "port": "8081",
                                    "scheme": "HTTP"
                                  }
                                ],
                                "initial_delay_seconds": 10,
                                "period_seconds": 30,
                                "success_threshold": 1,
                                "tcp_socket": [],
                                "timeout_seconds": 1
                              }
                            ],
                            "name": "redis-commander",
                            "port": [
                              {
                                "container_port": 8081,
                                "host_ip": "",
                                "host_port": 0,
                                "name": "http",
                                "protocol": "TCP"
                              }
                            ],
                            "readiness_probe": [
                              {
                                "exec": [],
                                "failure_threshold": 3,
                                "grpc": [],
                                "http_get": [
                                  {
                                    "host": "",
                                    "http_header": [],
                                    "path": "/",
                                    "port": "8081",
                                    "scheme": "HTTP"
                                  }
                                ],
                                "initial_delay_seconds": 5,
                                "period_seconds": 10,
                                "success_threshold": 1,
                                "tcp_socket": [],
                                "timeout_seconds": 1
                              }
                            ],
                            "resources": [
                              {
                                "limits": {
                                  "cpu": "100m",
                                  "memory": "128Mi"
                                },
                                "requests": {
                                  "cpu": "50m",
                                  "memory": "64Mi"
                                }
                              }
                            ],
                            "security_context": [],
                            "startup_probe": [],
                            "stdin": false,
                            "stdin_once": false,
                            "termination_message_path": "/dev/termination-log",
                            "termination_message_policy": "File",
                            "tty": false,
                            "volume_device": [],
                            "volume_mount": [],
                            "working_dir": ""
                          }
                        ],
                        "dns_config": [],
                        "dns_policy": "ClusterFirst",
                        "enable_service_links": true,
                        "host_aliases": [],
                        "host_ipc": false,
                        "host_network": false,
                        "host_pid": false,
                        "hostname": "",
                        "image_pull_secrets": [],
                        "init_container": [],
                        "node_name": "",
                        "node_selector": null,
                        "os": [],
                        "priority_class_name": "",
                        "readiness_gate": [],
                        "restart_policy": "Always",
                        "runtime_class_name": "",
                        "scheduler_name": "default-scheduler",
                        "security_context": [],
                        "service_account_name": "",
                        "share_process_namespace": false,
                        "subdomain": "",
                        "termination_grace_period_seconds": 30,
                        "toleration": [],
                        "topology_spread_constraint": [],
                        "volume": []
                      }
                    ]
                  }
                ]
              }
            ],
            "timeouts": null,
            "wait_for_rollout": true
          },
          "sensitive_attributes": [],
          "private": "eyJlMmJmYjczMC1lY2FhLTExZTYtOGY4OC0zNDM2M2JjN2M0YzAiOnsiY3JlYXRlIjo2MDAwMDAwMDAwMDAsImRlbGV0ZSI6NjAwMDAwMDAwMDAwLCJ1cGRhdGUiOjYwMDAwMDAwMDAwMH0sInNjaGVtYV92ZXJzaW9uIjoiMSJ9",
          "dependencies": [
            "module.redis.data.kubernetes_service.redis_cluster",
            "module.redis.helm_release.redis_cluster",
            "module.redis.kubernetes_namespace.redis",
            "module.redis.kubernetes_secret.redis_password"
          ]
        }
      ]
    },
    {
      "module": "module.redis[0]",
      "mode": "managed",
      "type": "kubernetes_namespace",
      "name": "redis",
      "provider": "provider[\"registry.terraform.io/hashicorp/kubernetes\"]",
      "instances": [
        {
          "index_key": 0,
          "schema_version": 0,
          "attributes": {
            "id": "redis",
            "metadata": [
              {
                "annotations": {},
                "generate_name": "",
                "generation": 0,
                "labels": {
                  "environment": "dev",
                  "managed-by": "terraform",
                  "name": "redis"
                },
                "name": "redis",
                "resource_version": "635209",
                "uid": "3f712e9b-2de6-415c-9ff0-42079a9fdde7"
              }
            ],
            "timeouts": null,
            "wait_for_default_service_account": false
          },
          "sensitive_attributes": [],
          "private": "eyJlMmJmYjczMC1lY2FhLTExZTYtOGY4OC0zNDM2M2JjN2M0YzAiOnsiZGVsZXRlIjozMDAwMDAwMDAwMDB9fQ=="
        }
      ]
    },
    {
      "module": "module.redis[0]",
      "mode": "managed",
      "type": "kubernetes_secret",
      "name": "redis_password",
      "provider": "provider[\"registry.terraform.io/hashicorp/kubernetes\"]",
      "instances": [
        {
          "schema_version": 0,
          "attributes": {
            "binary_data": null,
            "binary_data_wo": null,
            "binary_data_wo_revision": null,
            "data": {
              "redis-password": "Redis@Cluster2024Secure!"
            },
            "data_wo": null,
            "data_wo_revision": null,
            "id": "redis/redis-password",
            "immutable": false,
            "metadata": [
              {
                "annotations": {},
                "generate_name": "",
                "generation": 0,
                "labels": {},
                "name": "redis-password",
                "namespace": "redis",
                "resource_version": "657262",
                "uid": "142fff6b-93d4-4d8d-a041-a8022a5c8904"
              }
            ],
            "timeouts": null,
            "type": "Opaque",
            "wait_for_service_account_token": true
          },
          "sensitive_attributes": [
            [
              {
                "type": "get_attr",
                "value": "data"
              },
              {
                "type": "index",
                "value": {
                  "value": "redis-password",
                  "type": "string"
                }
              }
            ]
          ],
          "private": "eyJlMmJmYjczMC1lY2FhLTExZTYtOGY4OC0zNDM2M2JjN2M0YzAiOnsiY3JlYXRlIjo2MDAwMDAwMDAwMH19",
          "dependencies": [
            "module.redis.kubernetes_namespace.redis"
          ]
        }
      ]
    },
    {
      "module": "module.redis[0]",
      "mode": "managed",
      "type": "kubernetes_service",
      "name": "redis_commander",
      "provider": "provider[\"registry.terraform.io/hashicorp/kubernetes\"]",
      "instances": [
        {
          "index_key": 0,
          "schema_version": 1,
          "attributes": {
            "id": "redis/redis-commander",
            "metadata": [
              {
                "annotations": null,
                "generate_name": "",
                "generation": 0,
                "labels": {
                  "app": "redis-commander",
                  "environment": "dev",
                  "managed-by": "terraform"
                },
                "name": "redis-commander",
                "namespace": "redis",
                "resource_version": "1325759",
                "uid": "ce872939-945c-492b-8b0e-9b593d1e495b"
              }
            ],
            "spec": [
              {
                "allocate_load_balancer_node_ports": true,
                "cluster_ip": "10.99.228.114",
                "cluster_ips": [
                  "10.99.228.114"
                ],
                "external_ips": null,
                "external_name": "",
                "external_traffic_policy": "",
                "health_check_node_port": 0,
                "internal_traffic_policy": "Cluster",
                "ip_families": [
                  "IPv4"
                ],
                "ip_family_policy": "SingleStack",
                "load_balancer_class": "",
                "load_balancer_ip": "",
                "load_balancer_source_ranges": null,
                "port": [
                  {
                    "app_protocol": "",
                    "name": "http",
                    "node_port": 0,
                    "port": 8081,
                    "protocol": "TCP",
                    "target_port": "8081"
                  }
                ],
                "publish_not_ready_addresses": false,
                "selector": {
                  "app": "redis-commander"
                },
                "session_affinity": "None",
                "session_affinity_config": [],
                "type": "ClusterIP"
              }
            ],
            "status": [
              {
                "load_balancer": [
                  {
                    "ingress": []
                  }
                ]
              }
            ],
            "timeouts": null,
            "wait_for_load_balancer": true
          },
          "sensitive_attributes": [],
          "private": "eyJlMmJmYjczMC1lY2FhLTExZTYtOGY4OC0zNDM2M2JjN2M0YzAiOnsiY3JlYXRlIjo2MDAwMDAwMDAwMDB9LCJzY2hlbWFfdmVyc2lvbiI6IjEifQ==",
          "dependencies": [
            "module.redis.kubernetes_namespace.redis"
          ]
        }
      ]
    },
    {
      "module": "module.tracing[0]",
      "mode": "managed",
      "type": "helm_release",
      "name": "tempo",
      "provider": "provider[\"registry.terraform.io/hashicorp/helm\"]",
      "instances": [
        {
          "index_key": 0,
          "schema_version": 1,
          "attributes": {
            "atomic": false,
            "chart": "tempo",
            "cleanup_on_fail": false,
            "create_namespace": false,
            "dependency_update": false,
            "description": null,
            "devel": null,
            "disable_crd_hooks": false,
            "disable_openapi_validation": false,
            "disable_webhooks": false,
            "force_update": false,
            "id": "tempo",
            "keyring": null,
            "lint": false,
            "manifest": null,
            "max_history": 0,
            "metadata": [
              {
                "app_version": "2.3.1",
                "chart": "tempo",
                "first_deployed": 1769201144,
                "last_deployed": 1769615018,
                "name": "tempo",
                "namespace": "tracing",
                "notes": "",
                "revision": 2,
                "values": "{\"persistence\":{\"enabled\":false,\"size\":\"10Gi\"},\"podAnnotations\":{\"prometheus.io/path\":\"/metrics\",\"prometheus.io/port\":\"3100\",\"prometheus.io/scrape\":\"true\"},\"resources\":{\"limits\":{\"cpu\":\"300m\",\"memory\":\"256Mi\"},\"requests\":{\"cpu\":\"50m\",\"memory\":\"128Mi\"}},\"service\":{\"type\":\"ClusterIP\"},\"tempo\":{\"compactor\":{\"compaction\":{\"block_retention\":\"48h\"}},\"metricsGenerator\":{\"enabled\":true,\"remoteWrite\":[{\"send_exemplars\":true,\"url\":\"http://monitoring-kube-prometheus-prometheus.monitoring:9090/api/v1/write\"}],\"ringKVStore\":{\"store\":\"inmemory\"}},\"multitenancyEnabled\":false,\"queryFrontend\":{\"search\":{\"duration_slo\":\"5s\",\"throughput_bytes_slo\":1073741824}},\"receivers\":{\"otlp\":{\"protocols\":{\"grpc\":{\"endpoint\":\"0.0.0.0:4317\"},\"http\":{\"endpoint\":\"0.0.0.0:4318\"}}}},\"storage\":{\"trace\":{\"backend\":\"local\",\"block\":{},\"local\":{\"path\":\"/var/tempo/traces\"},\"wal\":{\"path\":\"/var/tempo/wal\"}}}}}",
                "version": "1.7.2"
              }
            ],
            "name": "tempo",
            "namespace": "tracing",
            "pass_credentials": false,
            "postrender": [],
            "recreate_pods": false,
            "render_subchart_notes": true,
            "replace": false,
            "repository": "https://grafana.github.io/helm-charts",
            "repository_ca_file": null,
            "repository_cert_file": null,
            "repository_key_file": null,
            "repository_password": null,
            "repository_username": null,
            "reset_values": false,
            "reuse_values": false,
            "set": [],
            "set_list": [],
            "set_sensitive": [],
            "skip_crds": false,
            "status": "deployed",
            "timeout": 600,
            "upgrade_install": null,
            "values": [
              "# =============================================================================\r\n# Tempo Helm Values Template\r\n# =============================================================================\r\n\r\n# Tempo configuration\r\ntempo:\r\n  # Multitenancy\r\n  multitenancyEnabled: false\r\n  \r\n  # Receivers configuration\r\n  receivers:\r\n    otlp:\r\n      protocols:\r\n        grpc:\r\n          endpoint: \"0.0.0.0:4317\"\r\n        http:\r\n          endpoint: \"0.0.0.0:4318\"\r\n\r\n  # Storage configuration  \r\n  storage:\r\n    trace:\r\n      backend: local\r\n      local:\r\n        path: /var/tempo/traces\r\n      wal:\r\n        path: /var/tempo/wal\r\n      block: {}\r\n\r\n  # Compactor\r\n  compactor:\r\n    compaction:\r\n      block_retention: 48h\r\n\r\n  # Query frontend\r\n  queryFrontend:\r\n    search:\r\n      duration_slo: 5s\r\n      throughput_bytes_slo: 1.073741824e+09\r\n\r\n  # Metrics generator (for service graphs)\r\n  metricsGenerator:\r\n    enabled: true\r\n    ringKVStore:\r\n      store: inmemory\r\n    remoteWrite:\r\n    - url: http://monitoring-kube-prometheus-prometheus.monitoring:9090/api/v1/write\r\n      send_exemplars: true\r\n\r\n# Persistence\r\npersistence:\r\n  enabled: false\r\n  size: 10Gi\r\n\r\n# Resources\r\nresources:\r\n  requests:\r\n    cpu: 50m\r\n    memory: 128Mi\r\n  limits:\r\n    cpu: 300m\r\n    memory: 256Mi\r\n\r\n# Service configuration\r\nservice:\r\n  type: ClusterIP\r\n\r\n# Pod annotations for Prometheus scraping\r\npodAnnotations:\r\n  prometheus.io/scrape: \"true\"\r\n  prometheus.io/port: \"3100\"\r\n  prometheus.io/path: \"/metrics\"\r\n"
            ],
            "verify": false,
            "version": "1.7.2",
            "wait": true,
            "wait_for_jobs": false
          },
          "sensitive_attributes": [],
          "private": "eyJzY2hlbWFfdmVyc2lvbiI6IjEifQ==",
          "dependencies": [
            "module.monitoring.data.kubernetes_service.alertmanager",
            "module.monitoring.data.kubernetes_service.grafana",
            "module.monitoring.data.kubernetes_service.prometheus",
            "module.monitoring.helm_release.kube_prometheus_stack",
            "module.monitoring.kubernetes_namespace.monitoring",
            "module.tracing.kubernetes_namespace.tracing"
          ]
        }
      ]
    },
    {
      "module": "module.tracing[0]",
      "mode": "managed",
      "type": "kubernetes_config_map",
      "name": "grafana_tempo_datasource",
      "provider": "provider[\"registry.terraform.io/hashicorp/kubernetes\"]",
      "instances": [
        {
          "index_key": 0,
          "schema_version": 0,
          "attributes": {
            "binary_data": {},
            "data": {
              "tempo-datasource.yaml": "\"apiVersion\": 1\n\"datasources\":\n- \"access\": \"proxy\"\n  \"editable\": true\n  \"isDefault\": false\n  \"jsonData\":\n    \"httpMethod\": \"GET\"\n    \"lokiSearch\":\n      \"datasourceUid\": \"loki\"\n    \"nodeGraph\":\n      \"enabled\": true\n    \"serviceMap\":\n      \"datasourceUid\": \"prometheus\"\n    \"tracesToLogs\":\n      \"datasourceUid\": \"loki\"\n      \"filterBySpanID\": true\n      \"filterByTraceID\": true\n      \"mappedTags\":\n      - \"key\": \"service.name\"\n        \"value\": \"service\"\n      \"spanEndTimeShift\": \"1h\"\n      \"spanStartTimeShift\": \"1h\"\n      \"tags\":\n      - \"job\"\n      - \"pod\"\n      - \"namespace\"\n    \"tracesToMetrics\":\n      \"datasourceUid\": \"prometheus\"\n      \"queries\":\n      - \"name\": \"Request rate\"\n        \"query\": \"sum(rate(traces_spanmetrics_calls_total{$$__tags}[5m]))\"\n      \"tags\":\n      - \"key\": \"service.name\"\n        \"value\": \"service\"\n  \"name\": \"Tempo\"\n  \"type\": \"tempo\"\n  \"url\": \"http://tempo.tracing.svc.cluster.local:3100\"\n"
            },
            "id": "monitoring/grafana-datasource-tempo",
            "immutable": false,
            "metadata": [
              {
                "annotations": {},
                "generate_name": "",
                "generation": 0,
                "labels": {
                  "app.kubernetes.io/managed-by": "terraform",
                  "environment": "dev",
                  "grafana_datasource": "1"
                },
                "name": "grafana-datasource-tempo",
                "namespace": "monitoring",
                "resource_version": "1151234",
                "uid": "08ca1cd0-9808-4123-8083-7e5db2444859"
              }
            ]
          },
          "sensitive_attributes": [],
          "private": "bnVsbA==",
          "dependencies": [
            "module.monitoring.data.kubernetes_service.alertmanager",
            "module.monitoring.data.kubernetes_service.grafana",
            "module.monitoring.data.kubernetes_service.prometheus",
            "module.monitoring.helm_release.kube_prometheus_stack",
            "module.monitoring.kubernetes_namespace.monitoring"
          ]
        }
      ]
    },
    {
      "module": "module.tracing[0]",
      "mode": "managed",
      "type": "kubernetes_config_map",
      "name": "otel_collector",
      "provider": "provider[\"registry.terraform.io/hashicorp/kubernetes\"]",
      "instances": [
        {
          "index_key": 0,
          "schema_version": 0,
          "attributes": {
            "binary_data": {},
            "data": {
              "config.yaml": "# =============================================================================\r\n# OpenTelemetry Collector Configuration\r\n# =============================================================================\r\n# Central collector for receiving traces from all services\r\n# =============================================================================\r\n\r\nreceivers:\r\n  otlp:\r\n    protocols:\r\n      grpc:\r\n        endpoint: 0.0.0.0:4317\r\n      http:\r\n        endpoint: 0.0.0.0:4318\r\n        cors:\r\n          allowed_origins:\r\n            - \"*\"\r\n\r\nprocessors:\r\n  # Batch processor for efficiency\r\n  batch:\r\n    timeout: 3s\r\n    send_batch_size: 200\r\n    send_batch_max_size: 1000\r\n\r\n  # Memory limiter to prevent OOM\r\n  memory_limiter:\r\n    check_interval: 1s\r\n    limit_mib: 200\r\n    spike_limit_mib: 50\r\n\r\n  # Add resource attributes\r\n  resource:\r\n    attributes:\r\n      - key: deployment.environment\r\n        value: minikube\r\n        action: upsert\r\n\r\n  # Probabilistic sampling (if needed)\r\n  # probabilistic_sampler:\r\n  #   sampling_percentage: 100\r\n\r\nexporters:\r\n  # Export to Tempo\r\n  otlp/tempo:\r\n    endpoint: tempo.tracing.svc.cluster.local:4317\r\n    tls:\r\n      insecure: true\r\n\r\n  # Debug logging (set verbosity: detailed for troubleshooting)\r\n  logging:\r\n    verbosity: normal\r\n    sampling_initial: 5\r\n    sampling_thereafter: 200\r\n\r\nextensions:\r\n  # Health check endpoint\r\n  health_check:\r\n    endpoint: 0.0.0.0:13133\r\n    path: \"/health\"\r\n\r\n  # pprof for debugging\r\n  pprof:\r\n    endpoint: 0.0.0.0:1888\r\n\r\n  # zPages for debugging\r\n  zpages:\r\n    endpoint: 0.0.0.0:55679\r\n\r\nservice:\r\n  extensions: [health_check, pprof, zpages]\r\n  \r\n  pipelines:\r\n    traces:\r\n      receivers: [otlp]\r\n      processors: [memory_limiter, resource, batch]\r\n      exporters: [otlp/tempo, logging]\r\n\r\n  telemetry:\r\n    logs:\r\n      level: info\r\n    metrics:\r\n      address: 0.0.0.0:8888\r\n"
            },
            "id": "tracing/otel-collector-config",
            "immutable": false,
            "metadata": [
              {
                "annotations": {},
                "generate_name": "",
                "generation": 0,
                "labels": {
                  "app.kubernetes.io/managed-by": "terraform",
                  "environment": "dev"
                },
                "name": "otel-collector-config",
                "namespace": "tracing",
                "resource_version": "1118750",
                "uid": "dba15871-122b-4a79-ac43-dd65df1c7755"
              }
            ]
          },
          "sensitive_attributes": [],
          "private": "bnVsbA==",
          "dependencies": [
            "module.monitoring.data.kubernetes_service.alertmanager",
            "module.monitoring.data.kubernetes_service.grafana",
            "module.monitoring.data.kubernetes_service.prometheus",
            "module.monitoring.helm_release.kube_prometheus_stack",
            "module.monitoring.kubernetes_namespace.monitoring",
            "module.tracing.kubernetes_namespace.tracing"
          ]
        }
      ]
    },
    {
      "module": "module.tracing[0]",
      "mode": "managed",
      "type": "kubernetes_deployment",
      "name": "otel_collector",
      "provider": "provider[\"registry.terraform.io/hashicorp/kubernetes\"]",
      "instances": [
        {
          "index_key": 0,
          "schema_version": 1,
          "attributes": {
            "id": "tracing/otel-collector",
            "metadata": [
              {
                "annotations": {},
                "generate_name": "",
                "generation": 1,
                "labels": {
                  "app": "otel-collector",
                  "app.kubernetes.io/managed-by": "terraform",
                  "environment": "dev"
                },
                "name": "otel-collector",
                "namespace": "tracing",
                "resource_version": "1247201",
                "uid": "f9daaa0a-07d1-4515-ac20-d7e1ebbaef70"
              }
            ],
            "spec": [
              {
                "min_ready_seconds": 0,
                "paused": false,
                "progress_deadline_seconds": 600,
                "replicas": "1",
                "revision_history_limit": 10,
                "selector": [
                  {
                    "match_expressions": [],
                    "match_labels": {
                      "app": "otel-collector"
                    }
                  }
                ],
                "strategy": [
                  {
                    "rolling_update": [
                      {
                        "max_surge": "25%",
                        "max_unavailable": "25%"
                      }
                    ],
                    "type": "RollingUpdate"
                  }
                ],
                "template": [
                  {
                    "metadata": [
                      {
                        "annotations": {
                          "prometheus.io/path": "/metrics",
                          "prometheus.io/port": "8888",
                          "prometheus.io/scrape": "true"
                        },
                        "generate_name": "",
                        "generation": 0,
                        "labels": {
                          "app": "otel-collector",
                          "app.kubernetes.io/managed-by": "terraform",
                          "environment": "dev"
                        },
                        "name": "",
                        "namespace": "",
                        "resource_version": "",
                        "uid": ""
                      }
                    ],
                    "spec": [
                      {
                        "active_deadline_seconds": 0,
                        "affinity": [],
                        "automount_service_account_token": true,
                        "container": [
                          {
                            "args": [
                              "--config=/conf/config.yaml"
                            ],
                            "command": [],
                            "env": [],
                            "env_from": [],
                            "image": "otel/opentelemetry-collector-contrib:0.91.0",
                            "image_pull_policy": "IfNotPresent",
                            "lifecycle": [],
                            "liveness_probe": [
                              {
                                "exec": [],
                                "failure_threshold": 3,
                                "grpc": [],
                                "http_get": [
                                  {
                                    "host": "",
                                    "http_header": [],
                                    "path": "/health",
                                    "port": "13133",
                                    "scheme": "HTTP"
                                  }
                                ],
                                "initial_delay_seconds": 10,
                                "period_seconds": 10,
                                "success_threshold": 1,
                                "tcp_socket": [],
                                "timeout_seconds": 1
                              }
                            ],
                            "name": "otel-collector",
                            "port": [
                              {
                                "container_port": 4317,
                                "host_ip": "",
                                "host_port": 0,
                                "name": "otlp-grpc",
                                "protocol": "TCP"
                              },
                              {
                                "container_port": 4318,
                                "host_ip": "",
                                "host_port": 0,
                                "name": "otlp-http",
                                "protocol": "TCP"
                              },
                              {
                                "container_port": 8888,
                                "host_ip": "",
                                "host_port": 0,
                                "name": "metrics",
                                "protocol": "TCP"
                              }
                            ],
                            "readiness_probe": [
                              {
                                "exec": [],
                                "failure_threshold": 3,
                                "grpc": [],
                                "http_get": [
                                  {
                                    "host": "",
                                    "http_header": [],
                                    "path": "/health",
                                    "port": "13133",
                                    "scheme": "HTTP"
                                  }
                                ],
                                "initial_delay_seconds": 5,
                                "period_seconds": 5,
                                "success_threshold": 1,
                                "tcp_socket": [],
                                "timeout_seconds": 1
                              }
                            ],
                            "resources": [
                              {
                                "limits": {
                                  "cpu": "150m",
                                  "memory": "128Mi"
                                },
                                "requests": {
                                  "cpu": "25m",
                                  "memory": "64Mi"
                                }
                              }
                            ],
                            "security_context": [],
                            "startup_probe": [],
                            "stdin": false,
                            "stdin_once": false,
                            "termination_message_path": "/dev/termination-log",
                            "termination_message_policy": "File",
                            "tty": false,
                            "volume_device": [],
                            "volume_mount": [
                              {
                                "mount_path": "/conf",
                                "mount_propagation": "None",
                                "name": "config",
                                "read_only": true,
                                "sub_path": "",
                                "sub_path_expr": ""
                              }
                            ],
                            "working_dir": ""
                          }
                        ],
                        "dns_config": [],
                        "dns_policy": "ClusterFirst",
                        "enable_service_links": true,
                        "host_aliases": [],
                        "host_ipc": false,
                        "host_network": false,
                        "host_pid": false,
                        "hostname": "",
                        "image_pull_secrets": [],
                        "init_container": [],
                        "node_name": "",
                        "node_selector": {},
                        "os": [],
                        "priority_class_name": "",
                        "readiness_gate": [],
                        "restart_policy": "Always",
                        "runtime_class_name": "",
                        "scheduler_name": "default-scheduler",
                        "security_context": [],
                        "service_account_name": "",
                        "share_process_namespace": false,
                        "subdomain": "",
                        "termination_grace_period_seconds": 30,
                        "toleration": [],
                        "topology_spread_constraint": [],
                        "volume": [
                          {
                            "aws_elastic_block_store": [],
                            "azure_disk": [],
                            "azure_file": [],
                            "ceph_fs": [],
                            "cinder": [],
                            "config_map": [
                              {
                                "default_mode": "0644",
                                "items": [],
                                "name": "otel-collector-config",
                                "optional": false
                              }
                            ],
                            "csi": [],
                            "downward_api": [],
                            "empty_dir": [],
                            "ephemeral": [],
                            "fc": [],
                            "flex_volume": [],
                            "flocker": [],
                            "gce_persistent_disk": [],
                            "git_repo": [],
                            "glusterfs": [],
                            "host_path": [],
                            "iscsi": [],
                            "local": [],
                            "name": "config",
                            "nfs": [],
                            "persistent_volume_claim": [],
                            "photon_persistent_disk": [],
                            "projected": [],
                            "quobyte": [],
                            "rbd": [],
                            "secret": [],
                            "vsphere_volume": []
                          }
                        ]
                      }
                    ]
                  }
                ]
              }
            ],
            "timeouts": null,
            "wait_for_rollout": true
          },
          "sensitive_attributes": [],
          "private": "eyJlMmJmYjczMC1lY2FhLTExZTYtOGY4OC0zNDM2M2JjN2M0YzAiOnsiY3JlYXRlIjo2MDAwMDAwMDAwMDAsImRlbGV0ZSI6NjAwMDAwMDAwMDAwLCJ1cGRhdGUiOjYwMDAwMDAwMDAwMH0sInNjaGVtYV92ZXJzaW9uIjoiMSJ9",
          "dependencies": [
            "module.monitoring.data.kubernetes_service.alertmanager",
            "module.monitoring.data.kubernetes_service.grafana",
            "module.monitoring.data.kubernetes_service.prometheus",
            "module.monitoring.helm_release.kube_prometheus_stack",
            "module.monitoring.kubernetes_namespace.monitoring",
            "module.tracing.kubernetes_config_map.otel_collector",
            "module.tracing.kubernetes_namespace.tracing"
          ]
        }
      ]
    },
    {
      "module": "module.tracing[0]",
      "mode": "managed",
      "type": "kubernetes_manifest",
      "name": "kong_otel_plugin",
      "provider": "provider[\"registry.terraform.io/hashicorp/kubernetes\"]",
      "instances": [
        {
          "index_key": 0,
          "schema_version": 1,
          "attributes": {
            "computed_fields": null,
            "field_manager": [],
            "manifest": {
              "value": {
                "apiVersion": "configuration.konghq.com/v1",
                "config": {
                  "batch_flush_delay": 3,
                  "batch_span_count": 200,
                  "endpoint": "http://otel-collector.tracing.svc.cluster.local:4318/v1/traces",
                  "header_type": "w3c",
                  "headers": {},
                  "resource_attributes": {
                    "deployment.environment": "dev",
                    "service.name": "kong-gateway",
                    "service.namespace": "task-management"
                  }
                },
                "kind": "KongClusterPlugin",
                "metadata": {
                  "annotations": {
                    "kubernetes.io/ingress.class": "kong"
                  },
                  "labels": {
                    "app.kubernetes.io/managed-by": "terraform",
                    "environment": "dev",
                    "global": "true"
                  },
                  "name": "global-opentelemetry-tracing"
                },
                "plugin": "opentelemetry"
              },
              "type": [
                "object",
                {
                  "apiVersion": "string",
                  "config": [
                    "object",
                    {
                      "batch_flush_delay": "number",
                      "batch_span_count": "number",
                      "endpoint": "string",
                      "header_type": "string",
                      "headers": [
                        "object",
                        {}
                      ],
                      "resource_attributes": [
                        "object",
                        {
                          "deployment.environment": "string",
                          "service.name": "string",
                          "service.namespace": "string"
                        }
                      ]
                    }
                  ],
                  "kind": "string",
                  "metadata": [
                    "object",
                    {
                      "annotations": [
                        "object",
                        {
                          "kubernetes.io/ingress.class": "string"
                        }
                      ],
                      "labels": [
                        "object",
                        {
                          "app.kubernetes.io/managed-by": "string",
                          "environment": "string",
                          "global": "string"
                        }
                      ],
                      "name": "string"
                    }
                  ],
                  "plugin": "string"
                }
              ]
            },
            "object": {
              "value": {
                "apiVersion": "configuration.konghq.com/v1",
                "config": {
                  "batch_flush_delay": 3,
                  "batch_span_count": 200,
                  "endpoint": "http://otel-collector.tracing.svc.cluster.local:4318/v1/traces",
                  "header_type": "w3c",
                  "headers": {},
                  "resource_attributes": {
                    "deployment.environment": "dev",
                    "service.name": "kong-gateway",
                    "service.namespace": "task-management"
                  }
                },
                "configFrom": {
                  "secretKeyRef": {
                    "key": null,
                    "name": null,
                    "namespace": null
                  }
                },
                "configPatches": null,
                "consumerRef": null,
                "disabled": null,
                "instance_name": null,
                "kind": "KongClusterPlugin",
                "metadata": {
                  "annotations": {
                    "kubernetes.io/ingress.class": "kong"
                  },
                  "creationTimestamp": null,
                  "deletionGracePeriodSeconds": null,
                  "deletionTimestamp": null,
                  "finalizers": null,
                  "generateName": null,
                  "generation": null,
                  "labels": {
                    "app.kubernetes.io/managed-by": "terraform",
                    "environment": "dev",
                    "global": "true"
                  },
                  "managedFields": null,
                  "name": "global-opentelemetry-tracing",
                  "namespace": null,
                  "ownerReferences": null,
                  "resourceVersion": null,
                  "selfLink": null,
                  "uid": null
                },
                "ordering": {
                  "after": null,
                  "before": null
                },
                "plugin": "opentelemetry",
                "protocols": null,
                "run_on": null
              },
              "type": [
                "object",
                {
                  "apiVersion": "string",
                  "config": [
                    "object",
                    {
                      "batch_flush_delay": "number",
                      "batch_span_count": "number",
                      "endpoint": "string",
                      "header_type": "string",
                      "headers": [
                        "object",
                        {}
                      ],
                      "resource_attributes": [
                        "object",
                        {
                          "deployment.environment": "string",
                          "service.name": "string",
                          "service.namespace": "string"
                        }
                      ]
                    }
                  ],
                  "configFrom": [
                    "object",
                    {
                      "secretKeyRef": [
                        "object",
                        {
                          "key": "string",
                          "name": "string",
                          "namespace": "string"
                        }
                      ]
                    }
                  ],
                  "configPatches": [
                    "list",
                    [
                      "object",
                      {
                        "path": "string",
                        "valueFrom": [
                          "object",
                          {
                            "secretKeyRef": [
                              "object",
                              {
                                "key": "string",
                                "name": "string",
                                "namespace": "string"
                              }
                            ]
                          }
                        ]
                      }
                    ]
                  ],
                  "consumerRef": "string",
                  "disabled": "bool",
                  "instance_name": "string",
                  "kind": "string",
                  "metadata": [
                    "object",
                    {
                      "annotations": [
                        "map",
                        "string"
                      ],
                      "creationTimestamp": "string",
                      "deletionGracePeriodSeconds": "number",
                      "deletionTimestamp": "string",
                      "finalizers": [
                        "list",
                        "string"
                      ],
                      "generateName": "string",
                      "generation": "number",
                      "labels": [
                        "map",
                        "string"
                      ],
                      "managedFields": [
                        "tuple",
                        [
                          [
                            "object",
                            {
                              "apiVersion": "string",
                              "fieldsType": "string",
                              "fieldsV1": "dynamic",
                              "manager": "string",
                              "operation": "string",
                              "subresource": "string",
                              "time": "string"
                            }
                          ]
                        ]
                      ],
                      "name": "string",
                      "namespace": "string",
                      "ownerReferences": [
                        "list",
                        [
                          "object",
                          {
                            "apiVersion": "string",
                            "blockOwnerDeletion": "bool",
                            "controller": "bool",
                            "kind": "string",
                            "name": "string",
                            "uid": "string"
                          }
                        ]
                      ],
                      "resourceVersion": "string",
                      "selfLink": "string",
                      "uid": "string"
                    }
                  ],
                  "ordering": [
                    "object",
                    {
                      "after": [
                        "map",
                        [
                          "list",
                          "string"
                        ]
                      ],
                      "before": [
                        "map",
                        [
                          "list",
                          "string"
                        ]
                      ]
                    }
                  ],
                  "plugin": "string",
                  "protocols": [
                    "list",
                    "string"
                  ],
                  "run_on": "string"
                }
              ]
            },
            "timeouts": [],
            "wait": [],
            "wait_for": null
          },
          "sensitive_attributes": [],
          "dependencies": [
            "module.monitoring.data.kubernetes_service.alertmanager",
            "module.monitoring.data.kubernetes_service.grafana",
            "module.monitoring.data.kubernetes_service.prometheus",
            "module.monitoring.helm_release.kube_prometheus_stack",
            "module.monitoring.kubernetes_namespace.monitoring",
            "module.tracing.kubernetes_config_map.otel_collector",
            "module.tracing.kubernetes_deployment.otel_collector",
            "module.tracing.kubernetes_namespace.tracing",
            "module.tracing.kubernetes_service.otel_collector"
          ]
        }
      ]
    },
    {
      "module": "module.tracing[0]",
      "mode": "managed",
      "type": "kubernetes_namespace",
      "name": "tracing",
      "provider": "provider[\"registry.terraform.io/hashicorp/kubernetes\"]",
      "instances": [
        {
          "index_key": 0,
          "schema_version": 0,
          "attributes": {
            "id": "tracing",
            "metadata": [
              {
                "annotations": {},
                "generate_name": "",
                "generation": 0,
                "labels": {
                  "app.kubernetes.io/managed-by": "terraform",
                  "environment": "dev",
                  "name": "tracing"
                },
                "name": "tracing",
                "resource_version": "1118746",
                "uid": "470f3ca1-5d98-4ae9-bb2a-b40e4a0d6541"
              }
            ],
            "timeouts": null,
            "wait_for_default_service_account": false
          },
          "sensitive_attributes": [],
          "private": "eyJlMmJmYjczMC1lY2FhLTExZTYtOGY4OC0zNDM2M2JjN2M0YzAiOnsiZGVsZXRlIjozMDAwMDAwMDAwMDB9fQ==",
          "dependencies": [
            "module.monitoring.data.kubernetes_service.alertmanager",
            "module.monitoring.data.kubernetes_service.grafana",
            "module.monitoring.data.kubernetes_service.prometheus",
            "module.monitoring.helm_release.kube_prometheus_stack",
            "module.monitoring.kubernetes_namespace.monitoring"
          ]
        }
      ]
    },
    {
      "module": "module.tracing[0]",
      "mode": "managed",
      "type": "kubernetes_service",
      "name": "otel_collector",
      "provider": "provider[\"registry.terraform.io/hashicorp/kubernetes\"]",
      "instances": [
        {
          "index_key": 0,
          "schema_version": 1,
          "attributes": {
            "id": "tracing/otel-collector",
            "metadata": [
              {
                "annotations": {},
                "generate_name": "",
                "generation": 0,
                "labels": {
                  "app.kubernetes.io/managed-by": "terraform",
                  "environment": "dev"
                },
                "name": "otel-collector",
                "namespace": "tracing",
                "resource_version": "1118814",
                "uid": "7c6fa7df-a4e7-462d-8770-dd772cb31636"
              }
            ],
            "spec": [
              {
                "allocate_load_balancer_node_ports": true,
                "cluster_ip": "10.99.21.113",
                "cluster_ips": [
                  "10.99.21.113"
                ],
                "external_ips": [],
                "external_name": "",
                "external_traffic_policy": "",
                "health_check_node_port": 0,
                "internal_traffic_policy": "Cluster",
                "ip_families": [
                  "IPv4"
                ],
                "ip_family_policy": "SingleStack",
                "load_balancer_class": "",
                "load_balancer_ip": "",
                "load_balancer_source_ranges": [],
                "port": [
                  {
                    "app_protocol": "",
                    "name": "otlp-grpc",
                    "node_port": 0,
                    "port": 4317,
                    "protocol": "TCP",
                    "target_port": "4317"
                  },
                  {
                    "app_protocol": "",
                    "name": "otlp-http",
                    "node_port": 0,
                    "port": 4318,
                    "protocol": "TCP",
                    "target_port": "4318"
                  },
                  {
                    "app_protocol": "",
                    "name": "metrics",
                    "node_port": 0,
                    "port": 8888,
                    "protocol": "TCP",
                    "target_port": "8888"
                  }
                ],
                "publish_not_ready_addresses": false,
                "selector": {
                  "app": "otel-collector"
                },
                "session_affinity": "None",
                "session_affinity_config": [],
                "type": "ClusterIP"
              }
            ],
            "status": [
              {
                "load_balancer": [
                  {
                    "ingress": []
                  }
                ]
              }
            ],
            "timeouts": null,
            "wait_for_load_balancer": true
          },
          "sensitive_attributes": [],
          "private": "eyJlMmJmYjczMC1lY2FhLTExZTYtOGY4OC0zNDM2M2JjN2M0YzAiOnsiY3JlYXRlIjo2MDAwMDAwMDAwMDB9LCJzY2hlbWFfdmVyc2lvbiI6IjEifQ==",
          "dependencies": [
            "module.monitoring.data.kubernetes_service.alertmanager",
            "module.monitoring.data.kubernetes_service.grafana",
            "module.monitoring.data.kubernetes_service.prometheus",
            "module.monitoring.helm_release.kube_prometheus_stack",
            "module.monitoring.kubernetes_namespace.monitoring",
            "module.tracing.kubernetes_config_map.otel_collector",
            "module.tracing.kubernetes_deployment.otel_collector",
            "module.tracing.kubernetes_namespace.tracing"
          ]
        }
      ]
    }
  ],
  "check_results": [
    {
      "object_kind": "var",
      "config_addr": "module.jenkins.var.service_type",
      "status": "unknown",
      "objects": null
    },
    {
      "object_kind": "var",
      "config_addr": "module.argocd.var.service_type",
      "status": "unknown",
      "objects": null
    },
    {
      "object_kind": "var",
      "config_addr": "module.redis.var.redis_replicas",
      "status": "pass",
      "objects": [
        {
          "object_addr": "module.redis[0].var.redis_replicas",
          "status": "pass"
        }
      ]
    },
    {
      "object_kind": "var",
      "config_addr": "module.argocd.var.admin_password",
      "status": "unknown",
      "objects": null
    },
    {
      "object_kind": "var",
      "config_addr": "module.tracing.var.sampling_rate",
      "status": "unknown",
      "objects": null
    },
    {
      "object_kind": "var",
      "config_addr": "module.bff_service.var.auth_mode",
      "status": "unknown",
      "objects": null
    },
    {
      "object_kind": "var",
      "config_addr": "var.argocd_admin_password",
      "status": "unknown",
      "objects": null
    },
    {
      "object_kind": "var",
      "config_addr": "var.argocd_redis_password",
      "status": "unknown",
      "objects": null
    },
    {
      "object_kind": "var",
      "config_addr": "module.redis.var.redis_nodes",
      "status": "pass",
      "objects": [
        {
          "object_addr": "module.redis[0].var.redis_nodes",
          "status": "pass"
        }
      ]
    },
    {
      "object_kind": "var",
      "config_addr": "var.jenkins_password",
      "status": "unknown",
      "objects": null
    },
    {
      "object_kind": "var",
      "config_addr": "module.redis.var.maxmemory_policy",
      "status": "unknown",
      "objects": null
    }
  ]
}
